
Microsoft Visual Studio Solution File, Format Version 12.00
# Visual Studio Version 16
VisualStudioVersion = 16.0.29009.5
MinimumVisualStudioVersion = 10.0.40219.1
Project("{9A19103F-16F7-4668-BE54-9A1E7A4F7556}") = "Highlander.Service", "Components\Highlander.Service\Highlander.Service.csproj", "{1A009F26-41BC-4EC9-AB42-E2275DAB47EF}"
EndProject
Project("{2150E333-8FDC-42A3-9474-1A3956D46DE8}") = "Development", "Development", "{678811DA-BEE6-4BC8-AA20-C210B4C88A68}"
EndProject
Project("{9A19103F-16F7-4668-BE54-9A1E7A4F7556}") = "Highlander.WebApp", "Applications\HighlanderWebApp\Highlander.WebApp.csproj", "{5305B54E-EA5B-4162-9B8F-BE14819D2684}"
EndProject
Project("{9A19103F-16F7-4668-BE54-9A1E7A4F7556}") = "Highlander.Utilities", "src\Core.Net\Utilities\Highlander.Utilities.csproj", "{31BBA71E-5AFC-4052-B9D6-F2E0168B5360}"
EndProject
Project("{9A19103F-16F7-4668-BE54-9A1E7A4F7556}") = "Highlander.Metadata.Common", "src\Core.Net\Metadata.Common\Highlander.Metadata.Common.csproj", "{A593ED3E-579D-4C99-A009-94137B1FBE5A}"
EndProject
Project("{9A19103F-16F7-4668-BE54-9A1E7A4F7556}") = "Blazor.Core.Server", "src\Blazor.Core.Server\Blazor.Core.Server.csproj", "{2B3A2A7C-2266-482A-8CB0-D285C3895877}"
EndProject
Project("{9A19103F-16F7-4668-BE54-9A1E7A4F7556}") = "SwaggerHighlanderAPI", "src\API\SwaggerHighlanderAPI\SwaggerHighlanderAPI.csproj", "{B89BBAFC-D54F-449A-92DB-3347105E0405}"
EndProject
Project("{9A19103F-16F7-4668-BE54-9A1E7A4F7556}") = "Highlander.Core.Common", "src\Core.Net\Core.Common2\Highlander.Core.Common.csproj", "{C6F0D9E8-C2D9-4D80-8B9A-8AF1137DB5B3}"
EndProject
Project("{2150E333-8FDC-42A3-9474-1A3956D46DE8}") = "Core", "Core", "{EF1DC0A5-C2E7-42CC-BC32-4E4B5FFD95CB}"
EndProject
Project("{9A19103F-16F7-4668-BE54-9A1E7A4F7556}") = "Highlander.GrpcService", "src\Core.Net\Highlander.GrpcService\Highlander.GrpcService.csproj", "{2C816F4D-52C9-437E-867E-D2C9EC6F2733}"
EndProject
Global
	GlobalSection(SolutionConfigurationPlatforms) = preSolution
		Debug|Any CPU = Debug|Any CPU
		Debug|Mixed Platforms = Debug|Mixed Platforms
		Debug|Win32 = Debug|Win32
		Debug|x86 = Debug|x86
		Release|Any CPU = Release|Any CPU
		Release|Mixed Platforms = Release|Mixed Platforms
		Release|Win32 = Release|Win32
		Release|x86 = Release|x86
		UnitTest|Any CPU = UnitTest|Any CPU
		UnitTest|Mixed Platforms = UnitTest|Mixed Platforms
		UnitTest|Win32 = UnitTest|Win32
		UnitTest|x86 = UnitTest|x86
	EndGlobalSection
	GlobalSection(ProjectConfigurationPlatforms) = postSolution
		{1A009F26-41BC-4EC9-AB42-E2275DAB47EF}.Debug|Any CPU.ActiveCfg = Debug|Any CPU
		{1A009F26-41BC-4EC9-AB42-E2275DAB47EF}.Debug|Any CPU.Build.0 = Debug|Any CPU
		{1A009F26-41BC-4EC9-AB42-E2275DAB47EF}.Debug|Mixed Platforms.ActiveCfg = Debug|Any CPU
		{1A009F26-41BC-4EC9-AB42-E2275DAB47EF}.Debug|Mixed Platforms.Build.0 = Debug|Any CPU
		{1A009F26-41BC-4EC9-AB42-E2275DAB47EF}.Debug|Win32.ActiveCfg = Debug|Any CPU
		{1A009F26-41BC-4EC9-AB42-E2275DAB47EF}.Debug|Win32.Build.0 = Debug|Any CPU
		{1A009F26-41BC-4EC9-AB42-E2275DAB47EF}.Debug|x86.ActiveCfg = Debug|Any CPU
		{1A009F26-41BC-4EC9-AB42-E2275DAB47EF}.Debug|x86.Build.0 = Debug|Any CPU
		{1A009F26-41BC-4EC9-AB42-E2275DAB47EF}.Release|Any CPU.ActiveCfg = Release|Any CPU
		{1A009F26-41BC-4EC9-AB42-E2275DAB47EF}.Release|Any CPU.Build.0 = Release|Any CPU
		{1A009F26-41BC-4EC9-AB42-E2275DAB47EF}.Release|Mixed Platforms.ActiveCfg = Release|Any CPU
		{1A009F26-41BC-4EC9-AB42-E2275DAB47EF}.Release|Mixed Platforms.Build.0 = Release|Any CPU
		{1A009F26-41BC-4EC9-AB42-E2275DAB47EF}.Release|Win32.ActiveCfg = Release|Any CPU
		{1A009F26-41BC-4EC9-AB42-E2275DAB47EF}.Release|Win32.Build.0 = Release|Any CPU
		{1A009F26-41BC-4EC9-AB42-E2275DAB47EF}.Release|x86.ActiveCfg = Release|Any CPU
		{1A009F26-41BC-4EC9-AB42-E2275DAB47EF}.Release|x86.Build.0 = Release|Any CPU
		{1A009F26-41BC-4EC9-AB42-E2275DAB47EF}.UnitTest|Any CPU.ActiveCfg = Debug|Any CPU
		{1A009F26-41BC-4EC9-AB42-E2275DAB47EF}.UnitTest|Any CPU.Build.0 = Debug|Any CPU
		{1A009F26-41BC-4EC9-AB42-E2275DAB47EF}.UnitTest|Mixed Platforms.ActiveCfg = Debug|Any CPU
		{1A009F26-41BC-4EC9-AB42-E2275DAB47EF}.UnitTest|Mixed Platforms.Build.0 = Debug|Any CPU
		{1A009F26-41BC-4EC9-AB42-E2275DAB47EF}.UnitTest|Win32.ActiveCfg = Debug|Any CPU
		{1A009F26-41BC-4EC9-AB42-E2275DAB47EF}.UnitTest|Win32.Build.0 = Debug|Any CPU
		{1A009F26-41BC-4EC9-AB42-E2275DAB47EF}.UnitTest|x86.ActiveCfg = Debug|Any CPU
		{1A009F26-41BC-4EC9-AB42-E2275DAB47EF}.UnitTest|x86.Build.0 = Debug|Any CPU
		{5305B54E-EA5B-4162-9B8F-BE14819D2684}.Debug|Any CPU.ActiveCfg = Debug|Any CPU
		{5305B54E-EA5B-4162-9B8F-BE14819D2684}.Debug|Any CPU.Build.0 = Debug|Any CPU
		{5305B54E-EA5B-4162-9B8F-BE14819D2684}.Debug|Mixed Platforms.ActiveCfg = Debug|Any CPU
		{5305B54E-EA5B-4162-9B8F-BE14819D2684}.Debug|Mixed Platforms.Build.0 = Debug|Any CPU
		{5305B54E-EA5B-4162-9B8F-BE14819D2684}.Debug|Win32.ActiveCfg = Debug|Any CPU
		{5305B54E-EA5B-4162-9B8F-BE14819D2684}.Debug|Win32.Build.0 = Debug|Any CPU
		{5305B54E-EA5B-4162-9B8F-BE14819D2684}.Debug|x86.ActiveCfg = Debug|Any CPU
		{5305B54E-EA5B-4162-9B8F-BE14819D2684}.Debug|x86.Build.0 = Debug|Any CPU
		{5305B54E-EA5B-4162-9B8F-BE14819D2684}.Release|Any CPU.ActiveCfg = Release|Any CPU
		{5305B54E-EA5B-4162-9B8F-BE14819D2684}.Release|Any CPU.Build.0 = Release|Any CPU
		{5305B54E-EA5B-4162-9B8F-BE14819D2684}.Release|Mixed Platforms.ActiveCfg = Release|Any CPU
		{5305B54E-EA5B-4162-9B8F-BE14819D2684}.Release|Mixed Platforms.Build.0 = Release|Any CPU
		{5305B54E-EA5B-4162-9B8F-BE14819D2684}.Release|Win32.ActiveCfg = Release|Any CPU
		{5305B54E-EA5B-4162-9B8F-BE14819D2684}.Release|Win32.Build.0 = Release|Any CPU
		{5305B54E-EA5B-4162-9B8F-BE14819D2684}.Release|x86.ActiveCfg = Release|Any CPU
		{5305B54E-EA5B-4162-9B8F-BE14819D2684}.Release|x86.Build.0 = Release|Any CPU
		{5305B54E-EA5B-4162-9B8F-BE14819D2684}.UnitTest|Any CPU.ActiveCfg = Debug|Any CPU
		{5305B54E-EA5B-4162-9B8F-BE14819D2684}.UnitTest|Any CPU.Build.0 = Debug|Any CPU
		{5305B54E-EA5B-4162-9B8F-BE14819D2684}.UnitTest|Mixed Platforms.ActiveCfg = Debug|Any CPU
		{5305B54E-EA5B-4162-9B8F-BE14819D2684}.UnitTest|Mixed Platforms.Build.0 = Debug|Any CPU
		{5305B54E-EA5B-4162-9B8F-BE14819D2684}.UnitTest|Win32.ActiveCfg = Debug|Any CPU
		{5305B54E-EA5B-4162-9B8F-BE14819D2684}.UnitTest|Win32.Build.0 = Debug|Any CPU
		{5305B54E-EA5B-4162-9B8F-BE14819D2684}.UnitTest|x86.ActiveCfg = Debug|Any CPU
		{5305B54E-EA5B-4162-9B8F-BE14819D2684}.UnitTest|x86.Build.0 = Debug|Any CPU
		{31BBA71E-5AFC-4052-B9D6-F2E0168B5360}.Debug|Any CPU.ActiveCfg = Debug|Any CPU
		{31BBA71E-5AFC-4052-B9D6-F2E0168B5360}.Debug|Any CPU.Build.0 = Debug|Any CPU
		{31BBA71E-5AFC-4052-B9D6-F2E0168B5360}.Debug|Mixed Platforms.ActiveCfg = Debug|Any CPU
		{31BBA71E-5AFC-4052-B9D6-F2E0168B5360}.Debug|Mixed Platforms.Build.0 = Debug|Any CPU
		{31BBA71E-5AFC-4052-B9D6-F2E0168B5360}.Debug|Win32.ActiveCfg = Debug|Any CPU
		{31BBA71E-5AFC-4052-B9D6-F2E0168B5360}.Debug|Win32.Build.0 = Debug|Any CPU
		{31BBA71E-5AFC-4052-B9D6-F2E0168B5360}.Debug|x86.ActiveCfg = Debug|Any CPU
		{31BBA71E-5AFC-4052-B9D6-F2E0168B5360}.Debug|x86.Build.0 = Debug|Any CPU
		{31BBA71E-5AFC-4052-B9D6-F2E0168B5360}.Release|Any CPU.ActiveCfg = Release|Any CPU
		{31BBA71E-5AFC-4052-B9D6-F2E0168B5360}.Release|Any CPU.Build.0 = Release|Any CPU
		{31BBA71E-5AFC-4052-B9D6-F2E0168B5360}.Release|Mixed Platforms.ActiveCfg = Release|Any CPU
		{31BBA71E-5AFC-4052-B9D6-F2E0168B5360}.Release|Mixed Platforms.Build.0 = Release|Any CPU
		{31BBA71E-5AFC-4052-B9D6-F2E0168B5360}.Release|Win32.ActiveCfg = Release|Any CPU
		{31BBA71E-5AFC-4052-B9D6-F2E0168B5360}.Release|Win32.Build.0 = Release|Any CPU
		{31BBA71E-5AFC-4052-B9D6-F2E0168B5360}.Release|x86.ActiveCfg = Release|Any CPU
		{31BBA71E-5AFC-4052-B9D6-F2E0168B5360}.Release|x86.Build.0 = Release|Any CPU
		{31BBA71E-5AFC-4052-B9D6-F2E0168B5360}.UnitTest|Any CPU.ActiveCfg = Debug|Any CPU
		{31BBA71E-5AFC-4052-B9D6-F2E0168B5360}.UnitTest|Any CPU.Build.0 = Debug|Any CPU
		{31BBA71E-5AFC-4052-B9D6-F2E0168B5360}.UnitTest|Mixed Platforms.ActiveCfg = Debug|Any CPU
		{31BBA71E-5AFC-4052-B9D6-F2E0168B5360}.UnitTest|Mixed Platforms.Build.0 = Debug|Any CPU
		{31BBA71E-5AFC-4052-B9D6-F2E0168B5360}.UnitTest|Win32.ActiveCfg = Debug|Any CPU
		{31BBA71E-5AFC-4052-B9D6-F2E0168B5360}.UnitTest|Win32.Build.0 = Debug|Any CPU
		{31BBA71E-5AFC-4052-B9D6-F2E0168B5360}.UnitTest|x86.ActiveCfg = Debug|Any CPU
		{31BBA71E-5AFC-4052-B9D6-F2E0168B5360}.UnitTest|x86.Build.0 = Debug|Any CPU
		{A593ED3E-579D-4C99-A009-94137B1FBE5A}.Debug|Any CPU.ActiveCfg = Debug|Any CPU
		{A593ED3E-579D-4C99-A009-94137B1FBE5A}.Debug|Any CPU.Build.0 = Debug|Any CPU
		{A593ED3E-579D-4C99-A009-94137B1FBE5A}.Debug|Mixed Platforms.ActiveCfg = Debug|Any CPU
		{A593ED3E-579D-4C99-A009-94137B1FBE5A}.Debug|Mixed Platforms.Build.0 = Debug|Any CPU
		{A593ED3E-579D-4C99-A009-94137B1FBE5A}.Debug|Win32.ActiveCfg = Debug|Any CPU
		{A593ED3E-579D-4C99-A009-94137B1FBE5A}.Debug|Win32.Build.0 = Debug|Any CPU
		{A593ED3E-579D-4C99-A009-94137B1FBE5A}.Debug|x86.ActiveCfg = Debug|Any CPU
		{A593ED3E-579D-4C99-A009-94137B1FBE5A}.Debug|x86.Build.0 = Debug|Any CPU
		{A593ED3E-579D-4C99-A009-94137B1FBE5A}.Release|Any CPU.ActiveCfg = Release|Any CPU
		{A593ED3E-579D-4C99-A009-94137B1FBE5A}.Release|Any CPU.Build.0 = Release|Any CPU
		{A593ED3E-579D-4C99-A009-94137B1FBE5A}.Release|Mixed Platforms.ActiveCfg = Release|Any CPU
		{A593ED3E-579D-4C99-A009-94137B1FBE5A}.Release|Mixed Platforms.Build.0 = Release|Any CPU
		{A593ED3E-579D-4C99-A009-94137B1FBE5A}.Release|Win32.ActiveCfg = Release|Any CPU
		{A593ED3E-579D-4C99-A009-94137B1FBE5A}.Release|Win32.Build.0 = Release|Any CPU
		{A593ED3E-579D-4C99-A009-94137B1FBE5A}.Release|x86.ActiveCfg = Release|Any CPU
		{A593ED3E-579D-4C99-A009-94137B1FBE5A}.Release|x86.Build.0 = Release|Any CPU
		{A593ED3E-579D-4C99-A009-94137B1FBE5A}.UnitTest|Any CPU.ActiveCfg = Debug|Any CPU
		{A593ED3E-579D-4C99-A009-94137B1FBE5A}.UnitTest|Any CPU.Build.0 = Debug|Any CPU
		{A593ED3E-579D-4C99-A009-94137B1FBE5A}.UnitTest|Mixed Platforms.ActiveCfg = Debug|Any CPU
		{A593ED3E-579D-4C99-A009-94137B1FBE5A}.UnitTest|Mixed Platforms.Build.0 = Debug|Any CPU
		{A593ED3E-579D-4C99-A009-94137B1FBE5A}.UnitTest|Win32.ActiveCfg = Debug|Any CPU
		{A593ED3E-579D-4C99-A009-94137B1FBE5A}.UnitTest|Win32.Build.0 = Debug|Any CPU
		{A593ED3E-579D-4C99-A009-94137B1FBE5A}.UnitTest|x86.ActiveCfg = Debug|Any CPU
		{A593ED3E-579D-4C99-A009-94137B1FBE5A}.UnitTest|x86.Build.0 = Debug|Any CPU
		{2B3A2A7C-2266-482A-8CB0-D285C3895877}.Debug|Any CPU.ActiveCfg = Debug|Any CPU
		{2B3A2A7C-2266-482A-8CB0-D285C3895877}.Debug|Any CPU.Build.0 = Debug|Any CPU
		{2B3A2A7C-2266-482A-8CB0-D285C3895877}.Debug|Mixed Platforms.ActiveCfg = Debug|Any CPU
		{2B3A2A7C-2266-482A-8CB0-D285C3895877}.Debug|Mixed Platforms.Build.0 = Debug|Any CPU
		{2B3A2A7C-2266-482A-8CB0-D285C3895877}.Debug|Win32.ActiveCfg = Debug|Any CPU
		{2B3A2A7C-2266-482A-8CB0-D285C3895877}.Debug|Win32.Build.0 = Debug|Any CPU
		{2B3A2A7C-2266-482A-8CB0-D285C3895877}.Debug|x86.ActiveCfg = Debug|Any CPU
		{2B3A2A7C-2266-482A-8CB0-D285C3895877}.Debug|x86.Build.0 = Debug|Any CPU
		{2B3A2A7C-2266-482A-8CB0-D285C3895877}.Release|Any CPU.ActiveCfg = Release|Any CPU
		{2B3A2A7C-2266-482A-8CB0-D285C3895877}.Release|Any CPU.Build.0 = Release|Any CPU
		{2B3A2A7C-2266-482A-8CB0-D285C3895877}.Release|Mixed Platforms.ActiveCfg = Release|Any CPU
		{2B3A2A7C-2266-482A-8CB0-D285C3895877}.Release|Mixed Platforms.Build.0 = Release|Any CPU
		{2B3A2A7C-2266-482A-8CB0-D285C3895877}.Release|Win32.ActiveCfg = Release|Any CPU
		{2B3A2A7C-2266-482A-8CB0-D285C3895877}.Release|Win32.Build.0 = Release|Any CPU
		{2B3A2A7C-2266-482A-8CB0-D285C3895877}.Release|x86.ActiveCfg = Release|Any CPU
		{2B3A2A7C-2266-482A-8CB0-D285C3895877}.Release|x86.Build.0 = Release|Any CPU
		{2B3A2A7C-2266-482A-8CB0-D285C3895877}.UnitTest|Any CPU.ActiveCfg = Debug|Any CPU
		{2B3A2A7C-2266-482A-8CB0-D285C3895877}.UnitTest|Any CPU.Build.0 = Debug|Any CPU
		{2B3A2A7C-2266-482A-8CB0-D285C3895877}.UnitTest|Mixed Platforms.ActiveCfg = Debug|Any CPU
		{2B3A2A7C-2266-482A-8CB0-D285C3895877}.UnitTest|Mixed Platforms.Build.0 = Debug|Any CPU
		{2B3A2A7C-2266-482A-8CB0-D285C3895877}.UnitTest|Win32.ActiveCfg = Debug|Any CPU
		{2B3A2A7C-2266-482A-8CB0-D285C3895877}.UnitTest|Win32.Build.0 = Debug|Any CPU
		{2B3A2A7C-2266-482A-8CB0-D285C3895877}.UnitTest|x86.ActiveCfg = Debug|Any CPU
		{2B3A2A7C-2266-482A-8CB0-D285C3895877}.UnitTest|x86.Build.0 = Debug|Any CPU
		{B89BBAFC-D54F-449A-92DB-3347105E0405}.Debug|Any CPU.ActiveCfg = Debug|Any CPU
		{B89BBAFC-D54F-449A-92DB-3347105E0405}.Debug|Any CPU.Build.0 = Debug|Any CPU
		{B89BBAFC-D54F-449A-92DB-3347105E0405}.Debug|Mixed Platforms.ActiveCfg = Debug|Any CPU
		{B89BBAFC-D54F-449A-92DB-3347105E0405}.Debug|Mixed Platforms.Build.0 = Debug|Any CPU
		{B89BBAFC-D54F-449A-92DB-3347105E0405}.Debug|Win32.ActiveCfg = Debug|Any CPU
		{B89BBAFC-D54F-449A-92DB-3347105E0405}.Debug|Win32.Build.0 = Debug|Any CPU
		{B89BBAFC-D54F-449A-92DB-3347105E0405}.Debug|x86.ActiveCfg = Debug|Any CPU
		{B89BBAFC-D54F-449A-92DB-3347105E0405}.Debug|x86.Build.0 = Debug|Any CPU
		{B89BBAFC-D54F-449A-92DB-3347105E0405}.Release|Any CPU.ActiveCfg = Release|Any CPU
		{B89BBAFC-D54F-449A-92DB-3347105E0405}.Release|Any CPU.Build.0 = Release|Any CPU
		{B89BBAFC-D54F-449A-92DB-3347105E0405}.Release|Mixed Platforms.ActiveCfg = Release|Any CPU
		{B89BBAFC-D54F-449A-92DB-3347105E0405}.Release|Mixed Platforms.Build.0 = Release|Any CPU
		{B89BBAFC-D54F-449A-92DB-3347105E0405}.Release|Win32.ActiveCfg = Release|Any CPU
		{B89BBAFC-D54F-449A-92DB-3347105E0405}.Release|Win32.Build.0 = Release|Any CPU
		{B89BBAFC-D54F-449A-92DB-3347105E0405}.Release|x86.ActiveCfg = Release|Any CPU
		{B89BBAFC-D54F-449A-92DB-3347105E0405}.Release|x86.Build.0 = Release|Any CPU
		{B89BBAFC-D54F-449A-92DB-3347105E0405}.UnitTest|Any CPU.ActiveCfg = Debug|Any CPU
		{B89BBAFC-D54F-449A-92DB-3347105E0405}.UnitTest|Any CPU.Build.0 = Debug|Any CPU
		{B89BBAFC-D54F-449A-92DB-3347105E0405}.UnitTest|Mixed Platforms.ActiveCfg = Debug|Any CPU
		{B89BBAFC-D54F-449A-92DB-3347105E0405}.UnitTest|Mixed Platforms.Build.0 = Debug|Any CPU
		{B89BBAFC-D54F-449A-92DB-3347105E0405}.UnitTest|Win32.ActiveCfg = Debug|Any CPU
		{B89BBAFC-D54F-449A-92DB-3347105E0405}.UnitTest|Win32.Build.0 = Debug|Any CPU
		{B89BBAFC-D54F-449A-92DB-3347105E0405}.UnitTest|x86.ActiveCfg = Debug|Any CPU
		{B89BBAFC-D54F-449A-92DB-3347105E0405}.UnitTest|x86.Build.0 = Debug|Any CPU
		{C6F0D9E8-C2D9-4D80-8B9A-8AF1137DB5B3}.Debug|Any CPU.ActiveCfg = Debug|Any CPU
		{C6F0D9E8-C2D9-4D80-8B9A-8AF1137DB5B3}.Debug|Any CPU.Build.0 = Debug|Any CPU
		{C6F0D9E8-C2D9-4D80-8B9A-8AF1137DB5B3}.Debug|Mixed Platforms.ActiveCfg = Debug|Any CPU
		{C6F0D9E8-C2D9-4D80-8B9A-8AF1137DB5B3}.Debug|Mixed Platforms.Build.0 = Debug|Any CPU
		{C6F0D9E8-C2D9-4D80-8B9A-8AF1137DB5B3}.Debug|Win32.ActiveCfg = Debug|Any CPU
		{C6F0D9E8-C2D9-4D80-8B9A-8AF1137DB5B3}.Debug|Win32.Build.0 = Debug|Any CPU
		{C6F0D9E8-C2D9-4D80-8B9A-8AF1137DB5B3}.Debug|x86.ActiveCfg = Debug|Any CPU
		{C6F0D9E8-C2D9-4D80-8B9A-8AF1137DB5B3}.Debug|x86.Build.0 = Debug|Any CPU
		{C6F0D9E8-C2D9-4D80-8B9A-8AF1137DB5B3}.Release|Any CPU.ActiveCfg = Release|Any CPU
		{C6F0D9E8-C2D9-4D80-8B9A-8AF1137DB5B3}.Release|Any CPU.Build.0 = Release|Any CPU
		{C6F0D9E8-C2D9-4D80-8B9A-8AF1137DB5B3}.Release|Mixed Platforms.ActiveCfg = Release|Any CPU
		{C6F0D9E8-C2D9-4D80-8B9A-8AF1137DB5B3}.Release|Mixed Platforms.Build.0 = Release|Any CPU
		{C6F0D9E8-C2D9-4D80-8B9A-8AF1137DB5B3}.Release|Win32.ActiveCfg = Release|Any CPU
		{C6F0D9E8-C2D9-4D80-8B9A-8AF1137DB5B3}.Release|Win32.Build.0 = Release|Any CPU
		{C6F0D9E8-C2D9-4D80-8B9A-8AF1137DB5B3}.Release|x86.ActiveCfg = Release|Any CPU
		{C6F0D9E8-C2D9-4D80-8B9A-8AF1137DB5B3}.Release|x86.Build.0 = Release|Any CPU
		{C6F0D9E8-C2D9-4D80-8B9A-8AF1137DB5B3}.UnitTest|Any CPU.ActiveCfg = Debug|Any CPU
		{C6F0D9E8-C2D9-4D80-8B9A-8AF1137DB5B3}.UnitTest|Any CPU.Build.0 = Debug|Any CPU
		{C6F0D9E8-C2D9-4D80-8B9A-8AF1137DB5B3}.UnitTest|Mixed Platforms.ActiveCfg = Debug|Any CPU
		{C6F0D9E8-C2D9-4D80-8B9A-8AF1137DB5B3}.UnitTest|Mixed Platforms.Build.0 = Debug|Any CPU
		{C6F0D9E8-C2D9-4D80-8B9A-8AF1137DB5B3}.UnitTest|Win32.ActiveCfg = Debug|Any CPU
		{C6F0D9E8-C2D9-4D80-8B9A-8AF1137DB5B3}.UnitTest|Win32.Build.0 = Debug|Any CPU
		{C6F0D9E8-C2D9-4D80-8B9A-8AF1137DB5B3}.UnitTest|x86.ActiveCfg = Debug|Any CPU
		{C6F0D9E8-C2D9-4D80-8B9A-8AF1137DB5B3}.UnitTest|x86.Build.0 = Debug|Any CPU
		{2C816F4D-52C9-437E-867E-D2C9EC6F2733}.Debug|Any CPU.ActiveCfg = Debug|Any CPU
		{2C816F4D-52C9-437E-867E-D2C9EC6F2733}.Debug|Any CPU.Build.0 = Debug|Any CPU
		{2C816F4D-52C9-437E-867E-D2C9EC6F2733}.Debug|Mixed Platforms.ActiveCfg = Debug|Any CPU
		{2C816F4D-52C9-437E-867E-D2C9EC6F2733}.Debug|Mixed Platforms.Build.0 = Debug|Any CPU
		{2C816F4D-52C9-437E-867E-D2C9EC6F2733}.Debug|Win32.ActiveCfg = Debug|Any CPU
		{2C816F4D-52C9-437E-867E-D2C9EC6F2733}.Debug|Win32.Build.0 = Debug|Any CPU
		{2C816F4D-52C9-437E-867E-D2C9EC6F2733}.Debug|x86.ActiveCfg = Debug|Any CPU
		{2C816F4D-52C9-437E-867E-D2C9EC6F2733}.Debug|x86.Build.0 = Debug|Any CPU
		{2C816F4D-52C9-437E-867E-D2C9EC6F2733}.Release|Any CPU.ActiveCfg = Release|Any CPU
		{2C816F4D-52C9-437E-867E-D2C9EC6F2733}.Release|Any CPU.Build.0 = Release|Any CPU
		{2C816F4D-52C9-437E-867E-D2C9EC6F2733}.Release|Mixed Platforms.ActiveCfg = Release|Any CPU
		{2C816F4D-52C9-437E-867E-D2C9EC6F2733}.Release|Mixed Platforms.Build.0 = Release|Any CPU
		{2C816F4D-52C9-437E-867E-D2C9EC6F2733}.Release|Win32.ActiveCfg = Release|Any CPU
		{2C816F4D-52C9-437E-867E-D2C9EC6F2733}.Release|Win32.Build.0 = Release|Any CPU
		{2C816F4D-52C9-437E-867E-D2C9EC6F2733}.Release|x86.ActiveCfg = Release|Any CPU
		{2C816F4D-52C9-437E-867E-D2C9EC6F2733}.Release|x86.Build.0 = Release|Any CPU
		{2C816F4D-52C9-437E-867E-D2C9EC6F2733}.UnitTest|Any CPU.ActiveCfg = Debug|Any CPU
		{2C816F4D-52C9-437E-867E-D2C9EC6F2733}.UnitTest|Any CPU.Build.0 = Debug|Any CPU
		{2C816F4D-52C9-437E-867E-D2C9EC6F2733}.UnitTest|Mixed Platforms.ActiveCfg = Debug|Any CPU
		{2C816F4D-52C9-437E-867E-D2C9EC6F2733}.UnitTest|Mixed Platforms.Build.0 = Debug|Any CPU
		{2C816F4D-52C9-437E-867E-D2C9EC6F2733}.UnitTest|Win32.ActiveCfg = Debug|Any CPU
		{2C816F4D-52C9-437E-867E-D2C9EC6F2733}.UnitTest|Win32.Build.0 = Debug|Any CPU
		{2C816F4D-52C9-437E-867E-D2C9EC6F2733}.UnitTest|x86.ActiveCfg = Debug|Any CPU
		{2C816F4D-52C9-437E-867E-D2C9EC6F2733}.UnitTest|x86.Build.0 = Debug|Any CPU
	EndGlobalSection
	GlobalSection(SolutionProperties) = preSolution
		HideSolutionNode = FALSE
	EndGlobalSection
	GlobalSection(NestedProjects) = preSolution
		{1A009F26-41BC-4EC9-AB42-E2275DAB47EF} = {678811DA-BEE6-4BC8-AA20-C210B4C88A68}
		{5305B54E-EA5B-4162-9B8F-BE14819D2684} = {678811DA-BEE6-4BC8-AA20-C210B4C88A68}
		{31BBA71E-5AFC-4052-B9D6-F2E0168B5360} = {EF1DC0A5-C2E7-42CC-BC32-4E4B5FFD95CB}
		{A593ED3E-579D-4C99-A009-94137B1FBE5A} = {EF1DC0A5-C2E7-42CC-BC32-4E4B5FFD95CB}
		{2B3A2A7C-2266-482A-8CB0-D285C3895877} = {678811DA-BEE6-4BC8-AA20-C210B4C88A68}
		{B89BBAFC-D54F-449A-92DB-3347105E0405} = {678811DA-BEE6-4BC8-AA20-C210B4C88A68}
		{C6F0D9E8-C2D9-4D80-8B9A-8AF1137DB5B3} = {EF1DC0A5-C2E7-42CC-BC32-4E4B5FFD95CB}
		{2C816F4D-52C9-437E-867E-D2C9EC6F2733} = {EF1DC0A5-C2E7-42CC-BC32-4E4B5FFD95CB}
	EndGlobalSection
	GlobalSection(ExtensibilityGlobals) = postSolution
		SolutionGuid = {DE1C46AE-29AA-423F-896A-2E19AC4F20FF}
	EndGlobalSection
	GlobalSection(TestCaseManagementSettings) = postSolution
		CategoryFile = user_awatt4.vsmdi
	EndGlobalSection
EndGlobal
