
Microsoft Visual Studio Solution File, Format Version 12.00
# Visual Studio Version 16
VisualStudioVersion = 16.0.29009.5
MinimumVisualStudioVersion = 10.0.40219.1
Project("{9A19103F-16F7-4668-BE54-9A1E7A4F7556}") = "Highlander.Service", "Components\Highlander.Service\Highlander.Service.csproj", "{1A009F26-41BC-4EC9-AB42-E2275DAB47EF}"
EndProject
Project("{2150E333-8FDC-42A3-9474-1A3956D46DE8}") = "Development", "Development", "{678811DA-BEE6-4BC8-AA20-C210B4C88A68}"
EndProject
Project("{9A19103F-16F7-4668-BE54-9A1E7A4F7556}") = "Highlander.Utilities", "src\Core.Net\Utilities\Highlander.Utilities.csproj", "{31BBA71E-5AFC-4052-B9D6-F2E0168B5360}"
EndProject
Project("{9A19103F-16F7-4668-BE54-9A1E7A4F7556}") = "Highlander.Metadata.Common", "src\Core.Net\Metadata.Common\Highlander.Metadata.Common.csproj", "{A593ED3E-579D-4C99-A009-94137B1FBE5A}"
EndProject
Project("{9A19103F-16F7-4668-BE54-9A1E7A4F7556}") = "Blazor.Core.Server", "src\Blazor.Core.Server\Blazor.Core.Server.csproj", "{2B3A2A7C-2266-482A-8CB0-D285C3895877}"
EndProject
Project("{9A19103F-16F7-4668-BE54-9A1E7A4F7556}") = "Highlander.Core.Common", "src\Core.Net\Core.Common2\Highlander.Core.Common.csproj", "{C6F0D9E8-C2D9-4D80-8B9A-8AF1137DB5B3}"
EndProject
Project("{2150E333-8FDC-42A3-9474-1A3956D46DE8}") = "Core", "Core", "{EF1DC0A5-C2E7-42CC-BC32-4E4B5FFD95CB}"
EndProject
Project("{9A19103F-16F7-4668-BE54-9A1E7A4F7556}") = "Highlander.GrpcService", "src\Core.Net\Highlander.GrpcService\Highlander.GrpcService.csproj", "{2C816F4D-52C9-437E-867E-D2C9EC6F2733}"
EndProject
Project("{2150E333-8FDC-42A3-9474-1A3956D46DE8}") = "Tests", "Tests", "{B0ABACF0-1EA8-498F-B2D0-4275871B52E0}"
EndProject
Project("{9A19103F-16F7-4668-BE54-9A1E7A4F7556}") = "Highlander.Core.V1.Tests", "src\Core.Net\Core.V1.Tests\Highlander.Core.V1.Tests.csproj", "{132BA962-07FE-4F7B-867E-6BE6A799D0DF}"
EndProject
Project("{9A19103F-16F7-4668-BE54-9A1E7A4F7556}") = "Highlander.Core.Bridge", "src\Core.Net\Core.Bridge\Highlander.Core.Bridge.csproj", "{1DADCB51-1686-4E54-86F4-8653D042695F}"
EndProject
Project("{2150E333-8FDC-42A3-9474-1A3956D46DE8}") = "Schemas", "Schemas", "{CA506FC3-3D4D-41B8-9205-1ED309DE78A1}"
EndProject
Project("{9A19103F-16F7-4668-BE54-9A1E7A4F7556}") = "Highlander.Reporting.V5r3", "src\Core.Net\Schema.FpMLV5r3\Metadata\Reporting\Highlander.Reporting.V5r3.csproj", "{DA372201-3C53-4C7E-A88F-BEFDDF5BC0FA}"
EndProject
Project("{9A19103F-16F7-4668-BE54-9A1E7A4F7556}") = "Highlander.Codes.V5r3", "src\Core.Net\Schema.FpMLV5r3\Metadata\Codes\Highlander.Codes.V5r3.csproj", "{127612F3-AC60-4C20-874B-69514058CD2B}"
EndProject
Project("{2150E333-8FDC-42A3-9474-1A3956D46DE8}") = "Components", "Components", "{19D09A8B-5D97-489C-8176-54EB26942BEF}"
EndProject
Project("{9A19103F-16F7-4668-BE54-9A1E7A4F7556}") = "Highlander.Constants", "src\Core.Net\Constants\Highlander.Constants.csproj", "{395CBB21-D85C-43D9-B051-3BD4C92AC4BD}"
EndProject
Project("{9A19103F-16F7-4668-BE54-9A1E7A4F7556}") = "Highlander.Core.V1", "src\Core.Net\Core.V1\Highlander.Core.V1.csproj", "{ABA5A0AD-9790-40FB-ABCB-30EE5A12621A}"
EndProject
Global
	GlobalSection(SolutionConfigurationPlatforms) = preSolution
		Debug|Any CPU = Debug|Any CPU
		Debug|Mixed Platforms = Debug|Mixed Platforms
		Debug|Win32 = Debug|Win32
		Debug|x86 = Debug|x86
		Release|Any CPU = Release|Any CPU
		Release|Mixed Platforms = Release|Mixed Platforms
		Release|Win32 = Release|Win32
		Release|x86 = Release|x86
		UnitTest|Any CPU = UnitTest|Any CPU
		UnitTest|Mixed Platforms = UnitTest|Mixed Platforms
		UnitTest|Win32 = UnitTest|Win32
		UnitTest|x86 = UnitTest|x86
	EndGlobalSection
	GlobalSection(ProjectConfigurationPlatforms) = postSolution
		{1A009F26-41BC-4EC9-AB42-E2275DAB47EF}.Debug|Any CPU.ActiveCfg = Debug|Any CPU
		{1A009F26-41BC-4EC9-AB42-E2275DAB47EF}.Debug|Any CPU.Build.0 = Debug|Any CPU
		{1A009F26-41BC-4EC9-AB42-E2275DAB47EF}.Debug|Mixed Platforms.ActiveCfg = Debug|Any CPU
		{1A009F26-41BC-4EC9-AB42-E2275DAB47EF}.Debug|Mixed Platforms.Build.0 = Debug|Any CPU
		{1A009F26-41BC-4EC9-AB42-E2275DAB47EF}.Debug|Win32.ActiveCfg = Debug|Any CPU
		{1A009F26-41BC-4EC9-AB42-E2275DAB47EF}.Debug|Win32.Build.0 = Debug|Any CPU
		{1A009F26-41BC-4EC9-AB42-E2275DAB47EF}.Debug|x86.ActiveCfg = Debug|Any CPU
		{1A009F26-41BC-4EC9-AB42-E2275DAB47EF}.Debug|x86.Build.0 = Debug|Any CPU
		{1A009F26-41BC-4EC9-AB42-E2275DAB47EF}.Release|Any CPU.ActiveCfg = Release|Any CPU
		{1A009F26-41BC-4EC9-AB42-E2275DAB47EF}.Release|Any CPU.Build.0 = Release|Any CPU
		{1A009F26-41BC-4EC9-AB42-E2275DAB47EF}.Release|Mixed Platforms.ActiveCfg = Release|Any CPU
		{1A009F26-41BC-4EC9-AB42-E2275DAB47EF}.Release|Mixed Platforms.Build.0 = Release|Any CPU
		{1A009F26-41BC-4EC9-AB42-E2275DAB47EF}.Release|Win32.ActiveCfg = Release|Any CPU
		{1A009F26-41BC-4EC9-AB42-E2275DAB47EF}.Release|Win32.Build.0 = Release|Any CPU
		{1A009F26-41BC-4EC9-AB42-E2275DAB47EF}.Release|x86.ActiveCfg = Release|Any CPU
		{1A009F26-41BC-4EC9-AB42-E2275DAB47EF}.Release|x86.Build.0 = Release|Any CPU
		{1A009F26-41BC-4EC9-AB42-E2275DAB47EF}.UnitTest|Any CPU.ActiveCfg = Debug|Any CPU
		{1A009F26-41BC-4EC9-AB42-E2275DAB47EF}.UnitTest|Any CPU.Build.0 = Debug|Any CPU
		{1A009F26-41BC-4EC9-AB42-E2275DAB47EF}.UnitTest|Mixed Platforms.ActiveCfg = Debug|Any CPU
		{1A009F26-41BC-4EC9-AB42-E2275DAB47EF}.UnitTest|Mixed Platforms.Build.0 = Debug|Any CPU
		{1A009F26-41BC-4EC9-AB42-E2275DAB47EF}.UnitTest|Win32.ActiveCfg = Debug|Any CPU
		{1A009F26-41BC-4EC9-AB42-E2275DAB47EF}.UnitTest|Win32.Build.0 = Debug|Any CPU
		{1A009F26-41BC-4EC9-AB42-E2275DAB47EF}.UnitTest|x86.ActiveCfg = Debug|Any CPU
		{1A009F26-41BC-4EC9-AB42-E2275DAB47EF}.UnitTest|x86.Build.0 = Debug|Any CPU
		{31BBA71E-5AFC-4052-B9D6-F2E0168B5360}.Debug|Any CPU.ActiveCfg = Debug|Any CPU
		{31BBA71E-5AFC-4052-B9D6-F2E0168B5360}.Debug|Any CPU.Build.0 = Debug|Any CPU
		{31BBA71E-5AFC-4052-B9D6-F2E0168B5360}.Debug|Mixed Platforms.ActiveCfg = Debug|Any CPU
		{31BBA71E-5AFC-4052-B9D6-F2E0168B5360}.Debug|Mixed Platforms.Build.0 = Debug|Any CPU
		{31BBA71E-5AFC-4052-B9D6-F2E0168B5360}.Debug|Win32.ActiveCfg = Debug|Any CPU
		{31BBA71E-5AFC-4052-B9D6-F2E0168B5360}.Debug|Win32.Build.0 = Debug|Any CPU
		{31BBA71E-5AFC-4052-B9D6-F2E0168B5360}.Debug|x86.ActiveCfg = Debug|Any CPU
		{31BBA71E-5AFC-4052-B9D6-F2E0168B5360}.Debug|x86.Build.0 = Debug|Any CPU
		{31BBA71E-5AFC-4052-B9D6-F2E0168B5360}.Release|Any CPU.ActiveCfg = Release|Any CPU
		{31BBA71E-5AFC-4052-B9D6-F2E0168B5360}.Release|Any CPU.Build.0 = Release|Any CPU
		{31BBA71E-5AFC-4052-B9D6-F2E0168B5360}.Release|Mixed Platforms.ActiveCfg = Release|Any CPU
		{31BBA71E-5AFC-4052-B9D6-F2E0168B5360}.Release|Mixed Platforms.Build.0 = Release|Any CPU
		{31BBA71E-5AFC-4052-B9D6-F2E0168B5360}.Release|Win32.ActiveCfg = Release|Any CPU
		{31BBA71E-5AFC-4052-B9D6-F2E0168B5360}.Release|Win32.Build.0 = Release|Any CPU
		{31BBA71E-5AFC-4052-B9D6-F2E0168B5360}.Release|x86.ActiveCfg = Release|Any CPU
		{31BBA71E-5AFC-4052-B9D6-F2E0168B5360}.Release|x86.Build.0 = Release|Any CPU
		{31BBA71E-5AFC-4052-B9D6-F2E0168B5360}.UnitTest|Any CPU.ActiveCfg = Debug|Any CPU
		{31BBA71E-5AFC-4052-B9D6-F2E0168B5360}.UnitTest|Any CPU.Build.0 = Debug|Any CPU
		{31BBA71E-5AFC-4052-B9D6-F2E0168B5360}.UnitTest|Mixed Platforms.ActiveCfg = Debug|Any CPU
		{31BBA71E-5AFC-4052-B9D6-F2E0168B5360}.UnitTest|Mixed Platforms.Build.0 = Debug|Any CPU
		{31BBA71E-5AFC-4052-B9D6-F2E0168B5360}.UnitTest|Win32.ActiveCfg = Debug|Any CPU
		{31BBA71E-5AFC-4052-B9D6-F2E0168B5360}.UnitTest|Win32.Build.0 = Debug|Any CPU
		{31BBA71E-5AFC-4052-B9D6-F2E0168B5360}.UnitTest|x86.ActiveCfg = Debug|Any CPU
		{31BBA71E-5AFC-4052-B9D6-F2E0168B5360}.UnitTest|x86.Build.0 = Debug|Any CPU
		{A593ED3E-579D-4C99-A009-94137B1FBE5A}.Debug|Any CPU.ActiveCfg = Debug|Any CPU
		{A593ED3E-579D-4C99-A009-94137B1FBE5A}.Debug|Any CPU.Build.0 = Debug|Any CPU
		{A593ED3E-579D-4C99-A009-94137B1FBE5A}.Debug|Mixed Platforms.ActiveCfg = Debug|Any CPU
		{A593ED3E-579D-4C99-A009-94137B1FBE5A}.Debug|Mixed Platforms.Build.0 = Debug|Any CPU
		{A593ED3E-579D-4C99-A009-94137B1FBE5A}.Debug|Win32.ActiveCfg = Debug|Any CPU
		{A593ED3E-579D-4C99-A009-94137B1FBE5A}.Debug|Win32.Build.0 = Debug|Any CPU
		{A593ED3E-579D-4C99-A009-94137B1FBE5A}.Debug|x86.ActiveCfg = Debug|Any CPU
		{A593ED3E-579D-4C99-A009-94137B1FBE5A}.Debug|x86.Build.0 = Debug|Any CPU
		{A593ED3E-579D-4C99-A009-94137B1FBE5A}.Release|Any CPU.ActiveCfg = Release|Any CPU
		{A593ED3E-579D-4C99-A009-94137B1FBE5A}.Release|Any CPU.Build.0 = Release|Any CPU
		{A593ED3E-579D-4C99-A009-94137B1FBE5A}.Release|Mixed Platforms.ActiveCfg = Release|Any CPU
		{A593ED3E-579D-4C99-A009-94137B1FBE5A}.Release|Mixed Platforms.Build.0 = Release|Any CPU
		{A593ED3E-579D-4C99-A009-94137B1FBE5A}.Release|Win32.ActiveCfg = Release|Any CPU
		{A593ED3E-579D-4C99-A009-94137B1FBE5A}.Release|Win32.Build.0 = Release|Any CPU
		{A593ED3E-579D-4C99-A009-94137B1FBE5A}.Release|x86.ActiveCfg = Release|Any CPU
		{A593ED3E-579D-4C99-A009-94137B1FBE5A}.Release|x86.Build.0 = Release|Any CPU
		{A593ED3E-579D-4C99-A009-94137B1FBE5A}.UnitTest|Any CPU.ActiveCfg = Debug|Any CPU
		{A593ED3E-579D-4C99-A009-94137B1FBE5A}.UnitTest|Any CPU.Build.0 = Debug|Any CPU
		{A593ED3E-579D-4C99-A009-94137B1FBE5A}.UnitTest|Mixed Platforms.ActiveCfg = Debug|Any CPU
		{A593ED3E-579D-4C99-A009-94137B1FBE5A}.UnitTest|Mixed Platforms.Build.0 = Debug|Any CPU
		{A593ED3E-579D-4C99-A009-94137B1FBE5A}.UnitTest|Win32.ActiveCfg = Debug|Any CPU
		{A593ED3E-579D-4C99-A009-94137B1FBE5A}.UnitTest|Win32.Build.0 = Debug|Any CPU
		{A593ED3E-579D-4C99-A009-94137B1FBE5A}.UnitTest|x86.ActiveCfg = Debug|Any CPU
		{A593ED3E-579D-4C99-A009-94137B1FBE5A}.UnitTest|x86.Build.0 = Debug|Any CPU
		{2B3A2A7C-2266-482A-8CB0-D285C3895877}.Debug|Any CPU.ActiveCfg = Debug|Any CPU
		{2B3A2A7C-2266-482A-8CB0-D285C3895877}.Debug|Any CPU.Build.0 = Debug|Any CPU
		{2B3A2A7C-2266-482A-8CB0-D285C3895877}.Debug|Mixed Platforms.ActiveCfg = Debug|Any CPU
		{2B3A2A7C-2266-482A-8CB0-D285C3895877}.Debug|Mixed Platforms.Build.0 = Debug|Any CPU
		{2B3A2A7C-2266-482A-8CB0-D285C3895877}.Debug|Win32.ActiveCfg = Debug|Any CPU
		{2B3A2A7C-2266-482A-8CB0-D285C3895877}.Debug|Win32.Build.0 = Debug|Any CPU
		{2B3A2A7C-2266-482A-8CB0-D285C3895877}.Debug|x86.ActiveCfg = Debug|Any CPU
		{2B3A2A7C-2266-482A-8CB0-D285C3895877}.Debug|x86.Build.0 = Debug|Any CPU
		{2B3A2A7C-2266-482A-8CB0-D285C3895877}.Release|Any CPU.ActiveCfg = Release|Any CPU
		{2B3A2A7C-2266-482A-8CB0-D285C3895877}.Release|Any CPU.Build.0 = Release|Any CPU
		{2B3A2A7C-2266-482A-8CB0-D285C3895877}.Release|Mixed Platforms.ActiveCfg = Release|Any CPU
		{2B3A2A7C-2266-482A-8CB0-D285C3895877}.Release|Mixed Platforms.Build.0 = Release|Any CPU
		{2B3A2A7C-2266-482A-8CB0-D285C3895877}.Release|Win32.ActiveCfg = Release|Any CPU
		{2B3A2A7C-2266-482A-8CB0-D285C3895877}.Release|Win32.Build.0 = Release|Any CPU
		{2B3A2A7C-2266-482A-8CB0-D285C3895877}.Release|x86.ActiveCfg = Release|Any CPU
		{2B3A2A7C-2266-482A-8CB0-D285C3895877}.Release|x86.Build.0 = Release|Any CPU
		{2B3A2A7C-2266-482A-8CB0-D285C3895877}.UnitTest|Any CPU.ActiveCfg = Debug|Any CPU
		{2B3A2A7C-2266-482A-8CB0-D285C3895877}.UnitTest|Any CPU.Build.0 = Debug|Any CPU
		{2B3A2A7C-2266-482A-8CB0-D285C3895877}.UnitTest|Mixed Platforms.ActiveCfg = Debug|Any CPU
		{2B3A2A7C-2266-482A-8CB0-D285C3895877}.UnitTest|Mixed Platforms.Build.0 = Debug|Any CPU
		{2B3A2A7C-2266-482A-8CB0-D285C3895877}.UnitTest|Win32.ActiveCfg = Debug|Any CPU
		{2B3A2A7C-2266-482A-8CB0-D285C3895877}.UnitTest|Win32.Build.0 = Debug|Any CPU
		{2B3A2A7C-2266-482A-8CB0-D285C3895877}.UnitTest|x86.ActiveCfg = Debug|Any CPU
		{2B3A2A7C-2266-482A-8CB0-D285C3895877}.UnitTest|x86.Build.0 = Debug|Any CPU
		{C6F0D9E8-C2D9-4D80-8B9A-8AF1137DB5B3}.Debug|Any CPU.ActiveCfg = Debug|Any CPU
		{C6F0D9E8-C2D9-4D80-8B9A-8AF1137DB5B3}.Debug|Any CPU.Build.0 = Debug|Any CPU
		{C6F0D9E8-C2D9-4D80-8B9A-8AF1137DB5B3}.Debug|Mixed Platforms.ActiveCfg = Debug|Any CPU
		{C6F0D9E8-C2D9-4D80-8B9A-8AF1137DB5B3}.Debug|Mixed Platforms.Build.0 = Debug|Any CPU
		{C6F0D9E8-C2D9-4D80-8B9A-8AF1137DB5B3}.Debug|Win32.ActiveCfg = Debug|Any CPU
		{C6F0D9E8-C2D9-4D80-8B9A-8AF1137DB5B3}.Debug|Win32.Build.0 = Debug|Any CPU
		{C6F0D9E8-C2D9-4D80-8B9A-8AF1137DB5B3}.Debug|x86.ActiveCfg = Debug|Any CPU
		{C6F0D9E8-C2D9-4D80-8B9A-8AF1137DB5B3}.Debug|x86.Build.0 = Debug|Any CPU
		{C6F0D9E8-C2D9-4D80-8B9A-8AF1137DB5B3}.Release|Any CPU.ActiveCfg = Release|Any CPU
		{C6F0D9E8-C2D9-4D80-8B9A-8AF1137DB5B3}.Release|Any CPU.Build.0 = Release|Any CPU
		{C6F0D9E8-C2D9-4D80-8B9A-8AF1137DB5B3}.Release|Mixed Platforms.ActiveCfg = Release|Any CPU
		{C6F0D9E8-C2D9-4D80-8B9A-8AF1137DB5B3}.Release|Mixed Platforms.Build.0 = Release|Any CPU
		{C6F0D9E8-C2D9-4D80-8B9A-8AF1137DB5B3}.Release|Win32.ActiveCfg = Release|Any CPU
		{C6F0D9E8-C2D9-4D80-8B9A-8AF1137DB5B3}.Release|Win32.Build.0 = Release|Any CPU
		{C6F0D9E8-C2D9-4D80-8B9A-8AF1137DB5B3}.Release|x86.ActiveCfg = Release|Any CPU
		{C6F0D9E8-C2D9-4D80-8B9A-8AF1137DB5B3}.Release|x86.Build.0 = Release|Any CPU
		{C6F0D9E8-C2D9-4D80-8B9A-8AF1137DB5B3}.UnitTest|Any CPU.ActiveCfg = Debug|Any CPU
		{C6F0D9E8-C2D9-4D80-8B9A-8AF1137DB5B3}.UnitTest|Any CPU.Build.0 = Debug|Any CPU
		{C6F0D9E8-C2D9-4D80-8B9A-8AF1137DB5B3}.UnitTest|Mixed Platforms.ActiveCfg = Debug|Any CPU
		{C6F0D9E8-C2D9-4D80-8B9A-8AF1137DB5B3}.UnitTest|Mixed Platforms.Build.0 = Debug|Any CPU
		{C6F0D9E8-C2D9-4D80-8B9A-8AF1137DB5B3}.UnitTest|Win32.ActiveCfg = Debug|Any CPU
		{C6F0D9E8-C2D9-4D80-8B9A-8AF1137DB5B3}.UnitTest|Win32.Build.0 = Debug|Any CPU
		{C6F0D9E8-C2D9-4D80-8B9A-8AF1137DB5B3}.UnitTest|x86.ActiveCfg = Debug|Any CPU
		{C6F0D9E8-C2D9-4D80-8B9A-8AF1137DB5B3}.UnitTest|x86.Build.0 = Debug|Any CPU
		{2C816F4D-52C9-437E-867E-D2C9EC6F2733}.Debug|Any CPU.ActiveCfg = Debug|Any CPU
		{2C816F4D-52C9-437E-867E-D2C9EC6F2733}.Debug|Any CPU.Build.0 = Debug|Any CPU
		{2C816F4D-52C9-437E-867E-D2C9EC6F2733}.Debug|Mixed Platforms.ActiveCfg = Debug|Any CPU
		{2C816F4D-52C9-437E-867E-D2C9EC6F2733}.Debug|Mixed Platforms.Build.0 = Debug|Any CPU
		{2C816F4D-52C9-437E-867E-D2C9EC6F2733}.Debug|Win32.ActiveCfg = Debug|Any CPU
		{2C816F4D-52C9-437E-867E-D2C9EC6F2733}.Debug|Win32.Build.0 = Debug|Any CPU
		{2C816F4D-52C9-437E-867E-D2C9EC6F2733}.Debug|x86.ActiveCfg = Debug|Any CPU
		{2C816F4D-52C9-437E-867E-D2C9EC6F2733}.Debug|x86.Build.0 = Debug|Any CPU
		{2C816F4D-52C9-437E-867E-D2C9EC6F2733}.Release|Any CPU.ActiveCfg = Release|Any CPU
		{2C816F4D-52C9-437E-867E-D2C9EC6F2733}.Release|Any CPU.Build.0 = Release|Any CPU
		{2C816F4D-52C9-437E-867E-D2C9EC6F2733}.Release|Mixed Platforms.ActiveCfg = Release|Any CPU
		{2C816F4D-52C9-437E-867E-D2C9EC6F2733}.Release|Mixed Platforms.Build.0 = Release|Any CPU
		{2C816F4D-52C9-437E-867E-D2C9EC6F2733}.Release|Win32.ActiveCfg = Release|Any CPU
		{2C816F4D-52C9-437E-867E-D2C9EC6F2733}.Release|Win32.Build.0 = Release|Any CPU
		{2C816F4D-52C9-437E-867E-D2C9EC6F2733}.Release|x86.ActiveCfg = Release|Any CPU
		{2C816F4D-52C9-437E-867E-D2C9EC6F2733}.Release|x86.Build.0 = Release|Any CPU
		{2C816F4D-52C9-437E-867E-D2C9EC6F2733}.UnitTest|Any CPU.ActiveCfg = Debug|Any CPU
		{2C816F4D-52C9-437E-867E-D2C9EC6F2733}.UnitTest|Any CPU.Build.0 = Debug|Any CPU
		{2C816F4D-52C9-437E-867E-D2C9EC6F2733}.UnitTest|Mixed Platforms.ActiveCfg = Debug|Any CPU
		{2C816F4D-52C9-437E-867E-D2C9EC6F2733}.UnitTest|Mixed Platforms.Build.0 = Debug|Any CPU
		{2C816F4D-52C9-437E-867E-D2C9EC6F2733}.UnitTest|Win32.ActiveCfg = Debug|Any CPU
		{2C816F4D-52C9-437E-867E-D2C9EC6F2733}.UnitTest|Win32.Build.0 = Debug|Any CPU
		{2C816F4D-52C9-437E-867E-D2C9EC6F2733}.UnitTest|x86.ActiveCfg = Debug|Any CPU
		{2C816F4D-52C9-437E-867E-D2C9EC6F2733}.UnitTest|x86.Build.0 = Debug|Any CPU
		{132BA962-07FE-4F7B-867E-6BE6A799D0DF}.Debug|Any CPU.ActiveCfg = Debug|Any CPU
		{132BA962-07FE-4F7B-867E-6BE6A799D0DF}.Debug|Any CPU.Build.0 = Debug|Any CPU
		{132BA962-07FE-4F7B-867E-6BE6A799D0DF}.Debug|Mixed Platforms.ActiveCfg = Debug|Any CPU
		{132BA962-07FE-4F7B-867E-6BE6A799D0DF}.Debug|Mixed Platforms.Build.0 = Debug|Any CPU
		{132BA962-07FE-4F7B-867E-6BE6A799D0DF}.Debug|Win32.ActiveCfg = Debug|Any CPU
		{132BA962-07FE-4F7B-867E-6BE6A799D0DF}.Debug|Win32.Build.0 = Debug|Any CPU
		{132BA962-07FE-4F7B-867E-6BE6A799D0DF}.Debug|x86.ActiveCfg = Debug|Any CPU
		{132BA962-07FE-4F7B-867E-6BE6A799D0DF}.Debug|x86.Build.0 = Debug|Any CPU
		{132BA962-07FE-4F7B-867E-6BE6A799D0DF}.Release|Any CPU.ActiveCfg = Release|Any CPU
		{132BA962-07FE-4F7B-867E-6BE6A799D0DF}.Release|Any CPU.Build.0 = Release|Any CPU
		{132BA962-07FE-4F7B-867E-6BE6A799D0DF}.Release|Mixed Platforms.ActiveCfg = Release|Any CPU
		{132BA962-07FE-4F7B-867E-6BE6A799D0DF}.Release|Mixed Platforms.Build.0 = Release|Any CPU
		{132BA962-07FE-4F7B-867E-6BE6A799D0DF}.Release|Win32.ActiveCfg = Release|Any CPU
		{132BA962-07FE-4F7B-867E-6BE6A799D0DF}.Release|Win32.Build.0 = Release|Any CPU
		{132BA962-07FE-4F7B-867E-6BE6A799D0DF}.Release|x86.ActiveCfg = Release|Any CPU
		{132BA962-07FE-4F7B-867E-6BE6A799D0DF}.Release|x86.Build.0 = Release|Any CPU
		{132BA962-07FE-4F7B-867E-6BE6A799D0DF}.UnitTest|Any CPU.ActiveCfg = Debug|Any CPU
		{132BA962-07FE-4F7B-867E-6BE6A799D0DF}.UnitTest|Any CPU.Build.0 = Debug|Any CPU
		{132BA962-07FE-4F7B-867E-6BE6A799D0DF}.UnitTest|Mixed Platforms.ActiveCfg = Debug|Any CPU
		{132BA962-07FE-4F7B-867E-6BE6A799D0DF}.UnitTest|Mixed Platforms.Build.0 = Debug|Any CPU
		{132BA962-07FE-4F7B-867E-6BE6A799D0DF}.UnitTest|Win32.ActiveCfg = Debug|Any CPU
		{132BA962-07FE-4F7B-867E-6BE6A799D0DF}.UnitTest|Win32.Build.0 = Debug|Any CPU
		{132BA962-07FE-4F7B-867E-6BE6A799D0DF}.UnitTest|x86.ActiveCfg = Debug|Any CPU
		{132BA962-07FE-4F7B-867E-6BE6A799D0DF}.UnitTest|x86.Build.0 = Debug|Any CPU
		{1DADCB51-1686-4E54-86F4-8653D042695F}.Debug|Any CPU.ActiveCfg = Debug|Any CPU
		{1DADCB51-1686-4E54-86F4-8653D042695F}.Debug|Any CPU.Build.0 = Debug|Any CPU
		{1DADCB51-1686-4E54-86F4-8653D042695F}.Debug|Mixed Platforms.ActiveCfg = Debug|Any CPU
		{1DADCB51-1686-4E54-86F4-8653D042695F}.Debug|Mixed Platforms.Build.0 = Debug|Any CPU
		{1DADCB51-1686-4E54-86F4-8653D042695F}.Debug|Win32.ActiveCfg = Debug|Any CPU
		{1DADCB51-1686-4E54-86F4-8653D042695F}.Debug|Win32.Build.0 = Debug|Any CPU
		{1DADCB51-1686-4E54-86F4-8653D042695F}.Debug|x86.ActiveCfg = Debug|Any CPU
		{1DADCB51-1686-4E54-86F4-8653D042695F}.Debug|x86.Build.0 = Debug|Any CPU
		{1DADCB51-1686-4E54-86F4-8653D042695F}.Release|Any CPU.ActiveCfg = Release|Any CPU
		{1DADCB51-1686-4E54-86F4-8653D042695F}.Release|Any CPU.Build.0 = Release|Any CPU
		{1DADCB51-1686-4E54-86F4-8653D042695F}.Release|Mixed Platforms.ActiveCfg = Release|Any CPU
		{1DADCB51-1686-4E54-86F4-8653D042695F}.Release|Mixed Platforms.Build.0 = Release|Any CPU
		{1DADCB51-1686-4E54-86F4-8653D042695F}.Release|Win32.ActiveCfg = Release|Any CPU
		{1DADCB51-1686-4E54-86F4-8653D042695F}.Release|Win32.Build.0 = Release|Any CPU
		{1DADCB51-1686-4E54-86F4-8653D042695F}.Release|x86.ActiveCfg = Release|Any CPU
		{1DADCB51-1686-4E54-86F4-8653D042695F}.Release|x86.Build.0 = Release|Any CPU
		{1DADCB51-1686-4E54-86F4-8653D042695F}.UnitTest|Any CPU.ActiveCfg = Debug|Any CPU
		{1DADCB51-1686-4E54-86F4-8653D042695F}.UnitTest|Any CPU.Build.0 = Debug|Any CPU
		{1DADCB51-1686-4E54-86F4-8653D042695F}.UnitTest|Mixed Platforms.ActiveCfg = Debug|Any CPU
		{1DADCB51-1686-4E54-86F4-8653D042695F}.UnitTest|Mixed Platforms.Build.0 = Debug|Any CPU
		{1DADCB51-1686-4E54-86F4-8653D042695F}.UnitTest|Win32.ActiveCfg = Debug|Any CPU
		{1DADCB51-1686-4E54-86F4-8653D042695F}.UnitTest|Win32.Build.0 = Debug|Any CPU
		{1DADCB51-1686-4E54-86F4-8653D042695F}.UnitTest|x86.ActiveCfg = Debug|Any CPU
		{1DADCB51-1686-4E54-86F4-8653D042695F}.UnitTest|x86.Build.0 = Debug|Any CPU
		{DA372201-3C53-4C7E-A88F-BEFDDF5BC0FA}.Debug|Any CPU.ActiveCfg = Debug|Any CPU
		{DA372201-3C53-4C7E-A88F-BEFDDF5BC0FA}.Debug|Any CPU.Build.0 = Debug|Any CPU
		{DA372201-3C53-4C7E-A88F-BEFDDF5BC0FA}.Debug|Mixed Platforms.ActiveCfg = Debug|Any CPU
		{DA372201-3C53-4C7E-A88F-BEFDDF5BC0FA}.Debug|Mixed Platforms.Build.0 = Debug|Any CPU
		{DA372201-3C53-4C7E-A88F-BEFDDF5BC0FA}.Debug|Win32.ActiveCfg = Debug|Any CPU
		{DA372201-3C53-4C7E-A88F-BEFDDF5BC0FA}.Debug|Win32.Build.0 = Debug|Any CPU
		{DA372201-3C53-4C7E-A88F-BEFDDF5BC0FA}.Debug|x86.ActiveCfg = Debug|Any CPU
		{DA372201-3C53-4C7E-A88F-BEFDDF5BC0FA}.Debug|x86.Build.0 = Debug|Any CPU
		{DA372201-3C53-4C7E-A88F-BEFDDF5BC0FA}.Release|Any CPU.ActiveCfg = Release|Any CPU
		{DA372201-3C53-4C7E-A88F-BEFDDF5BC0FA}.Release|Any CPU.Build.0 = Release|Any CPU
		{DA372201-3C53-4C7E-A88F-BEFDDF5BC0FA}.Release|Mixed Platforms.ActiveCfg = Release|Any CPU
		{DA372201-3C53-4C7E-A88F-BEFDDF5BC0FA}.Release|Mixed Platforms.Build.0 = Release|Any CPU
		{DA372201-3C53-4C7E-A88F-BEFDDF5BC0FA}.Release|Win32.ActiveCfg = Release|Any CPU
		{DA372201-3C53-4C7E-A88F-BEFDDF5BC0FA}.Release|Win32.Build.0 = Release|Any CPU
		{DA372201-3C53-4C7E-A88F-BEFDDF5BC0FA}.Release|x86.ActiveCfg = Release|Any CPU
		{DA372201-3C53-4C7E-A88F-BEFDDF5BC0FA}.Release|x86.Build.0 = Release|Any CPU
		{DA372201-3C53-4C7E-A88F-BEFDDF5BC0FA}.UnitTest|Any CPU.ActiveCfg = Debug|Any CPU
		{DA372201-3C53-4C7E-A88F-BEFDDF5BC0FA}.UnitTest|Any CPU.Build.0 = Debug|Any CPU
		{DA372201-3C53-4C7E-A88F-BEFDDF5BC0FA}.UnitTest|Mixed Platforms.ActiveCfg = Debug|Any CPU
		{DA372201-3C53-4C7E-A88F-BEFDDF5BC0FA}.UnitTest|Mixed Platforms.Build.0 = Debug|Any CPU
		{DA372201-3C53-4C7E-A88F-BEFDDF5BC0FA}.UnitTest|Win32.ActiveCfg = Debug|Any CPU
		{DA372201-3C53-4C7E-A88F-BEFDDF5BC0FA}.UnitTest|Win32.Build.0 = Debug|Any CPU
		{DA372201-3C53-4C7E-A88F-BEFDDF5BC0FA}.UnitTest|x86.ActiveCfg = Debug|Any CPU
		{DA372201-3C53-4C7E-A88F-BEFDDF5BC0FA}.UnitTest|x86.Build.0 = Debug|Any CPU
		{127612F3-AC60-4C20-874B-69514058CD2B}.Debug|Any CPU.ActiveCfg = Debug|Any CPU
		{127612F3-AC60-4C20-874B-69514058CD2B}.Debug|Any CPU.Build.0 = Debug|Any CPU
		{127612F3-AC60-4C20-874B-69514058CD2B}.Debug|Mixed Platforms.ActiveCfg = Debug|Any CPU
		{127612F3-AC60-4C20-874B-69514058CD2B}.Debug|Mixed Platforms.Build.0 = Debug|Any CPU
		{127612F3-AC60-4C20-874B-69514058CD2B}.Debug|Win32.ActiveCfg = Debug|Any CPU
		{127612F3-AC60-4C20-874B-69514058CD2B}.Debug|Win32.Build.0 = Debug|Any CPU
		{127612F3-AC60-4C20-874B-69514058CD2B}.Debug|x86.ActiveCfg = Debug|Any CPU
		{127612F3-AC60-4C20-874B-69514058CD2B}.Debug|x86.Build.0 = Debug|Any CPU
		{127612F3-AC60-4C20-874B-69514058CD2B}.Release|Any CPU.ActiveCfg = Release|Any CPU
		{127612F3-AC60-4C20-874B-69514058CD2B}.Release|Any CPU.Build.0 = Release|Any CPU
		{127612F3-AC60-4C20-874B-69514058CD2B}.Release|Mixed Platforms.ActiveCfg = Release|Any CPU
		{127612F3-AC60-4C20-874B-69514058CD2B}.Release|Mixed Platforms.Build.0 = Release|Any CPU
		{127612F3-AC60-4C20-874B-69514058CD2B}.Release|Win32.ActiveCfg = Release|Any CPU
		{127612F3-AC60-4C20-874B-69514058CD2B}.Release|Win32.Build.0 = Release|Any CPU
		{127612F3-AC60-4C20-874B-69514058CD2B}.Release|x86.ActiveCfg = Release|Any CPU
		{127612F3-AC60-4C20-874B-69514058CD2B}.Release|x86.Build.0 = Release|Any CPU
		{127612F3-AC60-4C20-874B-69514058CD2B}.UnitTest|Any CPU.ActiveCfg = Debug|Any CPU
		{127612F3-AC60-4C20-874B-69514058CD2B}.UnitTest|Any CPU.Build.0 = Debug|Any CPU
		{127612F3-AC60-4C20-874B-69514058CD2B}.UnitTest|Mixed Platforms.ActiveCfg = Debug|Any CPU
		{127612F3-AC60-4C20-874B-69514058CD2B}.UnitTest|Mixed Platforms.Build.0 = Debug|Any CPU
		{127612F3-AC60-4C20-874B-69514058CD2B}.UnitTest|Win32.ActiveCfg = Debug|Any CPU
		{127612F3-AC60-4C20-874B-69514058CD2B}.UnitTest|Win32.Build.0 = Debug|Any CPU
		{127612F3-AC60-4C20-874B-69514058CD2B}.UnitTest|x86.ActiveCfg = Debug|Any CPU
		{127612F3-AC60-4C20-874B-69514058CD2B}.UnitTest|x86.Build.0 = Debug|Any CPU
		{395CBB21-D85C-43D9-B051-3BD4C92AC4BD}.Debug|Any CPU.ActiveCfg = Debug|Any CPU
		{395CBB21-D85C-43D9-B051-3BD4C92AC4BD}.Debug|Any CPU.Build.0 = Debug|Any CPU
		{395CBB21-D85C-43D9-B051-3BD4C92AC4BD}.Debug|Mixed Platforms.ActiveCfg = Debug|Any CPU
		{395CBB21-D85C-43D9-B051-3BD4C92AC4BD}.Debug|Mixed Platforms.Build.0 = Debug|Any CPU
		{395CBB21-D85C-43D9-B051-3BD4C92AC4BD}.Debug|Win32.ActiveCfg = Debug|Any CPU
		{395CBB21-D85C-43D9-B051-3BD4C92AC4BD}.Debug|Win32.Build.0 = Debug|Any CPU
		{395CBB21-D85C-43D9-B051-3BD4C92AC4BD}.Debug|x86.ActiveCfg = Debug|Any CPU
		{395CBB21-D85C-43D9-B051-3BD4C92AC4BD}.Debug|x86.Build.0 = Debug|Any CPU
		{395CBB21-D85C-43D9-B051-3BD4C92AC4BD}.Release|Any CPU.ActiveCfg = Release|Any CPU
		{395CBB21-D85C-43D9-B051-3BD4C92AC4BD}.Release|Any CPU.Build.0 = Release|Any CPU
		{395CBB21-D85C-43D9-B051-3BD4C92AC4BD}.Release|Mixed Platforms.ActiveCfg = Release|Any CPU
		{395CBB21-D85C-43D9-B051-3BD4C92AC4BD}.Release|Mixed Platforms.Build.0 = Release|Any CPU
		{395CBB21-D85C-43D9-B051-3BD4C92AC4BD}.Release|Win32.ActiveCfg = Release|Any CPU
		{395CBB21-D85C-43D9-B051-3BD4C92AC4BD}.Release|Win32.Build.0 = Release|Any CPU
		{395CBB21-D85C-43D9-B051-3BD4C92AC4BD}.Release|x86.ActiveCfg = Release|Any CPU
		{395CBB21-D85C-43D9-B051-3BD4C92AC4BD}.Release|x86.Build.0 = Release|Any CPU
		{395CBB21-D85C-43D9-B051-3BD4C92AC4BD}.UnitTest|Any CPU.ActiveCfg = Debug|Any CPU
		{395CBB21-D85C-43D9-B051-3BD4C92AC4BD}.UnitTest|Any CPU.Build.0 = Debug|Any CPU
		{395CBB21-D85C-43D9-B051-3BD4C92AC4BD}.UnitTest|Mixed Platforms.ActiveCfg = Debug|Any CPU
		{395CBB21-D85C-43D9-B051-3BD4C92AC4BD}.UnitTest|Mixed Platforms.Build.0 = Debug|Any CPU
		{395CBB21-D85C-43D9-B051-3BD4C92AC4BD}.UnitTest|Win32.ActiveCfg = Debug|Any CPU
		{395CBB21-D85C-43D9-B051-3BD4C92AC4BD}.UnitTest|Win32.Build.0 = Debug|Any CPU
		{395CBB21-D85C-43D9-B051-3BD4C92AC4BD}.UnitTest|x86.ActiveCfg = Debug|Any CPU
		{395CBB21-D85C-43D9-B051-3BD4C92AC4BD}.UnitTest|x86.Build.0 = Debug|Any CPU
		{ABA5A0AD-9790-40FB-ABCB-30EE5A12621A}.Debug|Any CPU.ActiveCfg = Debug|Any CPU
		{ABA5A0AD-9790-40FB-ABCB-30EE5A12621A}.Debug|Any CPU.Build.0 = Debug|Any CPU
		{ABA5A0AD-9790-40FB-ABCB-30EE5A12621A}.Debug|Mixed Platforms.ActiveCfg = Debug|Any CPU
		{ABA5A0AD-9790-40FB-ABCB-30EE5A12621A}.Debug|Mixed Platforms.Build.0 = Debug|Any CPU
		{ABA5A0AD-9790-40FB-ABCB-30EE5A12621A}.Debug|Win32.ActiveCfg = Debug|Any CPU
		{ABA5A0AD-9790-40FB-ABCB-30EE5A12621A}.Debug|Win32.Build.0 = Debug|Any CPU
		{ABA5A0AD-9790-40FB-ABCB-30EE5A12621A}.Debug|x86.ActiveCfg = Debug|Any CPU
		{ABA5A0AD-9790-40FB-ABCB-30EE5A12621A}.Debug|x86.Build.0 = Debug|Any CPU
		{ABA5A0AD-9790-40FB-ABCB-30EE5A12621A}.Release|Any CPU.ActiveCfg = Release|Any CPU
		{ABA5A0AD-9790-40FB-ABCB-30EE5A12621A}.Release|Any CPU.Build.0 = Release|Any CPU
		{ABA5A0AD-9790-40FB-ABCB-30EE5A12621A}.Release|Mixed Platforms.ActiveCfg = Release|Any CPU
		{ABA5A0AD-9790-40FB-ABCB-30EE5A12621A}.Release|Mixed Platforms.Build.0 = Release|Any CPU
		{ABA5A0AD-9790-40FB-ABCB-30EE5A12621A}.Release|Win32.ActiveCfg = Release|Any CPU
		{ABA5A0AD-9790-40FB-ABCB-30EE5A12621A}.Release|Win32.Build.0 = Release|Any CPU
		{ABA5A0AD-9790-40FB-ABCB-30EE5A12621A}.Release|x86.ActiveCfg = Release|Any CPU
		{ABA5A0AD-9790-40FB-ABCB-30EE5A12621A}.Release|x86.Build.0 = Release|Any CPU
		{ABA5A0AD-9790-40FB-ABCB-30EE5A12621A}.UnitTest|Any CPU.ActiveCfg = Debug|Any CPU
		{ABA5A0AD-9790-40FB-ABCB-30EE5A12621A}.UnitTest|Any CPU.Build.0 = Debug|Any CPU
		{ABA5A0AD-9790-40FB-ABCB-30EE5A12621A}.UnitTest|Mixed Platforms.ActiveCfg = Debug|Any CPU
		{ABA5A0AD-9790-40FB-ABCB-30EE5A12621A}.UnitTest|Mixed Platforms.Build.0 = Debug|Any CPU
		{ABA5A0AD-9790-40FB-ABCB-30EE5A12621A}.UnitTest|Win32.ActiveCfg = Debug|Any CPU
		{ABA5A0AD-9790-40FB-ABCB-30EE5A12621A}.UnitTest|Win32.Build.0 = Debug|Any CPU
		{ABA5A0AD-9790-40FB-ABCB-30EE5A12621A}.UnitTest|x86.ActiveCfg = Debug|Any CPU
		{ABA5A0AD-9790-40FB-ABCB-30EE5A12621A}.UnitTest|x86.Build.0 = Debug|Any CPU
	EndGlobalSection
	GlobalSection(SolutionProperties) = preSolution
		HideSolutionNode = FALSE
	EndGlobalSection
	GlobalSection(NestedProjects) = preSolution
		{1A009F26-41BC-4EC9-AB42-E2275DAB47EF} = {678811DA-BEE6-4BC8-AA20-C210B4C88A68}
		{31BBA71E-5AFC-4052-B9D6-F2E0168B5360} = {19D09A8B-5D97-489C-8176-54EB26942BEF}
		{A593ED3E-579D-4C99-A009-94137B1FBE5A} = {19D09A8B-5D97-489C-8176-54EB26942BEF}
		{2B3A2A7C-2266-482A-8CB0-D285C3895877} = {678811DA-BEE6-4BC8-AA20-C210B4C88A68}
		{C6F0D9E8-C2D9-4D80-8B9A-8AF1137DB5B3} = {EF1DC0A5-C2E7-42CC-BC32-4E4B5FFD95CB}
		{2C816F4D-52C9-437E-867E-D2C9EC6F2733} = {EF1DC0A5-C2E7-42CC-BC32-4E4B5FFD95CB}
		{132BA962-07FE-4F7B-867E-6BE6A799D0DF} = {B0ABACF0-1EA8-498F-B2D0-4275871B52E0}
		{1DADCB51-1686-4E54-86F4-8653D042695F} = {EF1DC0A5-C2E7-42CC-BC32-4E4B5FFD95CB}
		{DA372201-3C53-4C7E-A88F-BEFDDF5BC0FA} = {CA506FC3-3D4D-41B8-9205-1ED309DE78A1}
		{127612F3-AC60-4C20-874B-69514058CD2B} = {CA506FC3-3D4D-41B8-9205-1ED309DE78A1}
		{395CBB21-D85C-43D9-B051-3BD4C92AC4BD} = {19D09A8B-5D97-489C-8176-54EB26942BEF}
		{ABA5A0AD-9790-40FB-ABCB-30EE5A12621A} = {EF1DC0A5-C2E7-42CC-BC32-4E4B5FFD95CB}
	EndGlobalSection
	GlobalSection(ExtensibilityGlobals) = postSolution
		SolutionGuid = {DE1C46AE-29AA-423F-896A-2E19AC4F20FF}
	EndGlobalSection
	GlobalSection(TestCaseManagementSettings) = postSolution
		CategoryFile = user_awatt4.vsmdi
	EndGlobalSection
EndGlobal
