
Microsoft Visual Studio Solution File, Format Version 12.00
# Visual Studio Version 16
VisualStudioVersion = 16.0.29009.5
MinimumVisualStudioVersion = 10.0.40219.1
Project("{2150E333-8FDC-42A3-9474-1A3956D46DE8}") = "Tests", "Tests", "{5670EA59-759C-41DB-858E-4863EA635DC1}"
EndProject
Project("{2150E333-8FDC-42A3-9474-1A3956D46DE8}") = "Utilities", "Utilities", "{C9013A98-B98C-48F9-B393-450A4DFFBF26}"
EndProject
Project("{2150E333-8FDC-42A3-9474-1A3956D46DE8}") = "Services", "Services", "{0B7988AE-F444-4321-8C63-A6C326B34177}"
EndProject
Project("{2150E333-8FDC-42A3-9474-1A3956D46DE8}") = "Servers", "Servers", "{B223EAEC-1C16-4D3B-B0DF-556595D22E48}"
EndProject
Project("{FAE04EC0-301F-11D3-BF4B-00C04F79EFBC}") = "Highlander.Utilities.Tests", "Utilities\Util.Tests\Highlander.Utilities.Tests.csproj", "{5B1B52B3-7BE6-462A-BD0E-1E473D9EEC8E}"
EndProject
Project("{2150E333-8FDC-42A3-9474-1A3956D46DE8}") = "Generic Components", "Generic Components", "{597E0F0D-E450-48EB-8D70-B7D2492ABEFF}"
EndProject
Project("{2150E333-8FDC-42A3-9474-1A3956D46DE8}") = "Schema Components", "Schema Components", "{A42736DB-A7DF-467D-B66A-368A40594116}"
EndProject
Project("{2150E333-8FDC-42A3-9474-1A3956D46DE8}") = "Applications", "Applications", "{06FC165B-8629-4143-93FE-C749F10897B5}"
EndProject
Project("{FAE04EC0-301F-11D3-BF4B-00C04F79EFBC}") = "Highlander.Utilities", "Utilities\Util\Highlander.Utilities.csproj", "{BEAA39DD-56F2-459B-B05C-2B58E3B1C890}"
EndProject
Project("{FAE04EC0-301F-11D3-BF4B-00C04F79EFBC}") = "Highlander.WinTools", "Utilities\Util.WinTools\Highlander.WinTools.csproj", "{C4B2055E-25DF-45FE-8C7E-B2929A140E7A}"
EndProject
Project("{FAE04EC0-301F-11D3-BF4B-00C04F79EFBC}") = "Highlander.XmlViewer", "Utilities\XMLViewer\Highlander.XmlViewer.csproj", "{35274852-06EA-41A2-8BEC-749B7CF611E1}"
EndProject
Project("{FAE04EC0-301F-11D3-BF4B-00C04F79EFBC}") = "Highlander.Metadata.Common", "Metadata\Common\Highlander.Metadata.Common.csproj", "{214104C5-E2F7-4007-9A60-26D20D3CC80F}"
EndProject
Project("{FAE04EC0-301F-11D3-BF4B-00C04F79EFBC}") = "Highlander.Constants", "Metadata\Constants\Highlander.Constants.csproj", "{AB717476-3485-4B65-A916-027F75928CA7}"
EndProject
Project("{FAE04EC0-301F-11D3-BF4B-00C04F79EFBC}") = "Highlander.Workflow", "Components\WorkflowFramework\Highlander.Workflow.csproj", "{646417A1-8C17-49AF-93EC-F9055C8D43B7}"
EndProject
Project("{FAE04EC0-301F-11D3-BF4B-00C04F79EFBC}") = "Highlander.ChartControl", "Utilities\ChartControl\Highlander.ChartControl.csproj", "{5264FA5C-B660-4C0B-8262-56921F0D9A69}"
EndProject
Project("{FAE04EC0-301F-11D3-BF4B-00C04F79EFBC}") = "Highlander.Core.SetAppCfg", "Components\SetAppCfg\Highlander.Core.SetAppCfg.csproj", "{9B5FF643-9F8E-4143-8687-8837A2F02626}"
EndProject
Project("{FAE04EC0-301F-11D3-BF4B-00C04F79EFBC}") = "Highlander.Core.Bridge.SvcGui", "Components\Core.Bridge.SvcGui\Highlander.Core.Bridge.SvcGui.csproj", "{864BF04C-047F-41E9-AD31-AE90272BA922}"
EndProject
Project("{FAE04EC0-301F-11D3-BF4B-00C04F79EFBC}") = "Highlander.Core.Common", "Components\Core.Common\Highlander.Core.Common.csproj", "{C0A002B0-29F6-4F78-88FE-87E1C7A7F231}"
EndProject
Project("{FAE04EC0-301F-11D3-BF4B-00C04F79EFBC}") = "Highlander.Core.V34", "Components\Core.V34\Highlander.Core.V34.csproj", "{2227B445-976D-457A-B7E1-16C013599453}"
EndProject
Project("{FAE04EC0-301F-11D3-BF4B-00C04F79EFBC}") = "Highlander.Core.Bridge", "Components\Core.Bridge\Highlander.Core.Bridge.csproj", "{4368EDCC-EA38-4458-A27C-5412D9DCCF0A}"
EndProject
Project("{FAE04EC0-301F-11D3-BF4B-00C04F79EFBC}") = "Highlander.Codes.V5r3", "FpMLV5r3\Metadata\Codes\Highlander.Codes.V5r3.csproj", "{58B2D2DF-6E17-4CE3-A12F-863C811377EF}"
EndProject
Project("{FAE04EC0-301F-11D3-BF4B-00C04F79EFBC}") = "Highlander.Reporting.V5r3", "FpMLV5r3\Metadata\Reporting\Highlander.Reporting.V5r3.csproj", "{22B79BC7-9789-4DD7-8CE4-38FC5E42ADD7}"
EndProject
Project("{FAE04EC0-301F-11D3-BF4B-00C04F79EFBC}") = "Highlander.Core.AlertServer", "Components\Core.Alert.Server\Highlander.Core.AlertServer.csproj", "{C625A0DA-B927-4FC9-AA93-A9C2D5CFC64D}"
EndProject
Project("{FAE04EC0-301F-11D3-BF4B-00C04F79EFBC}") = "Highlander.Core.Server", "Components\Core.Server\Highlander.Core.Server.csproj", "{114B78D2-1CCD-41E0-8B7E-2D042D381631}"
EndProject
Project("{FAE04EC0-301F-11D3-BF4B-00C04F79EFBC}") = "Highlander.Core.WebServer", "Components\Core.WebSvc.Server\Highlander.Core.WebServer.csproj", "{267881E6-0C36-4F0A-94A9-BABACD040179}"
EndProject
Project("{FAE04EC0-301F-11D3-BF4B-00C04F79EFBC}") = "Highlander.Core.AlertService", "Components\Core.Alert.WinSvc\Highlander.Core.AlertService.csproj", "{9399BF46-C436-4594-942F-20A169131FE1}"
EndProject
Project("{FAE04EC0-301F-11D3-BF4B-00C04F79EFBC}") = "Highlander.Core.Service", "Components\Core.WinSvc\Highlander.Core.Service.csproj", "{A738D057-2741-4BC5-A270-03EF802D061F}"
EndProject
Project("{FAE04EC0-301F-11D3-BF4B-00C04F79EFBC}") = "Highlander.Core.WebService", "Components\Core.WebSvc.WinSvc\Highlander.Core.WebService.csproj", "{C0BA186D-A8DC-4170-9A46-6A766A7D24D8}"
EndProject
Project("{FAE04EC0-301F-11D3-BF4B-00C04F79EFBC}") = "Highlander.Core.Web.TestClient", "Components\Core.WebSvc.TestServer\Highlander.Core.Web.TestClient.csproj", "{94EEE69A-ED26-420E-B034-80007989DA85}"
EndProject
Project("{FAE04EC0-301F-11D3-BF4B-00C04F79EFBC}") = "Highlander.Core.Backup", "Components\Core.Backup\Highlander.Core.Backup.csproj", "{43D8E780-61C6-4378-B229-43BE00C53942}"
EndProject
Project("{FAE04EC0-301F-11D3-BF4B-00C04F79EFBC}") = "Highlander.Core.NetMon", "Components\Core.NetMon\Highlander.Core.NetMon.csproj", "{261528DA-6F05-4E7E-AE10-C91B2A0CAF99}"
EndProject
Project("{FAE04EC0-301F-11D3-BF4B-00C04F79EFBC}") = "Highlander.Core.WebSvc.TestClient", "Components\Core.WebSvc.TestClient\Highlander.Core.WebSvc.TestClient.csproj", "{578A4C73-E4EF-45A4-B7D9-0E24047F56C1}"
EndProject
Project("{FAE04EC0-301F-11D3-BF4B-00C04F79EFBC}") = "Highlander.Core.V34.Tests", "Components\Core.V34.Tests\Highlander.Core.V34.Tests.csproj", "{46FB47C0-F79A-41AF-BAEF-86510B9C1F28}"
EndProject
Project("{FAE04EC0-301F-11D3-BF4B-00C04F79EFBC}") = "Highlander.NVS.DebuggerVisualizer", "Components\NamedValueSetVisualizer\Highlander.NVS.DebuggerVisualizer.csproj", "{262817A7-1A12-409A-A5B9-BA7DF0DE5A29}"
EndProject
Project("{FAE04EC0-301F-11D3-BF4B-00C04F79EFBC}") = "Highlander.Core.SvcGui", "Components\Core.SvcGui\Highlander.Core.SvcGui.csproj", "{51FD756A-9C6F-4FEA-9FB4-C50C3CBF47AB}"
EndProject
Project("{FAE04EC0-301F-11D3-BF4B-00C04F79EFBC}") = "Highlander.Workflow.Tests", "Components\Workflow.Tests\Highlander.Workflow.Tests.csproj", "{E9B7C66B-F009-4DCA-9C9F-46D739740120}"
EndProject
Project("{FAE04EC0-301F-11D3-BF4B-00C04F79EFBC}") = "Highlander.Core.FileImporterServer", "Components\Core.FileImporter\Highlander.Core.FileImporterServer.csproj", "{888C6B6A-D4CF-4EDC-A7DD-09C14FA22201}"
EndProject
Project("{FAE04EC0-301F-11D3-BF4B-00C04F79EFBC}") = "Highlander.Core.TradeDump.V5r3", "Components\Core.Dump\Highlander.Core.TradeDump.V5r3.csproj", "{52D9B48B-60D0-4D8D-8345-45B15A85C37B}"
EndProject
Global
	GlobalSection(SolutionConfigurationPlatforms) = preSolution
		Debug|Any CPU = Debug|Any CPU
		Debug|Mixed Platforms = Debug|Mixed Platforms
		Debug|Win32 = Debug|Win32
		Debug|x86 = Debug|x86
		Release|Any CPU = Release|Any CPU
		Release|Mixed Platforms = Release|Mixed Platforms
		Release|Win32 = Release|Win32
		Release|x86 = Release|x86
		UnitTest|Any CPU = UnitTest|Any CPU
		UnitTest|Mixed Platforms = UnitTest|Mixed Platforms
		UnitTest|Win32 = UnitTest|Win32
		UnitTest|x86 = UnitTest|x86
	EndGlobalSection
	GlobalSection(ProjectConfigurationPlatforms) = postSolution
		{5B1B52B3-7BE6-462A-BD0E-1E473D9EEC8E}.Debug|Any CPU.ActiveCfg = Debug|Any CPU
		{5B1B52B3-7BE6-462A-BD0E-1E473D9EEC8E}.Debug|Any CPU.Build.0 = Debug|Any CPU
		{5B1B52B3-7BE6-462A-BD0E-1E473D9EEC8E}.Debug|Mixed Platforms.ActiveCfg = Debug|Any CPU
		{5B1B52B3-7BE6-462A-BD0E-1E473D9EEC8E}.Debug|Mixed Platforms.Build.0 = Debug|Any CPU
		{5B1B52B3-7BE6-462A-BD0E-1E473D9EEC8E}.Debug|Win32.ActiveCfg = Debug|Any CPU
		{5B1B52B3-7BE6-462A-BD0E-1E473D9EEC8E}.Debug|x86.ActiveCfg = Debug|Any CPU
		{5B1B52B3-7BE6-462A-BD0E-1E473D9EEC8E}.Release|Any CPU.ActiveCfg = Release|Any CPU
		{5B1B52B3-7BE6-462A-BD0E-1E473D9EEC8E}.Release|Any CPU.Build.0 = Release|Any CPU
		{5B1B52B3-7BE6-462A-BD0E-1E473D9EEC8E}.Release|Mixed Platforms.ActiveCfg = Release|Any CPU
		{5B1B52B3-7BE6-462A-BD0E-1E473D9EEC8E}.Release|Mixed Platforms.Build.0 = Release|Any CPU
		{5B1B52B3-7BE6-462A-BD0E-1E473D9EEC8E}.Release|Win32.ActiveCfg = Release|Any CPU
		{5B1B52B3-7BE6-462A-BD0E-1E473D9EEC8E}.Release|x86.ActiveCfg = Release|Any CPU
		{5B1B52B3-7BE6-462A-BD0E-1E473D9EEC8E}.UnitTest|Any CPU.ActiveCfg = Release|Any CPU
		{5B1B52B3-7BE6-462A-BD0E-1E473D9EEC8E}.UnitTest|Any CPU.Build.0 = Release|Any CPU
		{5B1B52B3-7BE6-462A-BD0E-1E473D9EEC8E}.UnitTest|Mixed Platforms.ActiveCfg = Release|Any CPU
		{5B1B52B3-7BE6-462A-BD0E-1E473D9EEC8E}.UnitTest|Mixed Platforms.Build.0 = Release|Any CPU
		{5B1B52B3-7BE6-462A-BD0E-1E473D9EEC8E}.UnitTest|Win32.ActiveCfg = Release|Any CPU
		{5B1B52B3-7BE6-462A-BD0E-1E473D9EEC8E}.UnitTest|x86.ActiveCfg = Release|Any CPU
		{BEAA39DD-56F2-459B-B05C-2B58E3B1C890}.Debug|Any CPU.ActiveCfg = Debug|Any CPU
		{BEAA39DD-56F2-459B-B05C-2B58E3B1C890}.Debug|Any CPU.Build.0 = Debug|Any CPU
		{BEAA39DD-56F2-459B-B05C-2B58E3B1C890}.Debug|Mixed Platforms.ActiveCfg = Debug|Any CPU
		{BEAA39DD-56F2-459B-B05C-2B58E3B1C890}.Debug|Mixed Platforms.Build.0 = Debug|Any CPU
		{BEAA39DD-56F2-459B-B05C-2B58E3B1C890}.Debug|Win32.ActiveCfg = Debug|Any CPU
		{BEAA39DD-56F2-459B-B05C-2B58E3B1C890}.Debug|Win32.Build.0 = Debug|Any CPU
		{BEAA39DD-56F2-459B-B05C-2B58E3B1C890}.Debug|x86.ActiveCfg = Debug|Any CPU
		{BEAA39DD-56F2-459B-B05C-2B58E3B1C890}.Debug|x86.Build.0 = Debug|Any CPU
		{BEAA39DD-56F2-459B-B05C-2B58E3B1C890}.Release|Any CPU.ActiveCfg = Release|Any CPU
		{BEAA39DD-56F2-459B-B05C-2B58E3B1C890}.Release|Any CPU.Build.0 = Release|Any CPU
		{BEAA39DD-56F2-459B-B05C-2B58E3B1C890}.Release|Mixed Platforms.ActiveCfg = Release|Any CPU
		{BEAA39DD-56F2-459B-B05C-2B58E3B1C890}.Release|Mixed Platforms.Build.0 = Release|Any CPU
		{BEAA39DD-56F2-459B-B05C-2B58E3B1C890}.Release|Win32.ActiveCfg = Release|Any CPU
		{BEAA39DD-56F2-459B-B05C-2B58E3B1C890}.Release|Win32.Build.0 = Release|Any CPU
		{BEAA39DD-56F2-459B-B05C-2B58E3B1C890}.Release|x86.ActiveCfg = Release|Any CPU
		{BEAA39DD-56F2-459B-B05C-2B58E3B1C890}.Release|x86.Build.0 = Release|Any CPU
		{BEAA39DD-56F2-459B-B05C-2B58E3B1C890}.UnitTest|Any CPU.ActiveCfg = Release|Any CPU
		{BEAA39DD-56F2-459B-B05C-2B58E3B1C890}.UnitTest|Any CPU.Build.0 = Release|Any CPU
		{BEAA39DD-56F2-459B-B05C-2B58E3B1C890}.UnitTest|Mixed Platforms.ActiveCfg = Release|Any CPU
		{BEAA39DD-56F2-459B-B05C-2B58E3B1C890}.UnitTest|Mixed Platforms.Build.0 = Release|Any CPU
		{BEAA39DD-56F2-459B-B05C-2B58E3B1C890}.UnitTest|Win32.ActiveCfg = Release|Any CPU
		{BEAA39DD-56F2-459B-B05C-2B58E3B1C890}.UnitTest|Win32.Build.0 = Release|Any CPU
		{BEAA39DD-56F2-459B-B05C-2B58E3B1C890}.UnitTest|x86.ActiveCfg = Release|Any CPU
		{BEAA39DD-56F2-459B-B05C-2B58E3B1C890}.UnitTest|x86.Build.0 = Release|Any CPU
		{C4B2055E-25DF-45FE-8C7E-B2929A140E7A}.Debug|Any CPU.ActiveCfg = Debug|Any CPU
		{C4B2055E-25DF-45FE-8C7E-B2929A140E7A}.Debug|Any CPU.Build.0 = Debug|Any CPU
		{C4B2055E-25DF-45FE-8C7E-B2929A140E7A}.Debug|Mixed Platforms.ActiveCfg = Debug|Any CPU
		{C4B2055E-25DF-45FE-8C7E-B2929A140E7A}.Debug|Mixed Platforms.Build.0 = Debug|Any CPU
		{C4B2055E-25DF-45FE-8C7E-B2929A140E7A}.Debug|Win32.ActiveCfg = Debug|Any CPU
		{C4B2055E-25DF-45FE-8C7E-B2929A140E7A}.Debug|Win32.Build.0 = Debug|Any CPU
		{C4B2055E-25DF-45FE-8C7E-B2929A140E7A}.Debug|x86.ActiveCfg = Debug|Any CPU
		{C4B2055E-25DF-45FE-8C7E-B2929A140E7A}.Debug|x86.Build.0 = Debug|Any CPU
		{C4B2055E-25DF-45FE-8C7E-B2929A140E7A}.Release|Any CPU.ActiveCfg = Release|Any CPU
		{C4B2055E-25DF-45FE-8C7E-B2929A140E7A}.Release|Any CPU.Build.0 = Release|Any CPU
		{C4B2055E-25DF-45FE-8C7E-B2929A140E7A}.Release|Mixed Platforms.ActiveCfg = Release|Any CPU
		{C4B2055E-25DF-45FE-8C7E-B2929A140E7A}.Release|Mixed Platforms.Build.0 = Release|Any CPU
		{C4B2055E-25DF-45FE-8C7E-B2929A140E7A}.Release|Win32.ActiveCfg = Release|Any CPU
		{C4B2055E-25DF-45FE-8C7E-B2929A140E7A}.Release|Win32.Build.0 = Release|Any CPU
		{C4B2055E-25DF-45FE-8C7E-B2929A140E7A}.Release|x86.ActiveCfg = Release|Any CPU
		{C4B2055E-25DF-45FE-8C7E-B2929A140E7A}.Release|x86.Build.0 = Release|Any CPU
		{C4B2055E-25DF-45FE-8C7E-B2929A140E7A}.UnitTest|Any CPU.ActiveCfg = Release|Any CPU
		{C4B2055E-25DF-45FE-8C7E-B2929A140E7A}.UnitTest|Any CPU.Build.0 = Release|Any CPU
		{C4B2055E-25DF-45FE-8C7E-B2929A140E7A}.UnitTest|Mixed Platforms.ActiveCfg = Release|Any CPU
		{C4B2055E-25DF-45FE-8C7E-B2929A140E7A}.UnitTest|Mixed Platforms.Build.0 = Release|Any CPU
		{C4B2055E-25DF-45FE-8C7E-B2929A140E7A}.UnitTest|Win32.ActiveCfg = Release|Any CPU
		{C4B2055E-25DF-45FE-8C7E-B2929A140E7A}.UnitTest|Win32.Build.0 = Release|Any CPU
		{C4B2055E-25DF-45FE-8C7E-B2929A140E7A}.UnitTest|x86.ActiveCfg = Release|Any CPU
		{C4B2055E-25DF-45FE-8C7E-B2929A140E7A}.UnitTest|x86.Build.0 = Release|Any CPU
		{35274852-06EA-41A2-8BEC-749B7CF611E1}.Debug|Any CPU.ActiveCfg = Debug|Any CPU
		{35274852-06EA-41A2-8BEC-749B7CF611E1}.Debug|Any CPU.Build.0 = Debug|Any CPU
		{35274852-06EA-41A2-8BEC-749B7CF611E1}.Debug|Mixed Platforms.ActiveCfg = Debug|Any CPU
		{35274852-06EA-41A2-8BEC-749B7CF611E1}.Debug|Mixed Platforms.Build.0 = Debug|Any CPU
		{35274852-06EA-41A2-8BEC-749B7CF611E1}.Debug|Win32.ActiveCfg = Debug|Any CPU
		{35274852-06EA-41A2-8BEC-749B7CF611E1}.Debug|Win32.Build.0 = Debug|Any CPU
		{35274852-06EA-41A2-8BEC-749B7CF611E1}.Debug|x86.ActiveCfg = Debug|Any CPU
		{35274852-06EA-41A2-8BEC-749B7CF611E1}.Debug|x86.Build.0 = Debug|Any CPU
		{35274852-06EA-41A2-8BEC-749B7CF611E1}.Release|Any CPU.ActiveCfg = Release|Any CPU
		{35274852-06EA-41A2-8BEC-749B7CF611E1}.Release|Any CPU.Build.0 = Release|Any CPU
		{35274852-06EA-41A2-8BEC-749B7CF611E1}.Release|Mixed Platforms.ActiveCfg = Release|Any CPU
		{35274852-06EA-41A2-8BEC-749B7CF611E1}.Release|Mixed Platforms.Build.0 = Release|Any CPU
		{35274852-06EA-41A2-8BEC-749B7CF611E1}.Release|Win32.ActiveCfg = Release|Any CPU
		{35274852-06EA-41A2-8BEC-749B7CF611E1}.Release|Win32.Build.0 = Release|Any CPU
		{35274852-06EA-41A2-8BEC-749B7CF611E1}.Release|x86.ActiveCfg = Release|Any CPU
		{35274852-06EA-41A2-8BEC-749B7CF611E1}.Release|x86.Build.0 = Release|Any CPU
		{35274852-06EA-41A2-8BEC-749B7CF611E1}.UnitTest|Any CPU.ActiveCfg = Release|Any CPU
		{35274852-06EA-41A2-8BEC-749B7CF611E1}.UnitTest|Any CPU.Build.0 = Release|Any CPU
		{35274852-06EA-41A2-8BEC-749B7CF611E1}.UnitTest|Mixed Platforms.ActiveCfg = Release|Any CPU
		{35274852-06EA-41A2-8BEC-749B7CF611E1}.UnitTest|Mixed Platforms.Build.0 = Release|Any CPU
		{35274852-06EA-41A2-8BEC-749B7CF611E1}.UnitTest|Win32.ActiveCfg = Release|Any CPU
		{35274852-06EA-41A2-8BEC-749B7CF611E1}.UnitTest|Win32.Build.0 = Release|Any CPU
		{35274852-06EA-41A2-8BEC-749B7CF611E1}.UnitTest|x86.ActiveCfg = Release|Any CPU
		{35274852-06EA-41A2-8BEC-749B7CF611E1}.UnitTest|x86.Build.0 = Release|Any CPU
		{214104C5-E2F7-4007-9A60-26D20D3CC80F}.Debug|Any CPU.ActiveCfg = Debug|Any CPU
		{214104C5-E2F7-4007-9A60-26D20D3CC80F}.Debug|Any CPU.Build.0 = Debug|Any CPU
		{214104C5-E2F7-4007-9A60-26D20D3CC80F}.Debug|Mixed Platforms.ActiveCfg = Debug|Any CPU
		{214104C5-E2F7-4007-9A60-26D20D3CC80F}.Debug|Mixed Platforms.Build.0 = Debug|Any CPU
		{214104C5-E2F7-4007-9A60-26D20D3CC80F}.Debug|Win32.ActiveCfg = Debug|Any CPU
		{214104C5-E2F7-4007-9A60-26D20D3CC80F}.Debug|Win32.Build.0 = Debug|Any CPU
		{214104C5-E2F7-4007-9A60-26D20D3CC80F}.Debug|x86.ActiveCfg = Debug|Any CPU
		{214104C5-E2F7-4007-9A60-26D20D3CC80F}.Debug|x86.Build.0 = Debug|Any CPU
		{214104C5-E2F7-4007-9A60-26D20D3CC80F}.Release|Any CPU.ActiveCfg = Release|Any CPU
		{214104C5-E2F7-4007-9A60-26D20D3CC80F}.Release|Any CPU.Build.0 = Release|Any CPU
		{214104C5-E2F7-4007-9A60-26D20D3CC80F}.Release|Mixed Platforms.ActiveCfg = Release|Any CPU
		{214104C5-E2F7-4007-9A60-26D20D3CC80F}.Release|Mixed Platforms.Build.0 = Release|Any CPU
		{214104C5-E2F7-4007-9A60-26D20D3CC80F}.Release|Win32.ActiveCfg = Release|Any CPU
		{214104C5-E2F7-4007-9A60-26D20D3CC80F}.Release|Win32.Build.0 = Release|Any CPU
		{214104C5-E2F7-4007-9A60-26D20D3CC80F}.Release|x86.ActiveCfg = Release|Any CPU
		{214104C5-E2F7-4007-9A60-26D20D3CC80F}.Release|x86.Build.0 = Release|Any CPU
		{214104C5-E2F7-4007-9A60-26D20D3CC80F}.UnitTest|Any CPU.ActiveCfg = Release|Any CPU
		{214104C5-E2F7-4007-9A60-26D20D3CC80F}.UnitTest|Any CPU.Build.0 = Release|Any CPU
		{214104C5-E2F7-4007-9A60-26D20D3CC80F}.UnitTest|Mixed Platforms.ActiveCfg = Release|Any CPU
		{214104C5-E2F7-4007-9A60-26D20D3CC80F}.UnitTest|Mixed Platforms.Build.0 = Release|Any CPU
		{214104C5-E2F7-4007-9A60-26D20D3CC80F}.UnitTest|Win32.ActiveCfg = Release|Any CPU
		{214104C5-E2F7-4007-9A60-26D20D3CC80F}.UnitTest|Win32.Build.0 = Release|Any CPU
		{214104C5-E2F7-4007-9A60-26D20D3CC80F}.UnitTest|x86.ActiveCfg = Release|Any CPU
		{214104C5-E2F7-4007-9A60-26D20D3CC80F}.UnitTest|x86.Build.0 = Release|Any CPU
		{AB717476-3485-4B65-A916-027F75928CA7}.Debug|Any CPU.ActiveCfg = Debug|Any CPU
		{AB717476-3485-4B65-A916-027F75928CA7}.Debug|Any CPU.Build.0 = Debug|Any CPU
		{AB717476-3485-4B65-A916-027F75928CA7}.Debug|Mixed Platforms.ActiveCfg = Debug|Any CPU
		{AB717476-3485-4B65-A916-027F75928CA7}.Debug|Mixed Platforms.Build.0 = Debug|Any CPU
		{AB717476-3485-4B65-A916-027F75928CA7}.Debug|Win32.ActiveCfg = Debug|Any CPU
		{AB717476-3485-4B65-A916-027F75928CA7}.Debug|Win32.Build.0 = Debug|Any CPU
		{AB717476-3485-4B65-A916-027F75928CA7}.Debug|x86.ActiveCfg = Debug|Any CPU
		{AB717476-3485-4B65-A916-027F75928CA7}.Debug|x86.Build.0 = Debug|Any CPU
		{AB717476-3485-4B65-A916-027F75928CA7}.Release|Any CPU.ActiveCfg = Release|Any CPU
		{AB717476-3485-4B65-A916-027F75928CA7}.Release|Any CPU.Build.0 = Release|Any CPU
		{AB717476-3485-4B65-A916-027F75928CA7}.Release|Mixed Platforms.ActiveCfg = Release|Any CPU
		{AB717476-3485-4B65-A916-027F75928CA7}.Release|Mixed Platforms.Build.0 = Release|Any CPU
		{AB717476-3485-4B65-A916-027F75928CA7}.Release|Win32.ActiveCfg = Release|Any CPU
		{AB717476-3485-4B65-A916-027F75928CA7}.Release|Win32.Build.0 = Release|Any CPU
		{AB717476-3485-4B65-A916-027F75928CA7}.Release|x86.ActiveCfg = Release|Any CPU
		{AB717476-3485-4B65-A916-027F75928CA7}.Release|x86.Build.0 = Release|Any CPU
		{AB717476-3485-4B65-A916-027F75928CA7}.UnitTest|Any CPU.ActiveCfg = Release|Any CPU
		{AB717476-3485-4B65-A916-027F75928CA7}.UnitTest|Any CPU.Build.0 = Release|Any CPU
		{AB717476-3485-4B65-A916-027F75928CA7}.UnitTest|Mixed Platforms.ActiveCfg = Release|Any CPU
		{AB717476-3485-4B65-A916-027F75928CA7}.UnitTest|Mixed Platforms.Build.0 = Release|Any CPU
		{AB717476-3485-4B65-A916-027F75928CA7}.UnitTest|Win32.ActiveCfg = Release|Any CPU
		{AB717476-3485-4B65-A916-027F75928CA7}.UnitTest|Win32.Build.0 = Release|Any CPU
		{AB717476-3485-4B65-A916-027F75928CA7}.UnitTest|x86.ActiveCfg = Release|Any CPU
		{AB717476-3485-4B65-A916-027F75928CA7}.UnitTest|x86.Build.0 = Release|Any CPU
		{646417A1-8C17-49AF-93EC-F9055C8D43B7}.Debug|Any CPU.ActiveCfg = Debug|Any CPU
		{646417A1-8C17-49AF-93EC-F9055C8D43B7}.Debug|Any CPU.Build.0 = Debug|Any CPU
		{646417A1-8C17-49AF-93EC-F9055C8D43B7}.Debug|Mixed Platforms.ActiveCfg = Debug|Any CPU
		{646417A1-8C17-49AF-93EC-F9055C8D43B7}.Debug|Mixed Platforms.Build.0 = Debug|Any CPU
		{646417A1-8C17-49AF-93EC-F9055C8D43B7}.Debug|Win32.ActiveCfg = Debug|Any CPU
		{646417A1-8C17-49AF-93EC-F9055C8D43B7}.Debug|Win32.Build.0 = Debug|Any CPU
		{646417A1-8C17-49AF-93EC-F9055C8D43B7}.Debug|x86.ActiveCfg = Debug|Any CPU
		{646417A1-8C17-49AF-93EC-F9055C8D43B7}.Debug|x86.Build.0 = Debug|Any CPU
		{646417A1-8C17-49AF-93EC-F9055C8D43B7}.Release|Any CPU.ActiveCfg = Release|Any CPU
		{646417A1-8C17-49AF-93EC-F9055C8D43B7}.Release|Any CPU.Build.0 = Release|Any CPU
		{646417A1-8C17-49AF-93EC-F9055C8D43B7}.Release|Mixed Platforms.ActiveCfg = Release|Any CPU
		{646417A1-8C17-49AF-93EC-F9055C8D43B7}.Release|Mixed Platforms.Build.0 = Release|Any CPU
		{646417A1-8C17-49AF-93EC-F9055C8D43B7}.Release|Win32.ActiveCfg = Release|Any CPU
		{646417A1-8C17-49AF-93EC-F9055C8D43B7}.Release|Win32.Build.0 = Release|Any CPU
		{646417A1-8C17-49AF-93EC-F9055C8D43B7}.Release|x86.ActiveCfg = Release|Any CPU
		{646417A1-8C17-49AF-93EC-F9055C8D43B7}.Release|x86.Build.0 = Release|Any CPU
		{646417A1-8C17-49AF-93EC-F9055C8D43B7}.UnitTest|Any CPU.ActiveCfg = Release|Any CPU
		{646417A1-8C17-49AF-93EC-F9055C8D43B7}.UnitTest|Any CPU.Build.0 = Release|Any CPU
		{646417A1-8C17-49AF-93EC-F9055C8D43B7}.UnitTest|Mixed Platforms.ActiveCfg = Release|Any CPU
		{646417A1-8C17-49AF-93EC-F9055C8D43B7}.UnitTest|Mixed Platforms.Build.0 = Release|Any CPU
		{646417A1-8C17-49AF-93EC-F9055C8D43B7}.UnitTest|Win32.ActiveCfg = Release|Any CPU
		{646417A1-8C17-49AF-93EC-F9055C8D43B7}.UnitTest|Win32.Build.0 = Release|Any CPU
		{646417A1-8C17-49AF-93EC-F9055C8D43B7}.UnitTest|x86.ActiveCfg = Release|Any CPU
		{646417A1-8C17-49AF-93EC-F9055C8D43B7}.UnitTest|x86.Build.0 = Release|Any CPU
		{5264FA5C-B660-4C0B-8262-56921F0D9A69}.Debug|Any CPU.ActiveCfg = Debug|Any CPU
		{5264FA5C-B660-4C0B-8262-56921F0D9A69}.Debug|Any CPU.Build.0 = Debug|Any CPU
		{5264FA5C-B660-4C0B-8262-56921F0D9A69}.Debug|Mixed Platforms.ActiveCfg = Debug|Any CPU
		{5264FA5C-B660-4C0B-8262-56921F0D9A69}.Debug|Mixed Platforms.Build.0 = Debug|Any CPU
		{5264FA5C-B660-4C0B-8262-56921F0D9A69}.Debug|Win32.ActiveCfg = Debug|Any CPU
		{5264FA5C-B660-4C0B-8262-56921F0D9A69}.Debug|Win32.Build.0 = Debug|Any CPU
		{5264FA5C-B660-4C0B-8262-56921F0D9A69}.Debug|x86.ActiveCfg = Debug|Any CPU
		{5264FA5C-B660-4C0B-8262-56921F0D9A69}.Debug|x86.Build.0 = Debug|Any CPU
		{5264FA5C-B660-4C0B-8262-56921F0D9A69}.Release|Any CPU.ActiveCfg = Release|Any CPU
		{5264FA5C-B660-4C0B-8262-56921F0D9A69}.Release|Any CPU.Build.0 = Release|Any CPU
		{5264FA5C-B660-4C0B-8262-56921F0D9A69}.Release|Mixed Platforms.ActiveCfg = Release|Any CPU
		{5264FA5C-B660-4C0B-8262-56921F0D9A69}.Release|Mixed Platforms.Build.0 = Release|Any CPU
		{5264FA5C-B660-4C0B-8262-56921F0D9A69}.Release|Win32.ActiveCfg = Release|Any CPU
		{5264FA5C-B660-4C0B-8262-56921F0D9A69}.Release|Win32.Build.0 = Release|Any CPU
		{5264FA5C-B660-4C0B-8262-56921F0D9A69}.Release|x86.ActiveCfg = Release|Any CPU
		{5264FA5C-B660-4C0B-8262-56921F0D9A69}.Release|x86.Build.0 = Release|Any CPU
		{5264FA5C-B660-4C0B-8262-56921F0D9A69}.UnitTest|Any CPU.ActiveCfg = Release|Any CPU
		{5264FA5C-B660-4C0B-8262-56921F0D9A69}.UnitTest|Any CPU.Build.0 = Release|Any CPU
		{5264FA5C-B660-4C0B-8262-56921F0D9A69}.UnitTest|Mixed Platforms.ActiveCfg = Release|Any CPU
		{5264FA5C-B660-4C0B-8262-56921F0D9A69}.UnitTest|Mixed Platforms.Build.0 = Release|Any CPU
		{5264FA5C-B660-4C0B-8262-56921F0D9A69}.UnitTest|Win32.ActiveCfg = Release|Any CPU
		{5264FA5C-B660-4C0B-8262-56921F0D9A69}.UnitTest|Win32.Build.0 = Release|Any CPU
		{5264FA5C-B660-4C0B-8262-56921F0D9A69}.UnitTest|x86.ActiveCfg = Release|Any CPU
		{5264FA5C-B660-4C0B-8262-56921F0D9A69}.UnitTest|x86.Build.0 = Release|Any CPU
		{9B5FF643-9F8E-4143-8687-8837A2F02626}.Debug|Any CPU.ActiveCfg = Debug|Any CPU
		{9B5FF643-9F8E-4143-8687-8837A2F02626}.Debug|Any CPU.Build.0 = Debug|Any CPU
		{9B5FF643-9F8E-4143-8687-8837A2F02626}.Debug|Mixed Platforms.ActiveCfg = Debug|Any CPU
		{9B5FF643-9F8E-4143-8687-8837A2F02626}.Debug|Mixed Platforms.Build.0 = Debug|Any CPU
		{9B5FF643-9F8E-4143-8687-8837A2F02626}.Debug|Win32.ActiveCfg = Debug|Any CPU
		{9B5FF643-9F8E-4143-8687-8837A2F02626}.Debug|Win32.Build.0 = Debug|Any CPU
		{9B5FF643-9F8E-4143-8687-8837A2F02626}.Debug|x86.ActiveCfg = Debug|Any CPU
		{9B5FF643-9F8E-4143-8687-8837A2F02626}.Debug|x86.Build.0 = Debug|Any CPU
		{9B5FF643-9F8E-4143-8687-8837A2F02626}.Release|Any CPU.ActiveCfg = Release|Any CPU
		{9B5FF643-9F8E-4143-8687-8837A2F02626}.Release|Any CPU.Build.0 = Release|Any CPU
		{9B5FF643-9F8E-4143-8687-8837A2F02626}.Release|Mixed Platforms.ActiveCfg = Release|Any CPU
		{9B5FF643-9F8E-4143-8687-8837A2F02626}.Release|Mixed Platforms.Build.0 = Release|Any CPU
		{9B5FF643-9F8E-4143-8687-8837A2F02626}.Release|Win32.ActiveCfg = Release|Any CPU
		{9B5FF643-9F8E-4143-8687-8837A2F02626}.Release|Win32.Build.0 = Release|Any CPU
		{9B5FF643-9F8E-4143-8687-8837A2F02626}.Release|x86.ActiveCfg = Release|Any CPU
		{9B5FF643-9F8E-4143-8687-8837A2F02626}.Release|x86.Build.0 = Release|Any CPU
		{9B5FF643-9F8E-4143-8687-8837A2F02626}.UnitTest|Any CPU.ActiveCfg = Release|Any CPU
		{9B5FF643-9F8E-4143-8687-8837A2F02626}.UnitTest|Any CPU.Build.0 = Release|Any CPU
		{9B5FF643-9F8E-4143-8687-8837A2F02626}.UnitTest|Mixed Platforms.ActiveCfg = Release|Any CPU
		{9B5FF643-9F8E-4143-8687-8837A2F02626}.UnitTest|Mixed Platforms.Build.0 = Release|Any CPU
		{9B5FF643-9F8E-4143-8687-8837A2F02626}.UnitTest|Win32.ActiveCfg = Release|Any CPU
		{9B5FF643-9F8E-4143-8687-8837A2F02626}.UnitTest|Win32.Build.0 = Release|Any CPU
		{9B5FF643-9F8E-4143-8687-8837A2F02626}.UnitTest|x86.ActiveCfg = Release|Any CPU
		{9B5FF643-9F8E-4143-8687-8837A2F02626}.UnitTest|x86.Build.0 = Release|Any CPU
		{864BF04C-047F-41E9-AD31-AE90272BA922}.Debug|Any CPU.ActiveCfg = Debug|Any CPU
		{864BF04C-047F-41E9-AD31-AE90272BA922}.Debug|Any CPU.Build.0 = Debug|Any CPU
		{864BF04C-047F-41E9-AD31-AE90272BA922}.Debug|Mixed Platforms.ActiveCfg = Debug|Any CPU
		{864BF04C-047F-41E9-AD31-AE90272BA922}.Debug|Mixed Platforms.Build.0 = Debug|Any CPU
		{864BF04C-047F-41E9-AD31-AE90272BA922}.Debug|Win32.ActiveCfg = Debug|Any CPU
		{864BF04C-047F-41E9-AD31-AE90272BA922}.Debug|Win32.Build.0 = Debug|Any CPU
		{864BF04C-047F-41E9-AD31-AE90272BA922}.Debug|x86.ActiveCfg = Debug|Any CPU
		{864BF04C-047F-41E9-AD31-AE90272BA922}.Debug|x86.Build.0 = Debug|Any CPU
		{864BF04C-047F-41E9-AD31-AE90272BA922}.Release|Any CPU.ActiveCfg = Release|Any CPU
		{864BF04C-047F-41E9-AD31-AE90272BA922}.Release|Any CPU.Build.0 = Release|Any CPU
		{864BF04C-047F-41E9-AD31-AE90272BA922}.Release|Mixed Platforms.ActiveCfg = Release|Any CPU
		{864BF04C-047F-41E9-AD31-AE90272BA922}.Release|Mixed Platforms.Build.0 = Release|Any CPU
		{864BF04C-047F-41E9-AD31-AE90272BA922}.Release|Win32.ActiveCfg = Release|Any CPU
		{864BF04C-047F-41E9-AD31-AE90272BA922}.Release|Win32.Build.0 = Release|Any CPU
		{864BF04C-047F-41E9-AD31-AE90272BA922}.Release|x86.ActiveCfg = Release|Any CPU
		{864BF04C-047F-41E9-AD31-AE90272BA922}.Release|x86.Build.0 = Release|Any CPU
		{864BF04C-047F-41E9-AD31-AE90272BA922}.UnitTest|Any CPU.ActiveCfg = Release|Any CPU
		{864BF04C-047F-41E9-AD31-AE90272BA922}.UnitTest|Any CPU.Build.0 = Release|Any CPU
		{864BF04C-047F-41E9-AD31-AE90272BA922}.UnitTest|Mixed Platforms.ActiveCfg = Release|Any CPU
		{864BF04C-047F-41E9-AD31-AE90272BA922}.UnitTest|Mixed Platforms.Build.0 = Release|Any CPU
		{864BF04C-047F-41E9-AD31-AE90272BA922}.UnitTest|Win32.ActiveCfg = Release|Any CPU
		{864BF04C-047F-41E9-AD31-AE90272BA922}.UnitTest|Win32.Build.0 = Release|Any CPU
		{864BF04C-047F-41E9-AD31-AE90272BA922}.UnitTest|x86.ActiveCfg = Release|Any CPU
		{864BF04C-047F-41E9-AD31-AE90272BA922}.UnitTest|x86.Build.0 = Release|Any CPU
		{C0A002B0-29F6-4F78-88FE-87E1C7A7F231}.Debug|Any CPU.ActiveCfg = Debug|Any CPU
		{C0A002B0-29F6-4F78-88FE-87E1C7A7F231}.Debug|Any CPU.Build.0 = Debug|Any CPU
		{C0A002B0-29F6-4F78-88FE-87E1C7A7F231}.Debug|Mixed Platforms.ActiveCfg = Debug|Any CPU
		{C0A002B0-29F6-4F78-88FE-87E1C7A7F231}.Debug|Mixed Platforms.Build.0 = Debug|Any CPU
		{C0A002B0-29F6-4F78-88FE-87E1C7A7F231}.Debug|Win32.ActiveCfg = Debug|Any CPU
		{C0A002B0-29F6-4F78-88FE-87E1C7A7F231}.Debug|Win32.Build.0 = Debug|Any CPU
		{C0A002B0-29F6-4F78-88FE-87E1C7A7F231}.Debug|x86.ActiveCfg = Debug|Any CPU
		{C0A002B0-29F6-4F78-88FE-87E1C7A7F231}.Debug|x86.Build.0 = Debug|Any CPU
		{C0A002B0-29F6-4F78-88FE-87E1C7A7F231}.Release|Any CPU.ActiveCfg = Release|Any CPU
		{C0A002B0-29F6-4F78-88FE-87E1C7A7F231}.Release|Any CPU.Build.0 = Release|Any CPU
		{C0A002B0-29F6-4F78-88FE-87E1C7A7F231}.Release|Mixed Platforms.ActiveCfg = Release|Any CPU
		{C0A002B0-29F6-4F78-88FE-87E1C7A7F231}.Release|Mixed Platforms.Build.0 = Release|Any CPU
		{C0A002B0-29F6-4F78-88FE-87E1C7A7F231}.Release|Win32.ActiveCfg = Release|Any CPU
		{C0A002B0-29F6-4F78-88FE-87E1C7A7F231}.Release|Win32.Build.0 = Release|Any CPU
		{C0A002B0-29F6-4F78-88FE-87E1C7A7F231}.Release|x86.ActiveCfg = Release|Any CPU
		{C0A002B0-29F6-4F78-88FE-87E1C7A7F231}.Release|x86.Build.0 = Release|Any CPU
		{C0A002B0-29F6-4F78-88FE-87E1C7A7F231}.UnitTest|Any CPU.ActiveCfg = Release|Any CPU
		{C0A002B0-29F6-4F78-88FE-87E1C7A7F231}.UnitTest|Any CPU.Build.0 = Release|Any CPU
		{C0A002B0-29F6-4F78-88FE-87E1C7A7F231}.UnitTest|Mixed Platforms.ActiveCfg = Release|Any CPU
		{C0A002B0-29F6-4F78-88FE-87E1C7A7F231}.UnitTest|Mixed Platforms.Build.0 = Release|Any CPU
		{C0A002B0-29F6-4F78-88FE-87E1C7A7F231}.UnitTest|Win32.ActiveCfg = Release|Any CPU
		{C0A002B0-29F6-4F78-88FE-87E1C7A7F231}.UnitTest|Win32.Build.0 = Release|Any CPU
		{C0A002B0-29F6-4F78-88FE-87E1C7A7F231}.UnitTest|x86.ActiveCfg = Release|Any CPU
		{C0A002B0-29F6-4F78-88FE-87E1C7A7F231}.UnitTest|x86.Build.0 = Release|Any CPU
		{2227B445-976D-457A-B7E1-16C013599453}.Debug|Any CPU.ActiveCfg = Debug|Any CPU
		{2227B445-976D-457A-B7E1-16C013599453}.Debug|Any CPU.Build.0 = Debug|Any CPU
		{2227B445-976D-457A-B7E1-16C013599453}.Debug|Mixed Platforms.ActiveCfg = Debug|Any CPU
		{2227B445-976D-457A-B7E1-16C013599453}.Debug|Mixed Platforms.Build.0 = Debug|Any CPU
		{2227B445-976D-457A-B7E1-16C013599453}.Debug|Win32.ActiveCfg = Debug|Any CPU
		{2227B445-976D-457A-B7E1-16C013599453}.Debug|Win32.Build.0 = Debug|Any CPU
		{2227B445-976D-457A-B7E1-16C013599453}.Debug|x86.ActiveCfg = Debug|Any CPU
		{2227B445-976D-457A-B7E1-16C013599453}.Debug|x86.Build.0 = Debug|Any CPU
		{2227B445-976D-457A-B7E1-16C013599453}.Release|Any CPU.ActiveCfg = Release|Any CPU
		{2227B445-976D-457A-B7E1-16C013599453}.Release|Any CPU.Build.0 = Release|Any CPU
		{2227B445-976D-457A-B7E1-16C013599453}.Release|Mixed Platforms.ActiveCfg = Release|Any CPU
		{2227B445-976D-457A-B7E1-16C013599453}.Release|Mixed Platforms.Build.0 = Release|Any CPU
		{2227B445-976D-457A-B7E1-16C013599453}.Release|Win32.ActiveCfg = Release|Any CPU
		{2227B445-976D-457A-B7E1-16C013599453}.Release|Win32.Build.0 = Release|Any CPU
		{2227B445-976D-457A-B7E1-16C013599453}.Release|x86.ActiveCfg = Release|Any CPU
		{2227B445-976D-457A-B7E1-16C013599453}.Release|x86.Build.0 = Release|Any CPU
		{2227B445-976D-457A-B7E1-16C013599453}.UnitTest|Any CPU.ActiveCfg = Release|Any CPU
		{2227B445-976D-457A-B7E1-16C013599453}.UnitTest|Any CPU.Build.0 = Release|Any CPU
		{2227B445-976D-457A-B7E1-16C013599453}.UnitTest|Mixed Platforms.ActiveCfg = Release|Any CPU
		{2227B445-976D-457A-B7E1-16C013599453}.UnitTest|Mixed Platforms.Build.0 = Release|Any CPU
		{2227B445-976D-457A-B7E1-16C013599453}.UnitTest|Win32.ActiveCfg = Release|Any CPU
		{2227B445-976D-457A-B7E1-16C013599453}.UnitTest|Win32.Build.0 = Release|Any CPU
		{2227B445-976D-457A-B7E1-16C013599453}.UnitTest|x86.ActiveCfg = Release|Any CPU
		{2227B445-976D-457A-B7E1-16C013599453}.UnitTest|x86.Build.0 = Release|Any CPU
		{4368EDCC-EA38-4458-A27C-5412D9DCCF0A}.Debug|Any CPU.ActiveCfg = Debug|Any CPU
		{4368EDCC-EA38-4458-A27C-5412D9DCCF0A}.Debug|Any CPU.Build.0 = Debug|Any CPU
		{4368EDCC-EA38-4458-A27C-5412D9DCCF0A}.Debug|Mixed Platforms.ActiveCfg = Debug|Any CPU
		{4368EDCC-EA38-4458-A27C-5412D9DCCF0A}.Debug|Mixed Platforms.Build.0 = Debug|Any CPU
		{4368EDCC-EA38-4458-A27C-5412D9DCCF0A}.Debug|Win32.ActiveCfg = Debug|Any CPU
		{4368EDCC-EA38-4458-A27C-5412D9DCCF0A}.Debug|Win32.Build.0 = Debug|Any CPU
		{4368EDCC-EA38-4458-A27C-5412D9DCCF0A}.Debug|x86.ActiveCfg = Debug|Any CPU
		{4368EDCC-EA38-4458-A27C-5412D9DCCF0A}.Debug|x86.Build.0 = Debug|Any CPU
		{4368EDCC-EA38-4458-A27C-5412D9DCCF0A}.Release|Any CPU.ActiveCfg = Release|Any CPU
		{4368EDCC-EA38-4458-A27C-5412D9DCCF0A}.Release|Any CPU.Build.0 = Release|Any CPU
		{4368EDCC-EA38-4458-A27C-5412D9DCCF0A}.Release|Mixed Platforms.ActiveCfg = Release|Any CPU
		{4368EDCC-EA38-4458-A27C-5412D9DCCF0A}.Release|Mixed Platforms.Build.0 = Release|Any CPU
		{4368EDCC-EA38-4458-A27C-5412D9DCCF0A}.Release|Win32.ActiveCfg = Release|Any CPU
		{4368EDCC-EA38-4458-A27C-5412D9DCCF0A}.Release|Win32.Build.0 = Release|Any CPU
		{4368EDCC-EA38-4458-A27C-5412D9DCCF0A}.Release|x86.ActiveCfg = Release|Any CPU
		{4368EDCC-EA38-4458-A27C-5412D9DCCF0A}.Release|x86.Build.0 = Release|Any CPU
		{4368EDCC-EA38-4458-A27C-5412D9DCCF0A}.UnitTest|Any CPU.ActiveCfg = Release|Any CPU
		{4368EDCC-EA38-4458-A27C-5412D9DCCF0A}.UnitTest|Any CPU.Build.0 = Release|Any CPU
		{4368EDCC-EA38-4458-A27C-5412D9DCCF0A}.UnitTest|Mixed Platforms.ActiveCfg = Release|Any CPU
		{4368EDCC-EA38-4458-A27C-5412D9DCCF0A}.UnitTest|Mixed Platforms.Build.0 = Release|Any CPU
		{4368EDCC-EA38-4458-A27C-5412D9DCCF0A}.UnitTest|Win32.ActiveCfg = Release|Any CPU
		{4368EDCC-EA38-4458-A27C-5412D9DCCF0A}.UnitTest|Win32.Build.0 = Release|Any CPU
		{4368EDCC-EA38-4458-A27C-5412D9DCCF0A}.UnitTest|x86.ActiveCfg = Release|Any CPU
		{4368EDCC-EA38-4458-A27C-5412D9DCCF0A}.UnitTest|x86.Build.0 = Release|Any CPU
		{58B2D2DF-6E17-4CE3-A12F-863C811377EF}.Debug|Any CPU.ActiveCfg = Debug|Any CPU
		{58B2D2DF-6E17-4CE3-A12F-863C811377EF}.Debug|Any CPU.Build.0 = Debug|Any CPU
		{58B2D2DF-6E17-4CE3-A12F-863C811377EF}.Debug|Mixed Platforms.ActiveCfg = Debug|Any CPU
		{58B2D2DF-6E17-4CE3-A12F-863C811377EF}.Debug|Mixed Platforms.Build.0 = Debug|Any CPU
		{58B2D2DF-6E17-4CE3-A12F-863C811377EF}.Debug|Win32.ActiveCfg = Debug|Any CPU
		{58B2D2DF-6E17-4CE3-A12F-863C811377EF}.Debug|Win32.Build.0 = Debug|Any CPU
		{58B2D2DF-6E17-4CE3-A12F-863C811377EF}.Debug|x86.ActiveCfg = Debug|Any CPU
		{58B2D2DF-6E17-4CE3-A12F-863C811377EF}.Debug|x86.Build.0 = Debug|Any CPU
		{58B2D2DF-6E17-4CE3-A12F-863C811377EF}.Release|Any CPU.ActiveCfg = Release|Any CPU
		{58B2D2DF-6E17-4CE3-A12F-863C811377EF}.Release|Any CPU.Build.0 = Release|Any CPU
		{58B2D2DF-6E17-4CE3-A12F-863C811377EF}.Release|Mixed Platforms.ActiveCfg = Release|Any CPU
		{58B2D2DF-6E17-4CE3-A12F-863C811377EF}.Release|Mixed Platforms.Build.0 = Release|Any CPU
		{58B2D2DF-6E17-4CE3-A12F-863C811377EF}.Release|Win32.ActiveCfg = Release|Any CPU
		{58B2D2DF-6E17-4CE3-A12F-863C811377EF}.Release|Win32.Build.0 = Release|Any CPU
		{58B2D2DF-6E17-4CE3-A12F-863C811377EF}.Release|x86.ActiveCfg = Release|Any CPU
		{58B2D2DF-6E17-4CE3-A12F-863C811377EF}.Release|x86.Build.0 = Release|Any CPU
		{58B2D2DF-6E17-4CE3-A12F-863C811377EF}.UnitTest|Any CPU.ActiveCfg = Release|Any CPU
		{58B2D2DF-6E17-4CE3-A12F-863C811377EF}.UnitTest|Any CPU.Build.0 = Release|Any CPU
		{58B2D2DF-6E17-4CE3-A12F-863C811377EF}.UnitTest|Mixed Platforms.ActiveCfg = Release|Any CPU
		{58B2D2DF-6E17-4CE3-A12F-863C811377EF}.UnitTest|Mixed Platforms.Build.0 = Release|Any CPU
		{58B2D2DF-6E17-4CE3-A12F-863C811377EF}.UnitTest|Win32.ActiveCfg = Release|Any CPU
		{58B2D2DF-6E17-4CE3-A12F-863C811377EF}.UnitTest|Win32.Build.0 = Release|Any CPU
		{58B2D2DF-6E17-4CE3-A12F-863C811377EF}.UnitTest|x86.ActiveCfg = Release|Any CPU
		{58B2D2DF-6E17-4CE3-A12F-863C811377EF}.UnitTest|x86.Build.0 = Release|Any CPU
		{22B79BC7-9789-4DD7-8CE4-38FC5E42ADD7}.Debug|Any CPU.ActiveCfg = Debug|Any CPU
		{22B79BC7-9789-4DD7-8CE4-38FC5E42ADD7}.Debug|Any CPU.Build.0 = Debug|Any CPU
		{22B79BC7-9789-4DD7-8CE4-38FC5E42ADD7}.Debug|Mixed Platforms.ActiveCfg = Debug|Any CPU
		{22B79BC7-9789-4DD7-8CE4-38FC5E42ADD7}.Debug|Mixed Platforms.Build.0 = Debug|Any CPU
		{22B79BC7-9789-4DD7-8CE4-38FC5E42ADD7}.Debug|Win32.ActiveCfg = Debug|Any CPU
		{22B79BC7-9789-4DD7-8CE4-38FC5E42ADD7}.Debug|Win32.Build.0 = Debug|Any CPU
		{22B79BC7-9789-4DD7-8CE4-38FC5E42ADD7}.Debug|x86.ActiveCfg = Debug|Any CPU
		{22B79BC7-9789-4DD7-8CE4-38FC5E42ADD7}.Debug|x86.Build.0 = Debug|Any CPU
		{22B79BC7-9789-4DD7-8CE4-38FC5E42ADD7}.Release|Any CPU.ActiveCfg = Release|Any CPU
		{22B79BC7-9789-4DD7-8CE4-38FC5E42ADD7}.Release|Any CPU.Build.0 = Release|Any CPU
		{22B79BC7-9789-4DD7-8CE4-38FC5E42ADD7}.Release|Mixed Platforms.ActiveCfg = Release|Any CPU
		{22B79BC7-9789-4DD7-8CE4-38FC5E42ADD7}.Release|Mixed Platforms.Build.0 = Release|Any CPU
		{22B79BC7-9789-4DD7-8CE4-38FC5E42ADD7}.Release|Win32.ActiveCfg = Release|Any CPU
		{22B79BC7-9789-4DD7-8CE4-38FC5E42ADD7}.Release|Win32.Build.0 = Release|Any CPU
		{22B79BC7-9789-4DD7-8CE4-38FC5E42ADD7}.Release|x86.ActiveCfg = Release|Any CPU
		{22B79BC7-9789-4DD7-8CE4-38FC5E42ADD7}.Release|x86.Build.0 = Release|Any CPU
		{22B79BC7-9789-4DD7-8CE4-38FC5E42ADD7}.UnitTest|Any CPU.ActiveCfg = Release|Any CPU
		{22B79BC7-9789-4DD7-8CE4-38FC5E42ADD7}.UnitTest|Any CPU.Build.0 = Release|Any CPU
		{22B79BC7-9789-4DD7-8CE4-38FC5E42ADD7}.UnitTest|Mixed Platforms.ActiveCfg = Release|Any CPU
		{22B79BC7-9789-4DD7-8CE4-38FC5E42ADD7}.UnitTest|Mixed Platforms.Build.0 = Release|Any CPU
		{22B79BC7-9789-4DD7-8CE4-38FC5E42ADD7}.UnitTest|Win32.ActiveCfg = Release|Any CPU
		{22B79BC7-9789-4DD7-8CE4-38FC5E42ADD7}.UnitTest|Win32.Build.0 = Release|Any CPU
		{22B79BC7-9789-4DD7-8CE4-38FC5E42ADD7}.UnitTest|x86.ActiveCfg = Release|Any CPU
		{22B79BC7-9789-4DD7-8CE4-38FC5E42ADD7}.UnitTest|x86.Build.0 = Release|Any CPU
		{C625A0DA-B927-4FC9-AA93-A9C2D5CFC64D}.Debug|Any CPU.ActiveCfg = Debug|Any CPU
		{C625A0DA-B927-4FC9-AA93-A9C2D5CFC64D}.Debug|Any CPU.Build.0 = Debug|Any CPU
		{C625A0DA-B927-4FC9-AA93-A9C2D5CFC64D}.Debug|Mixed Platforms.ActiveCfg = Debug|Any CPU
		{C625A0DA-B927-4FC9-AA93-A9C2D5CFC64D}.Debug|Mixed Platforms.Build.0 = Debug|Any CPU
		{C625A0DA-B927-4FC9-AA93-A9C2D5CFC64D}.Debug|Win32.ActiveCfg = Debug|Any CPU
		{C625A0DA-B927-4FC9-AA93-A9C2D5CFC64D}.Debug|Win32.Build.0 = Debug|Any CPU
		{C625A0DA-B927-4FC9-AA93-A9C2D5CFC64D}.Debug|x86.ActiveCfg = Debug|Any CPU
		{C625A0DA-B927-4FC9-AA93-A9C2D5CFC64D}.Debug|x86.Build.0 = Debug|Any CPU
		{C625A0DA-B927-4FC9-AA93-A9C2D5CFC64D}.Release|Any CPU.ActiveCfg = Release|Any CPU
		{C625A0DA-B927-4FC9-AA93-A9C2D5CFC64D}.Release|Any CPU.Build.0 = Release|Any CPU
		{C625A0DA-B927-4FC9-AA93-A9C2D5CFC64D}.Release|Mixed Platforms.ActiveCfg = Release|Any CPU
		{C625A0DA-B927-4FC9-AA93-A9C2D5CFC64D}.Release|Mixed Platforms.Build.0 = Release|Any CPU
		{C625A0DA-B927-4FC9-AA93-A9C2D5CFC64D}.Release|Win32.ActiveCfg = Release|Any CPU
		{C625A0DA-B927-4FC9-AA93-A9C2D5CFC64D}.Release|Win32.Build.0 = Release|Any CPU
		{C625A0DA-B927-4FC9-AA93-A9C2D5CFC64D}.Release|x86.ActiveCfg = Release|Any CPU
		{C625A0DA-B927-4FC9-AA93-A9C2D5CFC64D}.Release|x86.Build.0 = Release|Any CPU
		{C625A0DA-B927-4FC9-AA93-A9C2D5CFC64D}.UnitTest|Any CPU.ActiveCfg = Release|Any CPU
		{C625A0DA-B927-4FC9-AA93-A9C2D5CFC64D}.UnitTest|Any CPU.Build.0 = Release|Any CPU
		{C625A0DA-B927-4FC9-AA93-A9C2D5CFC64D}.UnitTest|Mixed Platforms.ActiveCfg = Release|Any CPU
		{C625A0DA-B927-4FC9-AA93-A9C2D5CFC64D}.UnitTest|Mixed Platforms.Build.0 = Release|Any CPU
		{C625A0DA-B927-4FC9-AA93-A9C2D5CFC64D}.UnitTest|Win32.ActiveCfg = Release|Any CPU
		{C625A0DA-B927-4FC9-AA93-A9C2D5CFC64D}.UnitTest|Win32.Build.0 = Release|Any CPU
		{C625A0DA-B927-4FC9-AA93-A9C2D5CFC64D}.UnitTest|x86.ActiveCfg = Release|Any CPU
		{C625A0DA-B927-4FC9-AA93-A9C2D5CFC64D}.UnitTest|x86.Build.0 = Release|Any CPU
		{114B78D2-1CCD-41E0-8B7E-2D042D381631}.Debug|Any CPU.ActiveCfg = Debug|Any CPU
		{114B78D2-1CCD-41E0-8B7E-2D042D381631}.Debug|Any CPU.Build.0 = Debug|Any CPU
		{114B78D2-1CCD-41E0-8B7E-2D042D381631}.Debug|Mixed Platforms.ActiveCfg = Debug|Any CPU
		{114B78D2-1CCD-41E0-8B7E-2D042D381631}.Debug|Mixed Platforms.Build.0 = Debug|Any CPU
		{114B78D2-1CCD-41E0-8B7E-2D042D381631}.Debug|Win32.ActiveCfg = Debug|Any CPU
		{114B78D2-1CCD-41E0-8B7E-2D042D381631}.Debug|Win32.Build.0 = Debug|Any CPU
		{114B78D2-1CCD-41E0-8B7E-2D042D381631}.Debug|x86.ActiveCfg = Debug|Any CPU
		{114B78D2-1CCD-41E0-8B7E-2D042D381631}.Debug|x86.Build.0 = Debug|Any CPU
		{114B78D2-1CCD-41E0-8B7E-2D042D381631}.Release|Any CPU.ActiveCfg = Release|Any CPU
		{114B78D2-1CCD-41E0-8B7E-2D042D381631}.Release|Any CPU.Build.0 = Release|Any CPU
		{114B78D2-1CCD-41E0-8B7E-2D042D381631}.Release|Mixed Platforms.ActiveCfg = Release|Any CPU
		{114B78D2-1CCD-41E0-8B7E-2D042D381631}.Release|Mixed Platforms.Build.0 = Release|Any CPU
		{114B78D2-1CCD-41E0-8B7E-2D042D381631}.Release|Win32.ActiveCfg = Release|Any CPU
		{114B78D2-1CCD-41E0-8B7E-2D042D381631}.Release|Win32.Build.0 = Release|Any CPU
		{114B78D2-1CCD-41E0-8B7E-2D042D381631}.Release|x86.ActiveCfg = Release|Any CPU
		{114B78D2-1CCD-41E0-8B7E-2D042D381631}.Release|x86.Build.0 = Release|Any CPU
		{114B78D2-1CCD-41E0-8B7E-2D042D381631}.UnitTest|Any CPU.ActiveCfg = Release|Any CPU
		{114B78D2-1CCD-41E0-8B7E-2D042D381631}.UnitTest|Any CPU.Build.0 = Release|Any CPU
		{114B78D2-1CCD-41E0-8B7E-2D042D381631}.UnitTest|Mixed Platforms.ActiveCfg = Release|Any CPU
		{114B78D2-1CCD-41E0-8B7E-2D042D381631}.UnitTest|Mixed Platforms.Build.0 = Release|Any CPU
		{114B78D2-1CCD-41E0-8B7E-2D042D381631}.UnitTest|Win32.ActiveCfg = Release|Any CPU
		{114B78D2-1CCD-41E0-8B7E-2D042D381631}.UnitTest|Win32.Build.0 = Release|Any CPU
		{114B78D2-1CCD-41E0-8B7E-2D042D381631}.UnitTest|x86.ActiveCfg = Release|Any CPU
		{114B78D2-1CCD-41E0-8B7E-2D042D381631}.UnitTest|x86.Build.0 = Release|Any CPU
		{267881E6-0C36-4F0A-94A9-BABACD040179}.Debug|Any CPU.ActiveCfg = Debug|Any CPU
		{267881E6-0C36-4F0A-94A9-BABACD040179}.Debug|Any CPU.Build.0 = Debug|Any CPU
		{267881E6-0C36-4F0A-94A9-BABACD040179}.Debug|Mixed Platforms.ActiveCfg = Debug|Any CPU
		{267881E6-0C36-4F0A-94A9-BABACD040179}.Debug|Mixed Platforms.Build.0 = Debug|Any CPU
		{267881E6-0C36-4F0A-94A9-BABACD040179}.Debug|Win32.ActiveCfg = Debug|Any CPU
		{267881E6-0C36-4F0A-94A9-BABACD040179}.Debug|Win32.Build.0 = Debug|Any CPU
		{267881E6-0C36-4F0A-94A9-BABACD040179}.Debug|x86.ActiveCfg = Debug|Any CPU
		{267881E6-0C36-4F0A-94A9-BABACD040179}.Debug|x86.Build.0 = Debug|Any CPU
		{267881E6-0C36-4F0A-94A9-BABACD040179}.Release|Any CPU.ActiveCfg = Release|Any CPU
		{267881E6-0C36-4F0A-94A9-BABACD040179}.Release|Any CPU.Build.0 = Release|Any CPU
		{267881E6-0C36-4F0A-94A9-BABACD040179}.Release|Mixed Platforms.ActiveCfg = Release|Any CPU
		{267881E6-0C36-4F0A-94A9-BABACD040179}.Release|Mixed Platforms.Build.0 = Release|Any CPU
		{267881E6-0C36-4F0A-94A9-BABACD040179}.Release|Win32.ActiveCfg = Release|Any CPU
		{267881E6-0C36-4F0A-94A9-BABACD040179}.Release|Win32.Build.0 = Release|Any CPU
		{267881E6-0C36-4F0A-94A9-BABACD040179}.Release|x86.ActiveCfg = Release|Any CPU
		{267881E6-0C36-4F0A-94A9-BABACD040179}.Release|x86.Build.0 = Release|Any CPU
		{267881E6-0C36-4F0A-94A9-BABACD040179}.UnitTest|Any CPU.ActiveCfg = Release|Any CPU
		{267881E6-0C36-4F0A-94A9-BABACD040179}.UnitTest|Any CPU.Build.0 = Release|Any CPU
		{267881E6-0C36-4F0A-94A9-BABACD040179}.UnitTest|Mixed Platforms.ActiveCfg = Release|Any CPU
		{267881E6-0C36-4F0A-94A9-BABACD040179}.UnitTest|Mixed Platforms.Build.0 = Release|Any CPU
		{267881E6-0C36-4F0A-94A9-BABACD040179}.UnitTest|Win32.ActiveCfg = Release|Any CPU
		{267881E6-0C36-4F0A-94A9-BABACD040179}.UnitTest|Win32.Build.0 = Release|Any CPU
		{267881E6-0C36-4F0A-94A9-BABACD040179}.UnitTest|x86.ActiveCfg = Release|Any CPU
		{267881E6-0C36-4F0A-94A9-BABACD040179}.UnitTest|x86.Build.0 = Release|Any CPU
		{9399BF46-C436-4594-942F-20A169131FE1}.Debug|Any CPU.ActiveCfg = Debug|Any CPU
		{9399BF46-C436-4594-942F-20A169131FE1}.Debug|Any CPU.Build.0 = Debug|Any CPU
		{9399BF46-C436-4594-942F-20A169131FE1}.Debug|Mixed Platforms.ActiveCfg = Debug|x86
		{9399BF46-C436-4594-942F-20A169131FE1}.Debug|Mixed Platforms.Build.0 = Debug|x86
		{9399BF46-C436-4594-942F-20A169131FE1}.Debug|Win32.ActiveCfg = Debug|x86
		{9399BF46-C436-4594-942F-20A169131FE1}.Debug|Win32.Build.0 = Debug|x86
		{9399BF46-C436-4594-942F-20A169131FE1}.Debug|x86.ActiveCfg = Debug|x86
		{9399BF46-C436-4594-942F-20A169131FE1}.Debug|x86.Build.0 = Debug|x86
		{9399BF46-C436-4594-942F-20A169131FE1}.Release|Any CPU.ActiveCfg = Release|Any CPU
		{9399BF46-C436-4594-942F-20A169131FE1}.Release|Any CPU.Build.0 = Release|Any CPU
		{9399BF46-C436-4594-942F-20A169131FE1}.Release|Mixed Platforms.ActiveCfg = Release|x86
		{9399BF46-C436-4594-942F-20A169131FE1}.Release|Mixed Platforms.Build.0 = Release|x86
		{9399BF46-C436-4594-942F-20A169131FE1}.Release|Win32.ActiveCfg = Release|x86
		{9399BF46-C436-4594-942F-20A169131FE1}.Release|Win32.Build.0 = Release|x86
		{9399BF46-C436-4594-942F-20A169131FE1}.Release|x86.ActiveCfg = Release|x86
		{9399BF46-C436-4594-942F-20A169131FE1}.Release|x86.Build.0 = Release|x86
		{9399BF46-C436-4594-942F-20A169131FE1}.UnitTest|Any CPU.ActiveCfg = Release|Any CPU
		{9399BF46-C436-4594-942F-20A169131FE1}.UnitTest|Any CPU.Build.0 = Release|Any CPU
		{9399BF46-C436-4594-942F-20A169131FE1}.UnitTest|Mixed Platforms.ActiveCfg = Release|x86
		{9399BF46-C436-4594-942F-20A169131FE1}.UnitTest|Mixed Platforms.Build.0 = Release|x86
		{9399BF46-C436-4594-942F-20A169131FE1}.UnitTest|Win32.ActiveCfg = Release|x86
		{9399BF46-C436-4594-942F-20A169131FE1}.UnitTest|Win32.Build.0 = Release|x86
		{9399BF46-C436-4594-942F-20A169131FE1}.UnitTest|x86.ActiveCfg = Release|x86
		{9399BF46-C436-4594-942F-20A169131FE1}.UnitTest|x86.Build.0 = Release|x86
		{A738D057-2741-4BC5-A270-03EF802D061F}.Debug|Any CPU.ActiveCfg = Debug|Any CPU
		{A738D057-2741-4BC5-A270-03EF802D061F}.Debug|Any CPU.Build.0 = Debug|Any CPU
		{A738D057-2741-4BC5-A270-03EF802D061F}.Debug|Mixed Platforms.ActiveCfg = Debug|Any CPU
		{A738D057-2741-4BC5-A270-03EF802D061F}.Debug|Mixed Platforms.Build.0 = Debug|Any CPU
		{A738D057-2741-4BC5-A270-03EF802D061F}.Debug|Win32.ActiveCfg = Debug|Any CPU
		{A738D057-2741-4BC5-A270-03EF802D061F}.Debug|Win32.Build.0 = Debug|Any CPU
		{A738D057-2741-4BC5-A270-03EF802D061F}.Debug|x86.ActiveCfg = Debug|Any CPU
		{A738D057-2741-4BC5-A270-03EF802D061F}.Debug|x86.Build.0 = Debug|Any CPU
		{A738D057-2741-4BC5-A270-03EF802D061F}.Release|Any CPU.ActiveCfg = Release|Any CPU
		{A738D057-2741-4BC5-A270-03EF802D061F}.Release|Any CPU.Build.0 = Release|Any CPU
		{A738D057-2741-4BC5-A270-03EF802D061F}.Release|Mixed Platforms.ActiveCfg = Release|Any CPU
		{A738D057-2741-4BC5-A270-03EF802D061F}.Release|Mixed Platforms.Build.0 = Release|Any CPU
		{A738D057-2741-4BC5-A270-03EF802D061F}.Release|Win32.ActiveCfg = Release|Any CPU
		{A738D057-2741-4BC5-A270-03EF802D061F}.Release|Win32.Build.0 = Release|Any CPU
		{A738D057-2741-4BC5-A270-03EF802D061F}.Release|x86.ActiveCfg = Release|Any CPU
		{A738D057-2741-4BC5-A270-03EF802D061F}.Release|x86.Build.0 = Release|Any CPU
		{A738D057-2741-4BC5-A270-03EF802D061F}.UnitTest|Any CPU.ActiveCfg = Release|Any CPU
		{A738D057-2741-4BC5-A270-03EF802D061F}.UnitTest|Any CPU.Build.0 = Release|Any CPU
		{A738D057-2741-4BC5-A270-03EF802D061F}.UnitTest|Mixed Platforms.ActiveCfg = Release|Any CPU
		{A738D057-2741-4BC5-A270-03EF802D061F}.UnitTest|Mixed Platforms.Build.0 = Release|Any CPU
		{A738D057-2741-4BC5-A270-03EF802D061F}.UnitTest|Win32.ActiveCfg = Release|Any CPU
		{A738D057-2741-4BC5-A270-03EF802D061F}.UnitTest|Win32.Build.0 = Release|Any CPU
		{A738D057-2741-4BC5-A270-03EF802D061F}.UnitTest|x86.ActiveCfg = Release|Any CPU
		{A738D057-2741-4BC5-A270-03EF802D061F}.UnitTest|x86.Build.0 = Release|Any CPU
		{C0BA186D-A8DC-4170-9A46-6A766A7D24D8}.Debug|Any CPU.ActiveCfg = Debug|Any CPU
		{C0BA186D-A8DC-4170-9A46-6A766A7D24D8}.Debug|Any CPU.Build.0 = Debug|Any CPU
		{C0BA186D-A8DC-4170-9A46-6A766A7D24D8}.Debug|Mixed Platforms.ActiveCfg = Debug|Any CPU
		{C0BA186D-A8DC-4170-9A46-6A766A7D24D8}.Debug|Mixed Platforms.Build.0 = Debug|Any CPU
		{C0BA186D-A8DC-4170-9A46-6A766A7D24D8}.Debug|Win32.ActiveCfg = Debug|Any CPU
		{C0BA186D-A8DC-4170-9A46-6A766A7D24D8}.Debug|Win32.Build.0 = Debug|Any CPU
		{C0BA186D-A8DC-4170-9A46-6A766A7D24D8}.Debug|x86.ActiveCfg = Debug|Any CPU
		{C0BA186D-A8DC-4170-9A46-6A766A7D24D8}.Debug|x86.Build.0 = Debug|Any CPU
		{C0BA186D-A8DC-4170-9A46-6A766A7D24D8}.Release|Any CPU.ActiveCfg = Release|Any CPU
		{C0BA186D-A8DC-4170-9A46-6A766A7D24D8}.Release|Any CPU.Build.0 = Release|Any CPU
		{C0BA186D-A8DC-4170-9A46-6A766A7D24D8}.Release|Mixed Platforms.ActiveCfg = Release|Any CPU
		{C0BA186D-A8DC-4170-9A46-6A766A7D24D8}.Release|Mixed Platforms.Build.0 = Release|Any CPU
		{C0BA186D-A8DC-4170-9A46-6A766A7D24D8}.Release|Win32.ActiveCfg = Release|Any CPU
		{C0BA186D-A8DC-4170-9A46-6A766A7D24D8}.Release|Win32.Build.0 = Release|Any CPU
		{C0BA186D-A8DC-4170-9A46-6A766A7D24D8}.Release|x86.ActiveCfg = Release|Any CPU
		{C0BA186D-A8DC-4170-9A46-6A766A7D24D8}.Release|x86.Build.0 = Release|Any CPU
		{C0BA186D-A8DC-4170-9A46-6A766A7D24D8}.UnitTest|Any CPU.ActiveCfg = Release|Any CPU
		{C0BA186D-A8DC-4170-9A46-6A766A7D24D8}.UnitTest|Any CPU.Build.0 = Release|Any CPU
		{C0BA186D-A8DC-4170-9A46-6A766A7D24D8}.UnitTest|Mixed Platforms.ActiveCfg = Release|Any CPU
		{C0BA186D-A8DC-4170-9A46-6A766A7D24D8}.UnitTest|Mixed Platforms.Build.0 = Release|Any CPU
		{C0BA186D-A8DC-4170-9A46-6A766A7D24D8}.UnitTest|Win32.ActiveCfg = Release|Any CPU
		{C0BA186D-A8DC-4170-9A46-6A766A7D24D8}.UnitTest|Win32.Build.0 = Release|Any CPU
		{C0BA186D-A8DC-4170-9A46-6A766A7D24D8}.UnitTest|x86.ActiveCfg = Release|Any CPU
		{C0BA186D-A8DC-4170-9A46-6A766A7D24D8}.UnitTest|x86.Build.0 = Release|Any CPU
		{94EEE69A-ED26-420E-B034-80007989DA85}.Debug|Any CPU.ActiveCfg = Debug|Any CPU
		{94EEE69A-ED26-420E-B034-80007989DA85}.Debug|Any CPU.Build.0 = Debug|Any CPU
		{94EEE69A-ED26-420E-B034-80007989DA85}.Debug|Mixed Platforms.ActiveCfg = Debug|Any CPU
		{94EEE69A-ED26-420E-B034-80007989DA85}.Debug|Mixed Platforms.Build.0 = Debug|Any CPU
		{94EEE69A-ED26-420E-B034-80007989DA85}.Debug|Win32.ActiveCfg = Debug|Any CPU
		{94EEE69A-ED26-420E-B034-80007989DA85}.Debug|Win32.Build.0 = Debug|Any CPU
		{94EEE69A-ED26-420E-B034-80007989DA85}.Debug|x86.ActiveCfg = Debug|Any CPU
		{94EEE69A-ED26-420E-B034-80007989DA85}.Debug|x86.Build.0 = Debug|Any CPU
		{94EEE69A-ED26-420E-B034-80007989DA85}.Release|Any CPU.ActiveCfg = Release|Any CPU
		{94EEE69A-ED26-420E-B034-80007989DA85}.Release|Any CPU.Build.0 = Release|Any CPU
		{94EEE69A-ED26-420E-B034-80007989DA85}.Release|Mixed Platforms.ActiveCfg = Release|Any CPU
		{94EEE69A-ED26-420E-B034-80007989DA85}.Release|Mixed Platforms.Build.0 = Release|Any CPU
		{94EEE69A-ED26-420E-B034-80007989DA85}.Release|Win32.ActiveCfg = Release|Any CPU
		{94EEE69A-ED26-420E-B034-80007989DA85}.Release|Win32.Build.0 = Release|Any CPU
		{94EEE69A-ED26-420E-B034-80007989DA85}.Release|x86.ActiveCfg = Release|Any CPU
		{94EEE69A-ED26-420E-B034-80007989DA85}.Release|x86.Build.0 = Release|Any CPU
		{94EEE69A-ED26-420E-B034-80007989DA85}.UnitTest|Any CPU.ActiveCfg = Release|Any CPU
		{94EEE69A-ED26-420E-B034-80007989DA85}.UnitTest|Any CPU.Build.0 = Release|Any CPU
		{94EEE69A-ED26-420E-B034-80007989DA85}.UnitTest|Mixed Platforms.ActiveCfg = Release|Any CPU
		{94EEE69A-ED26-420E-B034-80007989DA85}.UnitTest|Mixed Platforms.Build.0 = Release|Any CPU
		{94EEE69A-ED26-420E-B034-80007989DA85}.UnitTest|Win32.ActiveCfg = Release|Any CPU
		{94EEE69A-ED26-420E-B034-80007989DA85}.UnitTest|Win32.Build.0 = Release|Any CPU
		{94EEE69A-ED26-420E-B034-80007989DA85}.UnitTest|x86.ActiveCfg = Release|Any CPU
		{94EEE69A-ED26-420E-B034-80007989DA85}.UnitTest|x86.Build.0 = Release|Any CPU
		{43D8E780-61C6-4378-B229-43BE00C53942}.Debug|Any CPU.ActiveCfg = Debug|Any CPU
		{43D8E780-61C6-4378-B229-43BE00C53942}.Debug|Any CPU.Build.0 = Debug|Any CPU
		{43D8E780-61C6-4378-B229-43BE00C53942}.Debug|Mixed Platforms.ActiveCfg = Debug|Any CPU
		{43D8E780-61C6-4378-B229-43BE00C53942}.Debug|Mixed Platforms.Build.0 = Debug|Any CPU
		{43D8E780-61C6-4378-B229-43BE00C53942}.Debug|Win32.ActiveCfg = Debug|Any CPU
		{43D8E780-61C6-4378-B229-43BE00C53942}.Debug|Win32.Build.0 = Debug|Any CPU
		{43D8E780-61C6-4378-B229-43BE00C53942}.Debug|x86.ActiveCfg = Debug|Any CPU
		{43D8E780-61C6-4378-B229-43BE00C53942}.Debug|x86.Build.0 = Debug|Any CPU
		{43D8E780-61C6-4378-B229-43BE00C53942}.Release|Any CPU.ActiveCfg = Release|Any CPU
		{43D8E780-61C6-4378-B229-43BE00C53942}.Release|Any CPU.Build.0 = Release|Any CPU
		{43D8E780-61C6-4378-B229-43BE00C53942}.Release|Mixed Platforms.ActiveCfg = Release|Any CPU
		{43D8E780-61C6-4378-B229-43BE00C53942}.Release|Mixed Platforms.Build.0 = Release|Any CPU
		{43D8E780-61C6-4378-B229-43BE00C53942}.Release|Win32.ActiveCfg = Release|Any CPU
		{43D8E780-61C6-4378-B229-43BE00C53942}.Release|Win32.Build.0 = Release|Any CPU
		{43D8E780-61C6-4378-B229-43BE00C53942}.Release|x86.ActiveCfg = Release|Any CPU
		{43D8E780-61C6-4378-B229-43BE00C53942}.Release|x86.Build.0 = Release|Any CPU
		{43D8E780-61C6-4378-B229-43BE00C53942}.UnitTest|Any CPU.ActiveCfg = Release|Any CPU
		{43D8E780-61C6-4378-B229-43BE00C53942}.UnitTest|Any CPU.Build.0 = Release|Any CPU
		{43D8E780-61C6-4378-B229-43BE00C53942}.UnitTest|Mixed Platforms.ActiveCfg = Release|Any CPU
		{43D8E780-61C6-4378-B229-43BE00C53942}.UnitTest|Mixed Platforms.Build.0 = Release|Any CPU
		{43D8E780-61C6-4378-B229-43BE00C53942}.UnitTest|Win32.ActiveCfg = Release|Any CPU
		{43D8E780-61C6-4378-B229-43BE00C53942}.UnitTest|Win32.Build.0 = Release|Any CPU
		{43D8E780-61C6-4378-B229-43BE00C53942}.UnitTest|x86.ActiveCfg = Release|Any CPU
		{43D8E780-61C6-4378-B229-43BE00C53942}.UnitTest|x86.Build.0 = Release|Any CPU
		{261528DA-6F05-4E7E-AE10-C91B2A0CAF99}.Debug|Any CPU.ActiveCfg = Debug|Any CPU
		{261528DA-6F05-4E7E-AE10-C91B2A0CAF99}.Debug|Any CPU.Build.0 = Debug|Any CPU
		{261528DA-6F05-4E7E-AE10-C91B2A0CAF99}.Debug|Mixed Platforms.ActiveCfg = Debug|Any CPU
		{261528DA-6F05-4E7E-AE10-C91B2A0CAF99}.Debug|Mixed Platforms.Build.0 = Debug|Any CPU
		{261528DA-6F05-4E7E-AE10-C91B2A0CAF99}.Debug|Win32.ActiveCfg = Debug|Any CPU
		{261528DA-6F05-4E7E-AE10-C91B2A0CAF99}.Debug|Win32.Build.0 = Debug|Any CPU
		{261528DA-6F05-4E7E-AE10-C91B2A0CAF99}.Debug|x86.ActiveCfg = Debug|Any CPU
		{261528DA-6F05-4E7E-AE10-C91B2A0CAF99}.Debug|x86.Build.0 = Debug|Any CPU
		{261528DA-6F05-4E7E-AE10-C91B2A0CAF99}.Release|Any CPU.ActiveCfg = Release|Any CPU
		{261528DA-6F05-4E7E-AE10-C91B2A0CAF99}.Release|Any CPU.Build.0 = Release|Any CPU
		{261528DA-6F05-4E7E-AE10-C91B2A0CAF99}.Release|Mixed Platforms.ActiveCfg = Release|Any CPU
		{261528DA-6F05-4E7E-AE10-C91B2A0CAF99}.Release|Mixed Platforms.Build.0 = Release|Any CPU
		{261528DA-6F05-4E7E-AE10-C91B2A0CAF99}.Release|Win32.ActiveCfg = Release|Any CPU
		{261528DA-6F05-4E7E-AE10-C91B2A0CAF99}.Release|Win32.Build.0 = Release|Any CPU
		{261528DA-6F05-4E7E-AE10-C91B2A0CAF99}.Release|x86.ActiveCfg = Release|Any CPU
		{261528DA-6F05-4E7E-AE10-C91B2A0CAF99}.Release|x86.Build.0 = Release|Any CPU
		{261528DA-6F05-4E7E-AE10-C91B2A0CAF99}.UnitTest|Any CPU.ActiveCfg = Release|Any CPU
		{261528DA-6F05-4E7E-AE10-C91B2A0CAF99}.UnitTest|Any CPU.Build.0 = Release|Any CPU
		{261528DA-6F05-4E7E-AE10-C91B2A0CAF99}.UnitTest|Mixed Platforms.ActiveCfg = Release|Any CPU
		{261528DA-6F05-4E7E-AE10-C91B2A0CAF99}.UnitTest|Mixed Platforms.Build.0 = Release|Any CPU
		{261528DA-6F05-4E7E-AE10-C91B2A0CAF99}.UnitTest|Win32.ActiveCfg = Release|Any CPU
		{261528DA-6F05-4E7E-AE10-C91B2A0CAF99}.UnitTest|Win32.Build.0 = Release|Any CPU
		{261528DA-6F05-4E7E-AE10-C91B2A0CAF99}.UnitTest|x86.ActiveCfg = Release|Any CPU
		{261528DA-6F05-4E7E-AE10-C91B2A0CAF99}.UnitTest|x86.Build.0 = Release|Any CPU
		{578A4C73-E4EF-45A4-B7D9-0E24047F56C1}.Debug|Any CPU.ActiveCfg = Debug|Any CPU
		{578A4C73-E4EF-45A4-B7D9-0E24047F56C1}.Debug|Any CPU.Build.0 = Debug|Any CPU
		{578A4C73-E4EF-45A4-B7D9-0E24047F56C1}.Debug|Mixed Platforms.ActiveCfg = Debug|Any CPU
		{578A4C73-E4EF-45A4-B7D9-0E24047F56C1}.Debug|Mixed Platforms.Build.0 = Debug|Any CPU
		{578A4C73-E4EF-45A4-B7D9-0E24047F56C1}.Debug|Win32.ActiveCfg = Debug|Any CPU
		{578A4C73-E4EF-45A4-B7D9-0E24047F56C1}.Debug|Win32.Build.0 = Debug|Any CPU
		{578A4C73-E4EF-45A4-B7D9-0E24047F56C1}.Debug|x86.ActiveCfg = Debug|Any CPU
		{578A4C73-E4EF-45A4-B7D9-0E24047F56C1}.Debug|x86.Build.0 = Debug|Any CPU
		{578A4C73-E4EF-45A4-B7D9-0E24047F56C1}.Release|Any CPU.ActiveCfg = Release|Any CPU
		{578A4C73-E4EF-45A4-B7D9-0E24047F56C1}.Release|Any CPU.Build.0 = Release|Any CPU
		{578A4C73-E4EF-45A4-B7D9-0E24047F56C1}.Release|Mixed Platforms.ActiveCfg = Release|Any CPU
		{578A4C73-E4EF-45A4-B7D9-0E24047F56C1}.Release|Mixed Platforms.Build.0 = Release|Any CPU
		{578A4C73-E4EF-45A4-B7D9-0E24047F56C1}.Release|Win32.ActiveCfg = Release|Any CPU
		{578A4C73-E4EF-45A4-B7D9-0E24047F56C1}.Release|Win32.Build.0 = Release|Any CPU
		{578A4C73-E4EF-45A4-B7D9-0E24047F56C1}.Release|x86.ActiveCfg = Release|Any CPU
		{578A4C73-E4EF-45A4-B7D9-0E24047F56C1}.Release|x86.Build.0 = Release|Any CPU
		{578A4C73-E4EF-45A4-B7D9-0E24047F56C1}.UnitTest|Any CPU.ActiveCfg = Release|Any CPU
		{578A4C73-E4EF-45A4-B7D9-0E24047F56C1}.UnitTest|Any CPU.Build.0 = Release|Any CPU
		{578A4C73-E4EF-45A4-B7D9-0E24047F56C1}.UnitTest|Mixed Platforms.ActiveCfg = Release|Any CPU
		{578A4C73-E4EF-45A4-B7D9-0E24047F56C1}.UnitTest|Mixed Platforms.Build.0 = Release|Any CPU
		{578A4C73-E4EF-45A4-B7D9-0E24047F56C1}.UnitTest|Win32.ActiveCfg = Release|Any CPU
		{578A4C73-E4EF-45A4-B7D9-0E24047F56C1}.UnitTest|Win32.Build.0 = Release|Any CPU
		{578A4C73-E4EF-45A4-B7D9-0E24047F56C1}.UnitTest|x86.ActiveCfg = Release|Any CPU
		{578A4C73-E4EF-45A4-B7D9-0E24047F56C1}.UnitTest|x86.Build.0 = Release|Any CPU
		{46FB47C0-F79A-41AF-BAEF-86510B9C1F28}.Debug|Any CPU.ActiveCfg = Debug|Any CPU
		{46FB47C0-F79A-41AF-BAEF-86510B9C1F28}.Debug|Any CPU.Build.0 = Debug|Any CPU
		{46FB47C0-F79A-41AF-BAEF-86510B9C1F28}.Debug|Mixed Platforms.ActiveCfg = Debug|Any CPU
		{46FB47C0-F79A-41AF-BAEF-86510B9C1F28}.Debug|Mixed Platforms.Build.0 = Debug|Any CPU
		{46FB47C0-F79A-41AF-BAEF-86510B9C1F28}.Debug|Win32.ActiveCfg = Debug|Any CPU
		{46FB47C0-F79A-41AF-BAEF-86510B9C1F28}.Debug|Win32.Build.0 = Debug|Any CPU
		{46FB47C0-F79A-41AF-BAEF-86510B9C1F28}.Debug|x86.ActiveCfg = Debug|Any CPU
		{46FB47C0-F79A-41AF-BAEF-86510B9C1F28}.Debug|x86.Build.0 = Debug|Any CPU
		{46FB47C0-F79A-41AF-BAEF-86510B9C1F28}.Release|Any CPU.ActiveCfg = Release|Any CPU
		{46FB47C0-F79A-41AF-BAEF-86510B9C1F28}.Release|Any CPU.Build.0 = Release|Any CPU
		{46FB47C0-F79A-41AF-BAEF-86510B9C1F28}.Release|Mixed Platforms.ActiveCfg = Release|Any CPU
		{46FB47C0-F79A-41AF-BAEF-86510B9C1F28}.Release|Mixed Platforms.Build.0 = Release|Any CPU
		{46FB47C0-F79A-41AF-BAEF-86510B9C1F28}.Release|Win32.ActiveCfg = Release|Any CPU
		{46FB47C0-F79A-41AF-BAEF-86510B9C1F28}.Release|Win32.Build.0 = Release|Any CPU
		{46FB47C0-F79A-41AF-BAEF-86510B9C1F28}.Release|x86.ActiveCfg = Release|Any CPU
		{46FB47C0-F79A-41AF-BAEF-86510B9C1F28}.Release|x86.Build.0 = Release|Any CPU
		{46FB47C0-F79A-41AF-BAEF-86510B9C1F28}.UnitTest|Any CPU.ActiveCfg = Release|Any CPU
		{46FB47C0-F79A-41AF-BAEF-86510B9C1F28}.UnitTest|Any CPU.Build.0 = Release|Any CPU
		{46FB47C0-F79A-41AF-BAEF-86510B9C1F28}.UnitTest|Mixed Platforms.ActiveCfg = Release|Any CPU
		{46FB47C0-F79A-41AF-BAEF-86510B9C1F28}.UnitTest|Mixed Platforms.Build.0 = Release|Any CPU
		{46FB47C0-F79A-41AF-BAEF-86510B9C1F28}.UnitTest|Win32.ActiveCfg = Release|Any CPU
		{46FB47C0-F79A-41AF-BAEF-86510B9C1F28}.UnitTest|Win32.Build.0 = Release|Any CPU
		{46FB47C0-F79A-41AF-BAEF-86510B9C1F28}.UnitTest|x86.ActiveCfg = Release|Any CPU
		{46FB47C0-F79A-41AF-BAEF-86510B9C1F28}.UnitTest|x86.Build.0 = Release|Any CPU
		{262817A7-1A12-409A-A5B9-BA7DF0DE5A29}.Debug|Any CPU.ActiveCfg = Debug|Any CPU
		{262817A7-1A12-409A-A5B9-BA7DF0DE5A29}.Debug|Any CPU.Build.0 = Debug|Any CPU
		{262817A7-1A12-409A-A5B9-BA7DF0DE5A29}.Debug|Mixed Platforms.ActiveCfg = Debug|Any CPU
		{262817A7-1A12-409A-A5B9-BA7DF0DE5A29}.Debug|Mixed Platforms.Build.0 = Debug|Any CPU
		{262817A7-1A12-409A-A5B9-BA7DF0DE5A29}.Debug|Win32.ActiveCfg = Debug|Any CPU
		{262817A7-1A12-409A-A5B9-BA7DF0DE5A29}.Debug|Win32.Build.0 = Debug|Any CPU
		{262817A7-1A12-409A-A5B9-BA7DF0DE5A29}.Debug|x86.ActiveCfg = Debug|Any CPU
		{262817A7-1A12-409A-A5B9-BA7DF0DE5A29}.Debug|x86.Build.0 = Debug|Any CPU
		{262817A7-1A12-409A-A5B9-BA7DF0DE5A29}.Release|Any CPU.ActiveCfg = Release|Any CPU
		{262817A7-1A12-409A-A5B9-BA7DF0DE5A29}.Release|Any CPU.Build.0 = Release|Any CPU
		{262817A7-1A12-409A-A5B9-BA7DF0DE5A29}.Release|Mixed Platforms.ActiveCfg = Release|Any CPU
		{262817A7-1A12-409A-A5B9-BA7DF0DE5A29}.Release|Mixed Platforms.Build.0 = Release|Any CPU
		{262817A7-1A12-409A-A5B9-BA7DF0DE5A29}.Release|Win32.ActiveCfg = Release|Any CPU
		{262817A7-1A12-409A-A5B9-BA7DF0DE5A29}.Release|Win32.Build.0 = Release|Any CPU
		{262817A7-1A12-409A-A5B9-BA7DF0DE5A29}.Release|x86.ActiveCfg = Release|Any CPU
		{262817A7-1A12-409A-A5B9-BA7DF0DE5A29}.Release|x86.Build.0 = Release|Any CPU
		{262817A7-1A12-409A-A5B9-BA7DF0DE5A29}.UnitTest|Any CPU.ActiveCfg = Release|Any CPU
		{262817A7-1A12-409A-A5B9-BA7DF0DE5A29}.UnitTest|Any CPU.Build.0 = Release|Any CPU
		{262817A7-1A12-409A-A5B9-BA7DF0DE5A29}.UnitTest|Mixed Platforms.ActiveCfg = Release|Any CPU
		{262817A7-1A12-409A-A5B9-BA7DF0DE5A29}.UnitTest|Mixed Platforms.Build.0 = Release|Any CPU
		{262817A7-1A12-409A-A5B9-BA7DF0DE5A29}.UnitTest|Win32.ActiveCfg = Release|Any CPU
		{262817A7-1A12-409A-A5B9-BA7DF0DE5A29}.UnitTest|Win32.Build.0 = Release|Any CPU
		{262817A7-1A12-409A-A5B9-BA7DF0DE5A29}.UnitTest|x86.ActiveCfg = Release|Any CPU
		{262817A7-1A12-409A-A5B9-BA7DF0DE5A29}.UnitTest|x86.Build.0 = Release|Any CPU
		{51FD756A-9C6F-4FEA-9FB4-C50C3CBF47AB}.Debug|Any CPU.ActiveCfg = Debug|Any CPU
		{51FD756A-9C6F-4FEA-9FB4-C50C3CBF47AB}.Debug|Any CPU.Build.0 = Debug|Any CPU
		{51FD756A-9C6F-4FEA-9FB4-C50C3CBF47AB}.Debug|Mixed Platforms.ActiveCfg = Debug|Any CPU
		{51FD756A-9C6F-4FEA-9FB4-C50C3CBF47AB}.Debug|Mixed Platforms.Build.0 = Debug|Any CPU
		{51FD756A-9C6F-4FEA-9FB4-C50C3CBF47AB}.Debug|Win32.ActiveCfg = Debug|Any CPU
		{51FD756A-9C6F-4FEA-9FB4-C50C3CBF47AB}.Debug|Win32.Build.0 = Debug|Any CPU
		{51FD756A-9C6F-4FEA-9FB4-C50C3CBF47AB}.Debug|x86.ActiveCfg = Debug|Any CPU
		{51FD756A-9C6F-4FEA-9FB4-C50C3CBF47AB}.Debug|x86.Build.0 = Debug|Any CPU
		{51FD756A-9C6F-4FEA-9FB4-C50C3CBF47AB}.Release|Any CPU.ActiveCfg = Release|Any CPU
		{51FD756A-9C6F-4FEA-9FB4-C50C3CBF47AB}.Release|Any CPU.Build.0 = Release|Any CPU
		{51FD756A-9C6F-4FEA-9FB4-C50C3CBF47AB}.Release|Mixed Platforms.ActiveCfg = Release|Any CPU
		{51FD756A-9C6F-4FEA-9FB4-C50C3CBF47AB}.Release|Mixed Platforms.Build.0 = Release|Any CPU
		{51FD756A-9C6F-4FEA-9FB4-C50C3CBF47AB}.Release|Win32.ActiveCfg = Release|Any CPU
		{51FD756A-9C6F-4FEA-9FB4-C50C3CBF47AB}.Release|Win32.Build.0 = Release|Any CPU
		{51FD756A-9C6F-4FEA-9FB4-C50C3CBF47AB}.Release|x86.ActiveCfg = Release|Any CPU
		{51FD756A-9C6F-4FEA-9FB4-C50C3CBF47AB}.Release|x86.Build.0 = Release|Any CPU
		{51FD756A-9C6F-4FEA-9FB4-C50C3CBF47AB}.UnitTest|Any CPU.ActiveCfg = Release|Any CPU
		{51FD756A-9C6F-4FEA-9FB4-C50C3CBF47AB}.UnitTest|Any CPU.Build.0 = Release|Any CPU
		{51FD756A-9C6F-4FEA-9FB4-C50C3CBF47AB}.UnitTest|Mixed Platforms.ActiveCfg = Release|Any CPU
		{51FD756A-9C6F-4FEA-9FB4-C50C3CBF47AB}.UnitTest|Mixed Platforms.Build.0 = Release|Any CPU
		{51FD756A-9C6F-4FEA-9FB4-C50C3CBF47AB}.UnitTest|Win32.ActiveCfg = Release|Any CPU
		{51FD756A-9C6F-4FEA-9FB4-C50C3CBF47AB}.UnitTest|Win32.Build.0 = Release|Any CPU
		{51FD756A-9C6F-4FEA-9FB4-C50C3CBF47AB}.UnitTest|x86.ActiveCfg = Release|Any CPU
		{51FD756A-9C6F-4FEA-9FB4-C50C3CBF47AB}.UnitTest|x86.Build.0 = Release|Any CPU
		{E9B7C66B-F009-4DCA-9C9F-46D739740120}.Debug|Any CPU.ActiveCfg = Debug|Any CPU
		{E9B7C66B-F009-4DCA-9C9F-46D739740120}.Debug|Any CPU.Build.0 = Debug|Any CPU
		{E9B7C66B-F009-4DCA-9C9F-46D739740120}.Debug|Mixed Platforms.ActiveCfg = Debug|Any CPU
		{E9B7C66B-F009-4DCA-9C9F-46D739740120}.Debug|Mixed Platforms.Build.0 = Debug|Any CPU
		{E9B7C66B-F009-4DCA-9C9F-46D739740120}.Debug|Win32.ActiveCfg = Debug|Any CPU
		{E9B7C66B-F009-4DCA-9C9F-46D739740120}.Debug|Win32.Build.0 = Debug|Any CPU
		{E9B7C66B-F009-4DCA-9C9F-46D739740120}.Debug|x86.ActiveCfg = Debug|Any CPU
		{E9B7C66B-F009-4DCA-9C9F-46D739740120}.Debug|x86.Build.0 = Debug|Any CPU
		{E9B7C66B-F009-4DCA-9C9F-46D739740120}.Release|Any CPU.ActiveCfg = Release|Any CPU
		{E9B7C66B-F009-4DCA-9C9F-46D739740120}.Release|Any CPU.Build.0 = Release|Any CPU
		{E9B7C66B-F009-4DCA-9C9F-46D739740120}.Release|Mixed Platforms.ActiveCfg = Release|Any CPU
		{E9B7C66B-F009-4DCA-9C9F-46D739740120}.Release|Mixed Platforms.Build.0 = Release|Any CPU
		{E9B7C66B-F009-4DCA-9C9F-46D739740120}.Release|Win32.ActiveCfg = Release|Any CPU
		{E9B7C66B-F009-4DCA-9C9F-46D739740120}.Release|Win32.Build.0 = Release|Any CPU
		{E9B7C66B-F009-4DCA-9C9F-46D739740120}.Release|x86.ActiveCfg = Release|Any CPU
		{E9B7C66B-F009-4DCA-9C9F-46D739740120}.Release|x86.Build.0 = Release|Any CPU
		{E9B7C66B-F009-4DCA-9C9F-46D739740120}.UnitTest|Any CPU.ActiveCfg = Release|Any CPU
		{E9B7C66B-F009-4DCA-9C9F-46D739740120}.UnitTest|Any CPU.Build.0 = Release|Any CPU
		{E9B7C66B-F009-4DCA-9C9F-46D739740120}.UnitTest|Mixed Platforms.ActiveCfg = Release|Any CPU
		{E9B7C66B-F009-4DCA-9C9F-46D739740120}.UnitTest|Mixed Platforms.Build.0 = Release|Any CPU
		{E9B7C66B-F009-4DCA-9C9F-46D739740120}.UnitTest|Win32.ActiveCfg = Release|Any CPU
		{E9B7C66B-F009-4DCA-9C9F-46D739740120}.UnitTest|Win32.Build.0 = Release|Any CPU
		{E9B7C66B-F009-4DCA-9C9F-46D739740120}.UnitTest|x86.ActiveCfg = Release|Any CPU
		{E9B7C66B-F009-4DCA-9C9F-46D739740120}.UnitTest|x86.Build.0 = Release|Any CPU
		{888C6B6A-D4CF-4EDC-A7DD-09C14FA22201}.Debug|Any CPU.ActiveCfg = Debug|Any CPU
		{888C6B6A-D4CF-4EDC-A7DD-09C14FA22201}.Debug|Any CPU.Build.0 = Debug|Any CPU
		{888C6B6A-D4CF-4EDC-A7DD-09C14FA22201}.Debug|Mixed Platforms.ActiveCfg = Debug|Any CPU
		{888C6B6A-D4CF-4EDC-A7DD-09C14FA22201}.Debug|Mixed Platforms.Build.0 = Debug|Any CPU
		{888C6B6A-D4CF-4EDC-A7DD-09C14FA22201}.Debug|Win32.ActiveCfg = Debug|Any CPU
		{888C6B6A-D4CF-4EDC-A7DD-09C14FA22201}.Debug|Win32.Build.0 = Debug|Any CPU
		{888C6B6A-D4CF-4EDC-A7DD-09C14FA22201}.Debug|x86.ActiveCfg = Debug|Any CPU
		{888C6B6A-D4CF-4EDC-A7DD-09C14FA22201}.Debug|x86.Build.0 = Debug|Any CPU
		{888C6B6A-D4CF-4EDC-A7DD-09C14FA22201}.Release|Any CPU.ActiveCfg = Release|Any CPU
		{888C6B6A-D4CF-4EDC-A7DD-09C14FA22201}.Release|Any CPU.Build.0 = Release|Any CPU
		{888C6B6A-D4CF-4EDC-A7DD-09C14FA22201}.Release|Mixed Platforms.ActiveCfg = Release|Any CPU
		{888C6B6A-D4CF-4EDC-A7DD-09C14FA22201}.Release|Mixed Platforms.Build.0 = Release|Any CPU
		{888C6B6A-D4CF-4EDC-A7DD-09C14FA22201}.Release|Win32.ActiveCfg = Release|Any CPU
		{888C6B6A-D4CF-4EDC-A7DD-09C14FA22201}.Release|Win32.Build.0 = Release|Any CPU
		{888C6B6A-D4CF-4EDC-A7DD-09C14FA22201}.Release|x86.ActiveCfg = Release|Any CPU
		{888C6B6A-D4CF-4EDC-A7DD-09C14FA22201}.Release|x86.Build.0 = Release|Any CPU
		{888C6B6A-D4CF-4EDC-A7DD-09C14FA22201}.UnitTest|Any CPU.ActiveCfg = Release|Any CPU
		{888C6B6A-D4CF-4EDC-A7DD-09C14FA22201}.UnitTest|Any CPU.Build.0 = Release|Any CPU
		{888C6B6A-D4CF-4EDC-A7DD-09C14FA22201}.UnitTest|Mixed Platforms.ActiveCfg = Release|Any CPU
		{888C6B6A-D4CF-4EDC-A7DD-09C14FA22201}.UnitTest|Mixed Platforms.Build.0 = Release|Any CPU
		{888C6B6A-D4CF-4EDC-A7DD-09C14FA22201}.UnitTest|Win32.ActiveCfg = Release|Any CPU
		{888C6B6A-D4CF-4EDC-A7DD-09C14FA22201}.UnitTest|Win32.Build.0 = Release|Any CPU
		{888C6B6A-D4CF-4EDC-A7DD-09C14FA22201}.UnitTest|x86.ActiveCfg = Release|Any CPU
		{888C6B6A-D4CF-4EDC-A7DD-09C14FA22201}.UnitTest|x86.Build.0 = Release|Any CPU
		{52D9B48B-60D0-4D8D-8345-45B15A85C37B}.Debug|Any CPU.ActiveCfg = Debug|Any CPU
		{52D9B48B-60D0-4D8D-8345-45B15A85C37B}.Debug|Any CPU.Build.0 = Debug|Any CPU
		{52D9B48B-60D0-4D8D-8345-45B15A85C37B}.Debug|Mixed Platforms.ActiveCfg = Debug|x86
		{52D9B48B-60D0-4D8D-8345-45B15A85C37B}.Debug|Mixed Platforms.Build.0 = Debug|x86
		{52D9B48B-60D0-4D8D-8345-45B15A85C37B}.Debug|Win32.ActiveCfg = Debug|x86
		{52D9B48B-60D0-4D8D-8345-45B15A85C37B}.Debug|Win32.Build.0 = Debug|x86
		{52D9B48B-60D0-4D8D-8345-45B15A85C37B}.Debug|x86.ActiveCfg = Debug|x86
		{52D9B48B-60D0-4D8D-8345-45B15A85C37B}.Debug|x86.Build.0 = Debug|x86
		{52D9B48B-60D0-4D8D-8345-45B15A85C37B}.Release|Any CPU.ActiveCfg = Release|Any CPU
		{52D9B48B-60D0-4D8D-8345-45B15A85C37B}.Release|Any CPU.Build.0 = Release|Any CPU
		{52D9B48B-60D0-4D8D-8345-45B15A85C37B}.Release|Mixed Platforms.ActiveCfg = Release|x86
		{52D9B48B-60D0-4D8D-8345-45B15A85C37B}.Release|Mixed Platforms.Build.0 = Release|x86
		{52D9B48B-60D0-4D8D-8345-45B15A85C37B}.Release|Win32.ActiveCfg = Release|x86
		{52D9B48B-60D0-4D8D-8345-45B15A85C37B}.Release|Win32.Build.0 = Release|x86
		{52D9B48B-60D0-4D8D-8345-45B15A85C37B}.Release|x86.ActiveCfg = Release|x86
		{52D9B48B-60D0-4D8D-8345-45B15A85C37B}.Release|x86.Build.0 = Release|x86
		{52D9B48B-60D0-4D8D-8345-45B15A85C37B}.UnitTest|Any CPU.ActiveCfg = Release|Any CPU
		{52D9B48B-60D0-4D8D-8345-45B15A85C37B}.UnitTest|Any CPU.Build.0 = Release|Any CPU
		{52D9B48B-60D0-4D8D-8345-45B15A85C37B}.UnitTest|Mixed Platforms.ActiveCfg = Release|x86
		{52D9B48B-60D0-4D8D-8345-45B15A85C37B}.UnitTest|Mixed Platforms.Build.0 = Release|x86
		{52D9B48B-60D0-4D8D-8345-45B15A85C37B}.UnitTest|Win32.ActiveCfg = Release|x86
		{52D9B48B-60D0-4D8D-8345-45B15A85C37B}.UnitTest|Win32.Build.0 = Release|x86
		{52D9B48B-60D0-4D8D-8345-45B15A85C37B}.UnitTest|x86.ActiveCfg = Release|x86
		{52D9B48B-60D0-4D8D-8345-45B15A85C37B}.UnitTest|x86.Build.0 = Release|x86
	EndGlobalSection
	GlobalSection(SolutionProperties) = preSolution
		HideSolutionNode = FALSE
	EndGlobalSection
	GlobalSection(NestedProjects) = preSolution
		{5B1B52B3-7BE6-462A-BD0E-1E473D9EEC8E} = {5670EA59-759C-41DB-858E-4863EA635DC1}
		{BEAA39DD-56F2-459B-B05C-2B58E3B1C890} = {C9013A98-B98C-48F9-B393-450A4DFFBF26}
		{C4B2055E-25DF-45FE-8C7E-B2929A140E7A} = {C9013A98-B98C-48F9-B393-450A4DFFBF26}
		{35274852-06EA-41A2-8BEC-749B7CF611E1} = {C9013A98-B98C-48F9-B393-450A4DFFBF26}
		{214104C5-E2F7-4007-9A60-26D20D3CC80F} = {597E0F0D-E450-48EB-8D70-B7D2492ABEFF}
		{AB717476-3485-4B65-A916-027F75928CA7} = {597E0F0D-E450-48EB-8D70-B7D2492ABEFF}
		{646417A1-8C17-49AF-93EC-F9055C8D43B7} = {597E0F0D-E450-48EB-8D70-B7D2492ABEFF}
		{5264FA5C-B660-4C0B-8262-56921F0D9A69} = {C9013A98-B98C-48F9-B393-450A4DFFBF26}
		{9B5FF643-9F8E-4143-8687-8837A2F02626} = {C9013A98-B98C-48F9-B393-450A4DFFBF26}
		{864BF04C-047F-41E9-AD31-AE90272BA922} = {06FC165B-8629-4143-93FE-C749F10897B5}
		{C0A002B0-29F6-4F78-88FE-87E1C7A7F231} = {597E0F0D-E450-48EB-8D70-B7D2492ABEFF}
		{2227B445-976D-457A-B7E1-16C013599453} = {597E0F0D-E450-48EB-8D70-B7D2492ABEFF}
		{4368EDCC-EA38-4458-A27C-5412D9DCCF0A} = {597E0F0D-E450-48EB-8D70-B7D2492ABEFF}
		{58B2D2DF-6E17-4CE3-A12F-863C811377EF} = {A42736DB-A7DF-467D-B66A-368A40594116}
		{22B79BC7-9789-4DD7-8CE4-38FC5E42ADD7} = {A42736DB-A7DF-467D-B66A-368A40594116}
		{C625A0DA-B927-4FC9-AA93-A9C2D5CFC64D} = {B223EAEC-1C16-4D3B-B0DF-556595D22E48}
		{114B78D2-1CCD-41E0-8B7E-2D042D381631} = {B223EAEC-1C16-4D3B-B0DF-556595D22E48}
		{267881E6-0C36-4F0A-94A9-BABACD040179} = {B223EAEC-1C16-4D3B-B0DF-556595D22E48}
		{9399BF46-C436-4594-942F-20A169131FE1} = {0B7988AE-F444-4321-8C63-A6C326B34177}
		{A738D057-2741-4BC5-A270-03EF802D061F} = {0B7988AE-F444-4321-8C63-A6C326B34177}
		{C0BA186D-A8DC-4170-9A46-6A766A7D24D8} = {0B7988AE-F444-4321-8C63-A6C326B34177}
		{94EEE69A-ED26-420E-B034-80007989DA85} = {5670EA59-759C-41DB-858E-4863EA635DC1}
		{43D8E780-61C6-4378-B229-43BE00C53942} = {06FC165B-8629-4143-93FE-C749F10897B5}
		{261528DA-6F05-4E7E-AE10-C91B2A0CAF99} = {06FC165B-8629-4143-93FE-C749F10897B5}
		{578A4C73-E4EF-45A4-B7D9-0E24047F56C1} = {5670EA59-759C-41DB-858E-4863EA635DC1}
		{46FB47C0-F79A-41AF-BAEF-86510B9C1F28} = {5670EA59-759C-41DB-858E-4863EA635DC1}
		{262817A7-1A12-409A-A5B9-BA7DF0DE5A29} = {597E0F0D-E450-48EB-8D70-B7D2492ABEFF}
		{51FD756A-9C6F-4FEA-9FB4-C50C3CBF47AB} = {06FC165B-8629-4143-93FE-C749F10897B5}
		{E9B7C66B-F009-4DCA-9C9F-46D739740120} = {5670EA59-759C-41DB-858E-4863EA635DC1}
		{888C6B6A-D4CF-4EDC-A7DD-09C14FA22201} = {B223EAEC-1C16-4D3B-B0DF-556595D22E48}
		{52D9B48B-60D0-4D8D-8345-45B15A85C37B} = {06FC165B-8629-4143-93FE-C749F10897B5}
	EndGlobalSection
	GlobalSection(ExtensibilityGlobals) = postSolution
		SolutionGuid = {DE1C46AE-29AA-423F-896A-2E19AC4F20FF}
	EndGlobalSection
	GlobalSection(TestCaseManagementSettings) = postSolution
		CategoryFile = user_awatt4.vsmdi
	EndGlobalSection
EndGlobal
