
Microsoft Visual Studio Solution File, Format Version 11.00
# Visual Studio 2010
Project("{FAE04EC0-301F-11D3-BF4B-00C04F79EFBC}") = "nab.QDS.MDAS.Common", "MDAS.Common\nab.QDS.MDAS.Common.csproj", "{D570D720-8232-4BB2-B301-C84AC0993978}"
EndProject
Project("{FAE04EC0-301F-11D3-BF4B-00C04F79EFBC}") = "nab.QDS.MDAS.Client", "MDAS.Client\nab.QDS.MDAS.Client.csproj", "{90FBBE79-0646-4522-9080-178ABFF4574F}"
EndProject
Project("{FAE04EC0-301F-11D3-BF4B-00C04F79EFBC}") = "nab.QDS.MDAS.Server", "MDAS.Server\nab.QDS.MDAS.Server.csproj", "{F18A2DAE-2D4A-4BD8-8259-68B2E33CD7DB}"
EndProject
Project("{FAE04EC0-301F-11D3-BF4B-00C04F79EFBC}") = "nab.QDS.MDAS.Provider.Base", "MDAS.Provider.Base\nab.QDS.MDAS.Provider.Base.csproj", "{55CF8F66-9151-4F03-A777-779B59EABB85}"
EndProject
Project("{FAE04EC0-301F-11D3-BF4B-00C04F79EFBC}") = "nab.QDS.MDAS.Provider.Simulator", "MDAS.Provider.Simulator\nab.QDS.MDAS.Provider.Simulator.csproj", "{99E42D7B-7C3B-4B80-A7C3-AE4CBDB44988}"
EndProject
Project("{FAE04EC0-301F-11D3-BF4B-00C04F79EFBC}") = "nab.QDS.MDAS.Provider.NabCapital", "MDAS.Provider.NabCapital\nab.QDS.MDAS.Provider.NabCapital.csproj", "{95430EDB-5138-40C9-98F8-5CBD04CFA17F}"
EndProject
Project("{FAE04EC0-301F-11D3-BF4B-00C04F79EFBC}") = "nab.QDS.MDAS.Provider.Bloomberg", "MDAS.Provider.Bloomberg\nab.QDS.MDAS.Provider.Bloomberg.csproj", "{5C8070D4-064A-46D4-99B9-CE7C59178265}"
EndProject
Project("{FAE04EC0-301F-11D3-BF4B-00C04F79EFBC}") = "nab.QDS.MDAS.WinSvc", "MDAS.WinSvc\nab.QDS.MDAS.WinSvc.csproj", "{9D00F288-5F5F-4414-8B52-01DEB68BE392}"
EndProject
Project("{FAE04EC0-301F-11D3-BF4B-00C04F79EFBC}") = "Test.MDAS.SvcGui", "Test.MDAS.SvcGui\Test.MDAS.SvcGui.csproj", "{6AB45E16-446D-47C5-89DB-CB6C603EE4C5}"
EndProject
Project("{FAE04EC0-301F-11D3-BF4B-00C04F79EFBC}") = "UnitTest.MDAS.Client", "UnitTest.MDAS.Client\UnitTest.MDAS.Client.csproj", "{7D7F9B56-F0E5-424C-A97A-91D3A4B2136D}"
EndProject
Project("{FAE04EC0-301F-11D3-BF4B-00C04F79EFBC}") = "Test.MDAS.Server.Cli", "TestMds\Test.MDAS.Server.Cli.csproj", "{CF4FCFED-3A3F-4594-872A-0CE4D2097864}"
EndProject
Project("{FAE04EC0-301F-11D3-BF4B-00C04F79EFBC}") = "Test.MDAS.Client.Cli", "Test.MDAS.Client.Cli\Test.MDAS.Client.Cli.csproj", "{FE1850B2-4AE0-4F70-BD63-08F7239006DB}"
EndProject
Project("{2150E333-8FDC-42A3-9474-1A3956D46DE8}") = "Other Projects", "Other Projects", "{5C5D2760-A5B2-4DE2-ACE8-6E7DBCD99F7A}"
EndProject
Project("{FAE04EC0-301F-11D3-BF4B-00C04F79EFBC}") = "nab.QDS.Util", "..\Utilities\Util\nab.QDS.Util.csproj", "{C094FB37-4C14-425E-8977-69079F4F7AA0}"
EndProject
Project("{FAE04EC0-301F-11D3-BF4B-00C04F79EFBC}") = "FpML.V47", "..\Metadata\FpML.V47\Lib\FpML.V47.csproj", "{31A1B93E-97B1-4D51-A3A3-28D50845F207}"
EndProject
Project("{FAE04EC0-301F-11D3-BF4B-00C04F79EFBC}") = "FpML.Codes", "..\Metadata\FpML.Codes\FpML.Codes.csproj", "{D39DA979-FC4A-4468-9E72-C8C6908F8B4F}"
EndProject
Project("{FAE04EC0-301F-11D3-BF4B-00C04F79EFBC}") = "Constants", "..\Metadata\Constants\Constants\Constants.csproj", "{2AC94E22-B441-4198-8162-BF1552E67D33}"
EndProject
Project("{FAE04EC0-301F-11D3-BF4B-00C04F79EFBC}") = "nab.QDS.Core.Common", "..\Utilities\Core.Common\nab.QDS.Core.Common.csproj", "{D280D461-4FBE-4B9A-8012-9FE26CB2EF71}"
EndProject
Project("{FAE04EC0-301F-11D3-BF4B-00C04F79EFBC}") = "nab.QDS.Core.V34", "..\Utilities\Core.V34\nab.QDS.Core.V34.csproj", "{A96292E1-00DD-434D-A3F9-FC04CBFD75A7}"
EndProject
Global
	GlobalSection(TeamFoundationVersionControl) = preSolution
		SccNumberOfProjects = 19
		SccEnterpriseProvider = {4CA58AB2-18FA-4F8D-95D4-32DDF27D184C}
		SccTeamFoundationServer = https://cgent.tfspreview.com/defaultcollection
		SccLocalPath0 = .
		SccProjectUniqueName1 = MDAS.Common\\nab.QDS.MDAS.Common.csproj
		SccProjectName1 = MDAS.Common
		SccLocalPath1 = MDAS.Common
		SccProjectUniqueName2 = MDAS.Client\\nab.QDS.MDAS.Client.csproj
		SccProjectName2 = MDAS.Client
		SccLocalPath2 = MDAS.Client
		SccProjectUniqueName3 = MDAS.Server\\nab.QDS.MDAS.Server.csproj
		SccProjectName3 = MDAS.Server
		SccLocalPath3 = MDAS.Server
		SccProjectUniqueName4 = MDAS.WinSvc\\nab.QDS.MDAS.WinSvc.csproj
		SccProjectName4 = MDAS.WinSvc
		SccLocalPath4 = MDAS.WinSvc
		SccProjectUniqueName5 = MDAS.Provider.Base\\nab.QDS.MDAS.Provider.Base.csproj
		SccProjectName5 = MDAS.Provider.Base
		SccLocalPath5 = MDAS.Provider.Base
		SccProjectUniqueName6 = MDAS.Provider.Bloomberg\\nab.QDS.MDAS.Provider.Bloomberg.csproj
		SccProjectName6 = MDAS.Provider.Bloomberg
		SccLocalPath6 = MDAS.Provider.Bloomberg
		SccProjectUniqueName7 = MDAS.Provider.NabCapital\\nab.QDS.MDAS.Provider.NabCapital.csproj
		SccProjectName7 = MDAS.Provider.NabCapital
		SccLocalPath7 = MDAS.Provider.NabCapital
		SccProjectUniqueName8 = MDAS.Provider.Simulator\\nab.QDS.MDAS.Provider.Simulator.csproj
		SccProjectName8 = MDAS.Provider.Simulator
		SccLocalPath8 = MDAS.Provider.Simulator
		SccProjectUniqueName9 = Test.MDAS.SvcGui\\Test.MDAS.SvcGui.csproj
		SccProjectName9 = Test.MDAS.SvcGui
		SccLocalPath9 = Test.MDAS.SvcGui
		SccProjectUniqueName10 = UnitTest.MDAS.Client\\UnitTest.MDAS.Client.csproj
		SccProjectName10 = UnitTest.MDAS.Client
		SccLocalPath10 = UnitTest.MDAS.Client
		SccProjectUniqueName11 = TestMds\\Test.MDAS.Server.Cli.csproj
		SccProjectName11 = TestMds
		SccLocalPath11 = TestMds
		SccProjectUniqueName12 = Test.MDAS.Client.Cli\\Test.MDAS.Client.Cli.csproj
		SccProjectName12 = Test.MDAS.Client.Cli
		SccLocalPath12 = Test.MDAS.Client.Cli
		SccProjectUniqueName13 = ..\\Utilities\\Util\\nab.QDS.Util.csproj
		SccProjectTopLevelParentUniqueName13 = MDAS.sln
		SccProjectName13 = ../Utilities/Util
		SccLocalPath13 = ..\\Utilities\\Util
		SccProjectUniqueName14 = ..\\Metadata\\FpML.V47\\Lib\\FpML.V47.csproj
		SccProjectTopLevelParentUniqueName14 = MDAS.sln
		SccProjectName14 = ../Metadata/FpML.V47/Lib
		SccLocalPath14 = ..\\Metadata\\FpML.V47\\Lib
		SccProjectUniqueName15 = ..\\Metadata\\FpML.Codes\\FpML.Codes.csproj
		SccProjectTopLevelParentUniqueName15 = MDAS.sln
		SccProjectName15 = ../Metadata/FpML.Codes
		SccLocalPath15 = ..\\Metadata\\FpML.Codes
		SccProjectUniqueName16 = ..\\Metadata\\Constants\\Constants\\Constants.csproj
		SccProjectTopLevelParentUniqueName16 = MDAS.sln
		SccProjectName16 = ../Metadata/Constants/Constants
		SccLocalPath16 = ..\\Metadata\\Constants\\Constants
		SccProjectUniqueName17 = ..\\Utilities\\Core.Common\\nab.QDS.Core.Common.csproj
		SccProjectTopLevelParentUniqueName17 = MDAS.sln
		SccProjectName17 = ../Utilities/Core.Common
		SccLocalPath17 = ..\\Utilities\\Core.Common
		SccProjectUniqueName18 = ..\\Utilities\\Core.V34\\nab.QDS.Core.V34.csproj
		SccProjectTopLevelParentUniqueName18 = MDAS.sln
		SccProjectName18 = ../Utilities/Core.V34
		SccLocalPath18 = ..\\Utilities\\Core.V34
	EndGlobalSection
	GlobalSection(SolutionConfigurationPlatforms) = preSolution
		Debug|Any CPU = Debug|Any CPU
		Debug|Mixed Platforms = Debug|Mixed Platforms
		Debug|x86 = Debug|x86
		Release|Any CPU = Release|Any CPU
		Release|Mixed Platforms = Release|Mixed Platforms
		Release|x86 = Release|x86
	EndGlobalSection
	GlobalSection(ProjectConfigurationPlatforms) = postSolution
		{D570D720-8232-4BB2-B301-C84AC0993978}.Debug|Any CPU.ActiveCfg = Debug|Any CPU
		{D570D720-8232-4BB2-B301-C84AC0993978}.Debug|Any CPU.Build.0 = Debug|Any CPU
		{D570D720-8232-4BB2-B301-C84AC0993978}.Debug|Mixed Platforms.ActiveCfg = Debug|Any CPU
		{D570D720-8232-4BB2-B301-C84AC0993978}.Debug|Mixed Platforms.Build.0 = Debug|Any CPU
		{D570D720-8232-4BB2-B301-C84AC0993978}.Debug|x86.ActiveCfg = Debug|Any CPU
		{D570D720-8232-4BB2-B301-C84AC0993978}.Release|Any CPU.ActiveCfg = Release|Any CPU
		{D570D720-8232-4BB2-B301-C84AC0993978}.Release|Any CPU.Build.0 = Release|Any CPU
		{D570D720-8232-4BB2-B301-C84AC0993978}.Release|Mixed Platforms.ActiveCfg = Release|Any CPU
		{D570D720-8232-4BB2-B301-C84AC0993978}.Release|Mixed Platforms.Build.0 = Release|Any CPU
		{D570D720-8232-4BB2-B301-C84AC0993978}.Release|x86.ActiveCfg = Release|Any CPU
		{90FBBE79-0646-4522-9080-178ABFF4574F}.Debug|Any CPU.ActiveCfg = Debug|Any CPU
		{90FBBE79-0646-4522-9080-178ABFF4574F}.Debug|Any CPU.Build.0 = Debug|Any CPU
		{90FBBE79-0646-4522-9080-178ABFF4574F}.Debug|Mixed Platforms.ActiveCfg = Debug|Any CPU
		{90FBBE79-0646-4522-9080-178ABFF4574F}.Debug|Mixed Platforms.Build.0 = Debug|Any CPU
		{90FBBE79-0646-4522-9080-178ABFF4574F}.Debug|x86.ActiveCfg = Debug|Any CPU
		{90FBBE79-0646-4522-9080-178ABFF4574F}.Release|Any CPU.ActiveCfg = Release|Any CPU
		{90FBBE79-0646-4522-9080-178ABFF4574F}.Release|Any CPU.Build.0 = Release|Any CPU
		{90FBBE79-0646-4522-9080-178ABFF4574F}.Release|Mixed Platforms.ActiveCfg = Release|Any CPU
		{90FBBE79-0646-4522-9080-178ABFF4574F}.Release|Mixed Platforms.Build.0 = Release|Any CPU
		{90FBBE79-0646-4522-9080-178ABFF4574F}.Release|x86.ActiveCfg = Release|Any CPU
		{F18A2DAE-2D4A-4BD8-8259-68B2E33CD7DB}.Debug|Any CPU.ActiveCfg = Debug|Any CPU
		{F18A2DAE-2D4A-4BD8-8259-68B2E33CD7DB}.Debug|Any CPU.Build.0 = Debug|Any CPU
		{F18A2DAE-2D4A-4BD8-8259-68B2E33CD7DB}.Debug|Mixed Platforms.ActiveCfg = Debug|Any CPU
		{F18A2DAE-2D4A-4BD8-8259-68B2E33CD7DB}.Debug|Mixed Platforms.Build.0 = Debug|Any CPU
		{F18A2DAE-2D4A-4BD8-8259-68B2E33CD7DB}.Debug|x86.ActiveCfg = Debug|Any CPU
		{F18A2DAE-2D4A-4BD8-8259-68B2E33CD7DB}.Release|Any CPU.ActiveCfg = Release|Any CPU
		{F18A2DAE-2D4A-4BD8-8259-68B2E33CD7DB}.Release|Any CPU.Build.0 = Release|Any CPU
		{F18A2DAE-2D4A-4BD8-8259-68B2E33CD7DB}.Release|Mixed Platforms.ActiveCfg = Release|Any CPU
		{F18A2DAE-2D4A-4BD8-8259-68B2E33CD7DB}.Release|Mixed Platforms.Build.0 = Release|Any CPU
		{F18A2DAE-2D4A-4BD8-8259-68B2E33CD7DB}.Release|x86.ActiveCfg = Release|Any CPU
		{55CF8F66-9151-4F03-A777-779B59EABB85}.Debug|Any CPU.ActiveCfg = Debug|Any CPU
		{55CF8F66-9151-4F03-A777-779B59EABB85}.Debug|Any CPU.Build.0 = Debug|Any CPU
		{55CF8F66-9151-4F03-A777-779B59EABB85}.Debug|Mixed Platforms.ActiveCfg = Debug|Any CPU
		{55CF8F66-9151-4F03-A777-779B59EABB85}.Debug|Mixed Platforms.Build.0 = Debug|Any CPU
		{55CF8F66-9151-4F03-A777-779B59EABB85}.Debug|x86.ActiveCfg = Debug|Any CPU
		{55CF8F66-9151-4F03-A777-779B59EABB85}.Release|Any CPU.ActiveCfg = Release|Any CPU
		{55CF8F66-9151-4F03-A777-779B59EABB85}.Release|Any CPU.Build.0 = Release|Any CPU
		{55CF8F66-9151-4F03-A777-779B59EABB85}.Release|Mixed Platforms.ActiveCfg = Release|Any CPU
		{55CF8F66-9151-4F03-A777-779B59EABB85}.Release|Mixed Platforms.Build.0 = Release|Any CPU
		{55CF8F66-9151-4F03-A777-779B59EABB85}.Release|x86.ActiveCfg = Release|Any CPU
		{99E42D7B-7C3B-4B80-A7C3-AE4CBDB44988}.Debug|Any CPU.ActiveCfg = Debug|Any CPU
		{99E42D7B-7C3B-4B80-A7C3-AE4CBDB44988}.Debug|Any CPU.Build.0 = Debug|Any CPU
		{99E42D7B-7C3B-4B80-A7C3-AE4CBDB44988}.Debug|Mixed Platforms.ActiveCfg = Debug|Any CPU
		{99E42D7B-7C3B-4B80-A7C3-AE4CBDB44988}.Debug|Mixed Platforms.Build.0 = Debug|Any CPU
		{99E42D7B-7C3B-4B80-A7C3-AE4CBDB44988}.Debug|x86.ActiveCfg = Debug|Any CPU
		{99E42D7B-7C3B-4B80-A7C3-AE4CBDB44988}.Release|Any CPU.ActiveCfg = Release|Any CPU
		{99E42D7B-7C3B-4B80-A7C3-AE4CBDB44988}.Release|Any CPU.Build.0 = Release|Any CPU
		{99E42D7B-7C3B-4B80-A7C3-AE4CBDB44988}.Release|Mixed Platforms.ActiveCfg = Release|Any CPU
		{99E42D7B-7C3B-4B80-A7C3-AE4CBDB44988}.Release|Mixed Platforms.Build.0 = Release|Any CPU
		{99E42D7B-7C3B-4B80-A7C3-AE4CBDB44988}.Release|x86.ActiveCfg = Release|Any CPU
		{95430EDB-5138-40C9-98F8-5CBD04CFA17F}.Debug|Any CPU.ActiveCfg = Debug|Any CPU
		{95430EDB-5138-40C9-98F8-5CBD04CFA17F}.Debug|Any CPU.Build.0 = Debug|Any CPU
		{95430EDB-5138-40C9-98F8-5CBD04CFA17F}.Debug|Mixed Platforms.ActiveCfg = Debug|Any CPU
		{95430EDB-5138-40C9-98F8-5CBD04CFA17F}.Debug|Mixed Platforms.Build.0 = Debug|Any CPU
		{95430EDB-5138-40C9-98F8-5CBD04CFA17F}.Debug|x86.ActiveCfg = Debug|Any CPU
		{95430EDB-5138-40C9-98F8-5CBD04CFA17F}.Release|Any CPU.ActiveCfg = Release|Any CPU
		{95430EDB-5138-40C9-98F8-5CBD04CFA17F}.Release|Any CPU.Build.0 = Release|Any CPU
		{95430EDB-5138-40C9-98F8-5CBD04CFA17F}.Release|Mixed Platforms.ActiveCfg = Release|Any CPU
		{95430EDB-5138-40C9-98F8-5CBD04CFA17F}.Release|Mixed Platforms.Build.0 = Release|Any CPU
		{95430EDB-5138-40C9-98F8-5CBD04CFA17F}.Release|x86.ActiveCfg = Release|Any CPU
		{5C8070D4-064A-46D4-99B9-CE7C59178265}.Debug|Any CPU.ActiveCfg = Debug|Any CPU
		{5C8070D4-064A-46D4-99B9-CE7C59178265}.Debug|Any CPU.Build.0 = Debug|Any CPU
		{5C8070D4-064A-46D4-99B9-CE7C59178265}.Debug|Mixed Platforms.ActiveCfg = Debug|Any CPU
		{5C8070D4-064A-46D4-99B9-CE7C59178265}.Debug|Mixed Platforms.Build.0 = Debug|Any CPU
		{5C8070D4-064A-46D4-99B9-CE7C59178265}.Debug|x86.ActiveCfg = Debug|Any CPU
		{5C8070D4-064A-46D4-99B9-CE7C59178265}.Release|Any CPU.ActiveCfg = Release|Any CPU
		{5C8070D4-064A-46D4-99B9-CE7C59178265}.Release|Any CPU.Build.0 = Release|Any CPU
		{5C8070D4-064A-46D4-99B9-CE7C59178265}.Release|Mixed Platforms.ActiveCfg = Release|Any CPU
		{5C8070D4-064A-46D4-99B9-CE7C59178265}.Release|Mixed Platforms.Build.0 = Release|Any CPU
		{5C8070D4-064A-46D4-99B9-CE7C59178265}.Release|x86.ActiveCfg = Release|Any CPU
		{9D00F288-5F5F-4414-8B52-01DEB68BE392}.Debug|Any CPU.ActiveCfg = Debug|Any CPU
		{9D00F288-5F5F-4414-8B52-01DEB68BE392}.Debug|Any CPU.Build.0 = Debug|Any CPU
		{9D00F288-5F5F-4414-8B52-01DEB68BE392}.Debug|Mixed Platforms.ActiveCfg = Debug|Any CPU
		{9D00F288-5F5F-4414-8B52-01DEB68BE392}.Debug|Mixed Platforms.Build.0 = Debug|Any CPU
		{9D00F288-5F5F-4414-8B52-01DEB68BE392}.Debug|x86.ActiveCfg = Debug|Any CPU
		{9D00F288-5F5F-4414-8B52-01DEB68BE392}.Release|Any CPU.ActiveCfg = Release|Any CPU
		{9D00F288-5F5F-4414-8B52-01DEB68BE392}.Release|Any CPU.Build.0 = Release|Any CPU
		{9D00F288-5F5F-4414-8B52-01DEB68BE392}.Release|Mixed Platforms.ActiveCfg = Release|Any CPU
		{9D00F288-5F5F-4414-8B52-01DEB68BE392}.Release|Mixed Platforms.Build.0 = Release|Any CPU
		{9D00F288-5F5F-4414-8B52-01DEB68BE392}.Release|x86.ActiveCfg = Release|Any CPU
		{6AB45E16-446D-47C5-89DB-CB6C603EE4C5}.Debug|Any CPU.ActiveCfg = Debug|Any CPU
		{6AB45E16-446D-47C5-89DB-CB6C603EE4C5}.Debug|Any CPU.Build.0 = Debug|Any CPU
		{6AB45E16-446D-47C5-89DB-CB6C603EE4C5}.Debug|Mixed Platforms.ActiveCfg = Debug|Any CPU
		{6AB45E16-446D-47C5-89DB-CB6C603EE4C5}.Debug|Mixed Platforms.Build.0 = Debug|Any CPU
		{6AB45E16-446D-47C5-89DB-CB6C603EE4C5}.Debug|x86.ActiveCfg = Debug|Any CPU
		{6AB45E16-446D-47C5-89DB-CB6C603EE4C5}.Release|Any CPU.ActiveCfg = Release|Any CPU
		{6AB45E16-446D-47C5-89DB-CB6C603EE4C5}.Release|Any CPU.Build.0 = Release|Any CPU
		{6AB45E16-446D-47C5-89DB-CB6C603EE4C5}.Release|Mixed Platforms.ActiveCfg = Release|Any CPU
		{6AB45E16-446D-47C5-89DB-CB6C603EE4C5}.Release|Mixed Platforms.Build.0 = Release|Any CPU
		{6AB45E16-446D-47C5-89DB-CB6C603EE4C5}.Release|x86.ActiveCfg = Release|Any CPU
		{7D7F9B56-F0E5-424C-A97A-91D3A4B2136D}.Debug|Any CPU.ActiveCfg = Debug|Any CPU
		{7D7F9B56-F0E5-424C-A97A-91D3A4B2136D}.Debug|Any CPU.Build.0 = Debug|Any CPU
		{7D7F9B56-F0E5-424C-A97A-91D3A4B2136D}.Debug|Mixed Platforms.ActiveCfg = Debug|Any CPU
		{7D7F9B56-F0E5-424C-A97A-91D3A4B2136D}.Debug|Mixed Platforms.Build.0 = Debug|Any CPU
		{7D7F9B56-F0E5-424C-A97A-91D3A4B2136D}.Debug|x86.ActiveCfg = Debug|Any CPU
		{7D7F9B56-F0E5-424C-A97A-91D3A4B2136D}.Release|Any CPU.ActiveCfg = Release|Any CPU
		{7D7F9B56-F0E5-424C-A97A-91D3A4B2136D}.Release|Any CPU.Build.0 = Release|Any CPU
		{7D7F9B56-F0E5-424C-A97A-91D3A4B2136D}.Release|Mixed Platforms.ActiveCfg = Release|Any CPU
		{7D7F9B56-F0E5-424C-A97A-91D3A4B2136D}.Release|Mixed Platforms.Build.0 = Release|Any CPU
		{7D7F9B56-F0E5-424C-A97A-91D3A4B2136D}.Release|x86.ActiveCfg = Release|Any CPU
		{CF4FCFED-3A3F-4594-872A-0CE4D2097864}.Debug|Any CPU.ActiveCfg = Debug|x86
		{CF4FCFED-3A3F-4594-872A-0CE4D2097864}.Debug|Any CPU.Build.0 = Debug|x86
		{CF4FCFED-3A3F-4594-872A-0CE4D2097864}.Debug|Mixed Platforms.ActiveCfg = Debug|x86
		{CF4FCFED-3A3F-4594-872A-0CE4D2097864}.Debug|Mixed Platforms.Build.0 = Debug|x86
		{CF4FCFED-3A3F-4594-872A-0CE4D2097864}.Debug|x86.ActiveCfg = Debug|x86
		{CF4FCFED-3A3F-4594-872A-0CE4D2097864}.Debug|x86.Build.0 = Debug|x86
		{CF4FCFED-3A3F-4594-872A-0CE4D2097864}.Release|Any CPU.ActiveCfg = Release|x86
		{CF4FCFED-3A3F-4594-872A-0CE4D2097864}.Release|Any CPU.Build.0 = Release|x86
		{CF4FCFED-3A3F-4594-872A-0CE4D2097864}.Release|Mixed Platforms.ActiveCfg = Release|x86
		{CF4FCFED-3A3F-4594-872A-0CE4D2097864}.Release|Mixed Platforms.Build.0 = Release|x86
		{CF4FCFED-3A3F-4594-872A-0CE4D2097864}.Release|x86.ActiveCfg = Release|x86
		{CF4FCFED-3A3F-4594-872A-0CE4D2097864}.Release|x86.Build.0 = Release|x86
		{FE1850B2-4AE0-4F70-BD63-08F7239006DB}.Debug|Any CPU.ActiveCfg = Debug|Any CPU
		{FE1850B2-4AE0-4F70-BD63-08F7239006DB}.Debug|Any CPU.Build.0 = Debug|Any CPU
		{FE1850B2-4AE0-4F70-BD63-08F7239006DB}.Debug|Mixed Platforms.ActiveCfg = Debug|Any CPU
		{FE1850B2-4AE0-4F70-BD63-08F7239006DB}.Debug|Mixed Platforms.Build.0 = Debug|Any CPU
		{FE1850B2-4AE0-4F70-BD63-08F7239006DB}.Debug|x86.ActiveCfg = Debug|Any CPU
		{FE1850B2-4AE0-4F70-BD63-08F7239006DB}.Release|Any CPU.ActiveCfg = Release|Any CPU
		{FE1850B2-4AE0-4F70-BD63-08F7239006DB}.Release|Any CPU.Build.0 = Release|Any CPU
		{FE1850B2-4AE0-4F70-BD63-08F7239006DB}.Release|Mixed Platforms.ActiveCfg = Release|Any CPU
		{FE1850B2-4AE0-4F70-BD63-08F7239006DB}.Release|Mixed Platforms.Build.0 = Release|Any CPU
		{FE1850B2-4AE0-4F70-BD63-08F7239006DB}.Release|x86.ActiveCfg = Release|Any CPU
		{C094FB37-4C14-425E-8977-69079F4F7AA0}.Debug|Any CPU.ActiveCfg = Debug|Any CPU
		{C094FB37-4C14-425E-8977-69079F4F7AA0}.Debug|Any CPU.Build.0 = Debug|Any CPU
		{C094FB37-4C14-425E-8977-69079F4F7AA0}.Debug|Mixed Platforms.ActiveCfg = Debug|Any CPU
		{C094FB37-4C14-425E-8977-69079F4F7AA0}.Debug|Mixed Platforms.Build.0 = Debug|Any CPU
		{C094FB37-4C14-425E-8977-69079F4F7AA0}.Debug|x86.ActiveCfg = Debug|Any CPU
		{C094FB37-4C14-425E-8977-69079F4F7AA0}.Release|Any CPU.ActiveCfg = Release|Any CPU
		{C094FB37-4C14-425E-8977-69079F4F7AA0}.Release|Any CPU.Build.0 = Release|Any CPU
		{C094FB37-4C14-425E-8977-69079F4F7AA0}.Release|Mixed Platforms.ActiveCfg = Release|Any CPU
		{C094FB37-4C14-425E-8977-69079F4F7AA0}.Release|Mixed Platforms.Build.0 = Release|Any CPU
		{C094FB37-4C14-425E-8977-69079F4F7AA0}.Release|x86.ActiveCfg = Release|Any CPU
		{31A1B93E-97B1-4D51-A3A3-28D50845F207}.Debug|Any CPU.ActiveCfg = Debug|Any CPU
		{31A1B93E-97B1-4D51-A3A3-28D50845F207}.Debug|Any CPU.Build.0 = Debug|Any CPU
		{31A1B93E-97B1-4D51-A3A3-28D50845F207}.Debug|Mixed Platforms.ActiveCfg = Debug|Any CPU
		{31A1B93E-97B1-4D51-A3A3-28D50845F207}.Debug|Mixed Platforms.Build.0 = Debug|Any CPU
		{31A1B93E-97B1-4D51-A3A3-28D50845F207}.Debug|x86.ActiveCfg = Debug|Any CPU
		{31A1B93E-97B1-4D51-A3A3-28D50845F207}.Release|Any CPU.ActiveCfg = Release|Any CPU
		{31A1B93E-97B1-4D51-A3A3-28D50845F207}.Release|Any CPU.Build.0 = Release|Any CPU
		{31A1B93E-97B1-4D51-A3A3-28D50845F207}.Release|Mixed Platforms.ActiveCfg = Release|Any CPU
		{31A1B93E-97B1-4D51-A3A3-28D50845F207}.Release|Mixed Platforms.Build.0 = Release|Any CPU
		{31A1B93E-97B1-4D51-A3A3-28D50845F207}.Release|x86.ActiveCfg = Release|Any CPU
		{D39DA979-FC4A-4468-9E72-C8C6908F8B4F}.Debug|Any CPU.ActiveCfg = Debug|Any CPU
		{D39DA979-FC4A-4468-9E72-C8C6908F8B4F}.Debug|Any CPU.Build.0 = Debug|Any CPU
		{D39DA979-FC4A-4468-9E72-C8C6908F8B4F}.Debug|Mixed Platforms.ActiveCfg = Debug|Any CPU
		{D39DA979-FC4A-4468-9E72-C8C6908F8B4F}.Debug|Mixed Platforms.Build.0 = Debug|Any CPU
		{D39DA979-FC4A-4468-9E72-C8C6908F8B4F}.Debug|x86.ActiveCfg = Debug|Any CPU
		{D39DA979-FC4A-4468-9E72-C8C6908F8B4F}.Release|Any CPU.ActiveCfg = Release|Any CPU
		{D39DA979-FC4A-4468-9E72-C8C6908F8B4F}.Release|Any CPU.Build.0 = Release|Any CPU
		{D39DA979-FC4A-4468-9E72-C8C6908F8B4F}.Release|Mixed Platforms.ActiveCfg = Release|Any CPU
		{D39DA979-FC4A-4468-9E72-C8C6908F8B4F}.Release|Mixed Platforms.Build.0 = Release|Any CPU
		{D39DA979-FC4A-4468-9E72-C8C6908F8B4F}.Release|x86.ActiveCfg = Release|Any CPU
		{2AC94E22-B441-4198-8162-BF1552E67D33}.Debug|Any CPU.ActiveCfg = Debug|Any CPU
		{2AC94E22-B441-4198-8162-BF1552E67D33}.Debug|Any CPU.Build.0 = Debug|Any CPU
		{2AC94E22-B441-4198-8162-BF1552E67D33}.Debug|Mixed Platforms.ActiveCfg = Debug|Any CPU
		{2AC94E22-B441-4198-8162-BF1552E67D33}.Debug|Mixed Platforms.Build.0 = Debug|Any CPU
		{2AC94E22-B441-4198-8162-BF1552E67D33}.Debug|x86.ActiveCfg = Debug|Any CPU
		{2AC94E22-B441-4198-8162-BF1552E67D33}.Release|Any CPU.ActiveCfg = Release|Any CPU
		{2AC94E22-B441-4198-8162-BF1552E67D33}.Release|Any CPU.Build.0 = Release|Any CPU
		{2AC94E22-B441-4198-8162-BF1552E67D33}.Release|Mixed Platforms.ActiveCfg = Release|Any CPU
		{2AC94E22-B441-4198-8162-BF1552E67D33}.Release|Mixed Platforms.Build.0 = Release|Any CPU
		{2AC94E22-B441-4198-8162-BF1552E67D33}.Release|x86.ActiveCfg = Release|Any CPU
		{D280D461-4FBE-4B9A-8012-9FE26CB2EF71}.Debug|Any CPU.ActiveCfg = Debug|Any CPU
		{D280D461-4FBE-4B9A-8012-9FE26CB2EF71}.Debug|Any CPU.Build.0 = Debug|Any CPU
		{D280D461-4FBE-4B9A-8012-9FE26CB2EF71}.Debug|Mixed Platforms.ActiveCfg = Debug|Any CPU
		{D280D461-4FBE-4B9A-8012-9FE26CB2EF71}.Debug|Mixed Platforms.Build.0 = Debug|Any CPU
		{D280D461-4FBE-4B9A-8012-9FE26CB2EF71}.Debug|x86.ActiveCfg = Debug|Any CPU
		{D280D461-4FBE-4B9A-8012-9FE26CB2EF71}.Release|Any CPU.ActiveCfg = Release|Any CPU
		{D280D461-4FBE-4B9A-8012-9FE26CB2EF71}.Release|Any CPU.Build.0 = Release|Any CPU
		{D280D461-4FBE-4B9A-8012-9FE26CB2EF71}.Release|Mixed Platforms.ActiveCfg = Release|Any CPU
		{D280D461-4FBE-4B9A-8012-9FE26CB2EF71}.Release|Mixed Platforms.Build.0 = Release|Any CPU
		{D280D461-4FBE-4B9A-8012-9FE26CB2EF71}.Release|x86.ActiveCfg = Release|Any CPU
		{A96292E1-00DD-434D-A3F9-FC04CBFD75A7}.Debug|Any CPU.ActiveCfg = Debug|Any CPU
		{A96292E1-00DD-434D-A3F9-FC04CBFD75A7}.Debug|Any CPU.Build.0 = Debug|Any CPU
		{A96292E1-00DD-434D-A3F9-FC04CBFD75A7}.Debug|Mixed Platforms.ActiveCfg = Debug|Any CPU
		{A96292E1-00DD-434D-A3F9-FC04CBFD75A7}.Debug|Mixed Platforms.Build.0 = Debug|Any CPU
		{A96292E1-00DD-434D-A3F9-FC04CBFD75A7}.Debug|x86.ActiveCfg = Debug|Any CPU
		{A96292E1-00DD-434D-A3F9-FC04CBFD75A7}.Release|Any CPU.ActiveCfg = Release|Any CPU
		{A96292E1-00DD-434D-A3F9-FC04CBFD75A7}.Release|Any CPU.Build.0 = Release|Any CPU
		{A96292E1-00DD-434D-A3F9-FC04CBFD75A7}.Release|Mixed Platforms.ActiveCfg = Release|Any CPU
		{A96292E1-00DD-434D-A3F9-FC04CBFD75A7}.Release|Mixed Platforms.Build.0 = Release|Any CPU
		{A96292E1-00DD-434D-A3F9-FC04CBFD75A7}.Release|x86.ActiveCfg = Release|Any CPU
	EndGlobalSection
	GlobalSection(SolutionProperties) = preSolution
		HideSolutionNode = FALSE
	EndGlobalSection
	GlobalSection(NestedProjects) = preSolution
		{C094FB37-4C14-425E-8977-69079F4F7AA0} = {5C5D2760-A5B2-4DE2-ACE8-6E7DBCD99F7A}
		{31A1B93E-97B1-4D51-A3A3-28D50845F207} = {5C5D2760-A5B2-4DE2-ACE8-6E7DBCD99F7A}
		{D39DA979-FC4A-4468-9E72-C8C6908F8B4F} = {5C5D2760-A5B2-4DE2-ACE8-6E7DBCD99F7A}
		{2AC94E22-B441-4198-8162-BF1552E67D33} = {5C5D2760-A5B2-4DE2-ACE8-6E7DBCD99F7A}
		{D280D461-4FBE-4B9A-8012-9FE26CB2EF71} = {5C5D2760-A5B2-4DE2-ACE8-6E7DBCD99F7A}
		{A96292E1-00DD-434D-A3F9-FC04CBFD75A7} = {5C5D2760-A5B2-4DE2-ACE8-6E7DBCD99F7A}
	EndGlobalSection
EndGlobal
